{"SurveyEntry":{"SurveyID":"SV_8oIeQ36BoS5tOsJ","SurveyName":"Timecourse_SurveyFile_CreativeChallenges","SurveyDescription":null,"SurveyOwnerID":"UR_4YlVUf3eHEcfz01","SurveyBrandID":"cornell","DivisionID":null,"SurveyLanguage":"EN","SurveyActiveResponseSet":"RS_798uS69HdW5HWqV","SurveyStatus":"Inactive","SurveyStartDate":"0000-00-00 00:00:00","SurveyExpirationDate":"0000-00-00 00:00:00","SurveyCreationDate":"2020-04-03 08:46:26","CreatorID":"UR_4YlVUf3eHEcfz01","LastModified":"2020-04-03 08:56:03","LastAccessed":"0000-00-00 00:00:00","LastActivated":"0000-00-00 00:00:00","Deleted":null},"SurveyElements":[{"SurveyID":"SV_8oIeQ36BoS5tOsJ","Element":"BL","PrimaryAttribute":"Survey Blocks","SecondaryAttribute":null,"TertiaryAttribute":null,"Payload":{"1":{"Type":"Trash","Description":"Trash \/ Unused Questions","ID":"BL_9tzLz0JnIVagLzK","BlockElements":[]},"9":{"Type":"Standard","Description":"task intro","ID":"BL_bDVt9LFdglSbZOt","BlockElements":[{"Type":"Question","QuestionID":"QID228"},{"Type":"Question","QuestionID":"QID227"}],"Options":{"BlockLocking":"false","RandomizeQuestions":"false","BlockVisibility":"Collapsed"}},"14":{"Type":"Standard","SubType":"","Description":"creativity predictions","ID":"BL_0V9Nu9hIRYKeY0B","BlockElements":[{"Type":"Question","QuestionID":"QID313"}],"Options":{"BlockLocking":"false","RandomizeQuestions":"false","BlockVisibility":"Collapsed"}},"16":{"Type":"Standard","SubType":"","Description":"creativity scores","ID":"BL_9NoQXwK0JrXmUPH","BlockElements":[{"Type":"Question","QuestionID":"QID253"}],"Options":{"BlockLocking":"false","RandomizeQuestions":"false","BlockVisibility":"Collapsed"}},"18":{"Type":"Standard","SubType":"","Description":"creative challenges","ID":"BL_ewXp0Y8LJl9r5op","BlockElements":[{"Type":"Question","QuestionID":"QID286"},{"Type":"Question","QuestionID":"QID287"},{"Type":"Question","QuestionID":"QID291"}],"Options":{"BlockLocking":"false","RandomizeQuestions":"false","BlockVisibility":"Collapsed"}},"21":{"Type":"Standard","SubType":"","Description":"task one idea per minute","ID":"BL_bCbHhQlHEmusCix","BlockElements":[{"Type":"Question","QuestionID":"QID294"},{"Type":"Page Break"},{"Type":"Question","QuestionID":"QID295"},{"Type":"Question","QuestionID":"QID296"},{"Type":"Question","QuestionID":"QID305"},{"Type":"Page Break"},{"Type":"Question","QuestionID":"QID297"},{"Type":"Question","QuestionID":"QID298"},{"Type":"Question","QuestionID":"QID307"},{"Type":"Page Break"},{"Type":"Question","QuestionID":"QID299"},{"Type":"Question","QuestionID":"QID300"},{"Type":"Question","QuestionID":"QID308"},{"Type":"Page Break"},{"Type":"Question","QuestionID":"QID301"},{"Type":"Question","QuestionID":"QID302"},{"Type":"Question","QuestionID":"QID309"},{"Type":"Page Break"},{"Type":"Question","QuestionID":"QID303"},{"Type":"Question","QuestionID":"QID304"},{"Type":"Question","QuestionID":"QID310"},{"Type":"Page Break"},{"Type":"Question","QuestionID":"QID318"},{"Type":"Question","QuestionID":"QID319"},{"Type":"Question","QuestionID":"QID320"},{"Type":"Page Break"},{"Type":"Question","QuestionID":"QID321"},{"Type":"Question","QuestionID":"QID322"},{"Type":"Question","QuestionID":"QID323"},{"Type":"Page Break"},{"Type":"Question","QuestionID":"QID324"},{"Type":"Question","QuestionID":"QID325"},{"Type":"Question","QuestionID":"QID326"},{"Type":"Page Break"},{"Type":"Question","QuestionID":"QID327"},{"Type":"Question","QuestionID":"QID328"},{"Type":"Question","QuestionID":"QID329"},{"Type":"Page Break"},{"Type":"Question","QuestionID":"QID330"},{"Type":"Question","QuestionID":"QID331"},{"Type":"Question","QuestionID":"QID332"},{"Type":"Page Break"}],"Options":{"BlockLocking":false,"RandomizeQuestions":"false","BlockVisibility":"Collapsed"}}}},{"SurveyID":"SV_8oIeQ36BoS5tOsJ","Element":"FL","PrimaryAttribute":"Survey Flow","SecondaryAttribute":null,"TertiaryAttribute":null,"Payload":{"Type":"Root","FlowID":"FL_1","Flow":[{"Type":"Standard","ID":"BL_ewXp0Y8LJl9r5op","FlowID":"FL_78"},{"Type":"Standard","ID":"BL_bDVt9LFdglSbZOt","FlowID":"FL_45"},{"Type":"Standard","ID":"BL_bCbHhQlHEmusCix","FlowID":"FL_92"},{"Type":"Standard","ID":"BL_0V9Nu9hIRYKeY0B","FlowID":"FL_65"},{"Type":"Block","ID":"BL_9NoQXwK0JrXmUPH","FlowID":"FL_97"}],"Properties":{"Count":97,"RemovedFieldsets":[]}}},{"SurveyID":"SV_8oIeQ36BoS5tOsJ","Element":"SO","PrimaryAttribute":"Survey Options","SecondaryAttribute":null,"TertiaryAttribute":null,"Payload":{"BackButton":"false","SaveAndContinue":"true","SurveyProtection":"PublicSurvey","BallotBoxStuffingPrevention":"false","OneCompletePerIP":"false","SurveyExpiration":null,"SurveyTermination":"DefaultMessage","Header":"","Footer":"","ProgressBarDisplay":"None","PartialData":"+4 hour","ValidationMessage":null,"PreviousButton":"  <<  ","NextButton":"  >>  ","SkinLibrary":"cornell","SkinType":"MQ","Skin":"skin1_update","EOSMessage":"MS_4Ous4BEuhOomy57","ShowExportTags":"false","SurveyTitle":"Survey | Qualtrics Survey Software","SurveyMetaDescription":"Survey Software, Enterprise Survey software for enterprise feedback management and CRM solutions.  Enables high-quality data collection, panel management and results analysis. Perfect for market research or CRM solution (Customer Relationship Management) integration.  Free trial and consultation.","PasswordProtection":"No","AnonymizeResponse":"No","Password":"","RefererCheck":"No","NoIndex":"No","RefererURL":"http:\/\/","EOSMessageLibrary":"UR_4YlVUf3eHEcfz01","EOSRedirectURL":"https:\/\/","EmailThankYou":"false","ThankYouEmailMessageLibrary":null,"ThankYouEmailMessage":null,"ValidateMessage":"false","ValidationMessageLibrary":null,"InactiveSurvey":"DefaultMessage","InactiveMessageLibrary":"","InactiveMessage":"","AvailableLanguages":{"EN":[]},"ExternalCSS":null,"CustomStyles":{"errorStyles":{"selector":".Skin .ValidationError","styles":{"color":null,"backgroundColor":null,"borderColor":null}},"errorStylesBG":{"selector":".Skin .HeaderValidationError, .Skin .HeaderValidationError li a","styles":{"color":null,"backgroundColor":null}},"pageStyles":{"selector":"#SurveyEngineBody","styles":{"backgroundColor":null}},"textStyles":{"selector":".SkinInner","styles":{"fontFamily":null,"fontSize":null,"fontWeight":null,"fontStyle":null,"textDecoration":null,"color":null}},"questionStyles":{"selector":".Skin .QuestionText","styles":{"fontFamily":null,"fontSize":null,"fontWeight":null,"fontStyle":null,"textDecoration":null,"color":null}},"choiceStyles":{"selector":".Skin .horizontalbar th.ylabel, .Skin .Matrix table td, .Skin .Matrix table th, .Skin .Matrix table thead th, .Skin .Matrix table thead td, .Skin .PGR .DragAndDrop .Items label, .Skin .QuestionBody ul.ChoiceStructure, .Skin .PGR .DragAndDrop .Group ul, .Skin .PGR .DragAndDrop .Group h2, .Skin .PGR .DragAndDrop .Items ul, .Skin .PGR .DragAndDrop .Items h2, .Skin .DD .QuestionBody table.ChoiceStructure, .Skin .PGR .DragAndDrop .NoColumns td.groupsContainerTd div ul, .Skin .PGR .DragAndDrop .NoColumns td.groupsContainerTd div h2, .Skin .SBS thead th, .Skin .SBS td, .Skin .SBS .Answers td, .Skin .SBS .Answers th, .SBS table.ChoiceStructure, .Skin .horizontalbar thead table.LabelDescriptions tr td, .Skin .horizontalbar thead tr td.NotApplicable, .QuestionBody th, .Skin .QuestionBody .MC .MAVR label, .Skin .QuestionBody .MC .SAVR label, .Skin .SBS thead th, .Skin .SBS td, .Skin .RO .DND ul li, .Skin .reg, .SkinInner .ChoiceStructure, .Skin thead, .Skin .GAP .ChoiceStructure thead th, .Skin .GAP .ChoiceStructure .c4, .Skin .GAP .ChoiceStructure th, .Skin .GAP .ChoiceStructure .WhyText, .SkinInner .ChoiceStructure .LightBG, .Skin .QuestionOuter.Highlight .Inner .reg, .Skin .QuestionOuter.Highlight .Inner .alt, .Skin .QuestionOuter.Highlight .Inner .ReadableAlt       ","styles":{"fontFamily":null,"fontSize":null,"fontWeight":null,"fontStyle":null,"textDecoration":null,"color":null}},"headerStyles":{"selector":".Skin div#Header","styles":{"color":null}},"footerStyles":{"selector":".Skin #Footer","styles":{"color":null}},"questionSeparatorStyles":{"selector":".Skin .Separator","styles":{"backgroundColor":null,"display":null}},"highlightStyles":{"selector":".Skin .QuestionOuter.Highlight .Inner, .Skin .QuestionOuter.Highlight .Inner .reg, .Skin .QuestionOuter.Highlight .Inner .alt, .Skin .QuestionOuter.Highlight .Inner .ReadableAlt","styles":{"backgroundColor":null}},"highlightStylesAlt":{"selector":".Skin .QuestionOuter.Highlight .Inner .ReadableAlt, .Skin .QuestionOuter.Highlight .Inner .LightBG","styles":{"backgroundColor":null}},"textEntryStyles":{"selector":".Skin select, .Skin .InputText","styles":{"color":null}},"borderStyles":{"selector":".Skin .CS .horizontalbar table.sliderGrid tr.xlabel th, .Skin .CS .horizontalbar .ylabel, .Skin .CS .horizontalbar table.sliderGrid tr td.value, .Skin .Slider .horizontalbar table.sliderGrid tr.xlabel th, .Skin .BorderColor, .Skin .DarkBorderColor, .Skin .Slider .horizontalbar table.sliderGrid tr td.value, .Skin thead, .Skin .GAP .ChoiceStructure thead th  ","styles":{"borderColor":null}},"altRowStyles":{"selector":".Skin .ReadableAlt, .Skin .LightBG","styles":{"backgroundColor":null}},"customCSS":null},"libraryId":"","nextButtonMid":"","previousButtonMid":"","headerMid":"","footerMid":"","QuestionsPerPage":"","HighlightQuestions":"off","SkinQuestionWidth":700,"SurveyCreationDate":"2012-10-25 08:31:22","NewScoring":1,"CollectGeoLocation":"false","ProtectSelectionIds":true,"SecureResponseFiles":"false","PartialDataCloseAfter":"LastActivity","ActiveResponseSet":null,"PageTransition":"Fade","SurveyName":"Timecourse15 Cornell day1","UseCustomSurveyLinkCompletedMessage":null,"SurveyLinkCompletedMessage":"","SurveyLinkCompletedMessageLibrary":"","ResponseSummary":"No"}},{"SurveyID":"SV_8oIeQ36BoS5tOsJ","Element":"SCO","PrimaryAttribute":"Scoring","SecondaryAttribute":null,"TertiaryAttribute":null,"Payload":{"ScoringCategories":[],"ScoringCategoryGroups":[],"ScoringSummaryCategory":null,"ScoringSummaryAfterQuestions":false,"ScoringSummaryAfterSurvey":false,"NextCategoryId":1,"NextGroupId":1,"DefaultScoringCategory":null,"ID":"Scoring"}},{"SurveyID":"SV_8oIeQ36BoS5tOsJ","Element":"PROJ","PrimaryAttribute":"CORE","SecondaryAttribute":null,"TertiaryAttribute":"1.1.0","Payload":{"ProjectCategory":"CORE","SchemaVersion":"1.1.0"}},{"SurveyID":"SV_8oIeQ36BoS5tOsJ","Element":"STAT","PrimaryAttribute":"Survey Statistics","SecondaryAttribute":null,"TertiaryAttribute":null,"Payload":{"MobileCompatible":true,"ID":"Survey Statistics"}},{"SurveyID":"SV_8oIeQ36BoS5tOsJ","Element":"SQ","PrimaryAttribute":"QID297","SecondaryAttribute":"1 minute has passed.\u00a0Please report one solution to your creative challenge in this textbox.Your c..","TertiaryAttribute":null,"Payload":{"QuestionText":"<span style=\"font-size:16px;\"><span style=\"color: rgb(0, 0, 0); font-family: arial, helvetica, sans-serif; \">1 minute has passed.&nbsp;<\/span><\/span><span style=\"font-size:16px\"><strong>Please report one solution<\/strong> to your creative challenge in this textbox.<\/span><br \/>\n<br \/>\n<span style=\"font-size:13px\"><font color=\"#000000\"><font face=\"arial, helvetica, sans-serif\">Your creative challenge:&nbsp;<\/font><\/font><em>${q:\/\/QID287\/ChoiceTextEntryValue}&nbsp;<\/em><\/span><br \/>\n<br \/>\n<span style=\"font-size:16px;\"><span style=\"color: rgb(0, 0, 0); font-family: arial, helvetica, sans-serif; \">Your responses so far:<\/span><\/span><br \/>\n<span style=\"color: rgb(0, 0, 0); font-family: arial, helvetica, sans-serif; font-size: 12px; \">${q:\/\/QID295\/ChoiceTextEntryValue}<\/span>","DefaultChoices":false,"QuestionType":"TE","Selector":"ESTB","Configuration":{"QuestionDescriptionOption":"UseText","InputWidth":650,"InputHeight":110},"QuestionDescription":"1 minute has passed.\u00a0Please report one solution to your creative challenge in this textbox.Your c...","Validation":{"Settings":{"ForceResponse":"OFF","ForceResponseType":"ON","Type":"None"}},"GradingData":[],"Language":[],"DataVisibility":{"Private":false,"Hidden":false},"NextChoiceId":1,"NextAnswerId":1,"SearchSource":{"AllowFreeResponse":"false"},"QuestionText_Unsafe":"<span style=\"font-size:16px;\"><span style=\"color: rgb(0, 0, 0); font-family: arial, helvetica, sans-serif; \">1 minute has passed. Please continue generating solutions<\/span><\/span><span style=\"font-size: 16px; color: rgb(0, 0, 0); font-family: arial, helvetica, sans-serif; \">&nbsp;to <\/span><span style=\"font-size:16px;\"><span style=\"color: rgb(0, 0, 0); font-family: arial, helvetica, sans-serif; \">y<\/span>our creative challenge:<\/span><br>\n<span style=\"font-size:13px;\"><em>${q:\/\/QID287\/ChoiceTextEntryValue}&nbsp;<\/em><\/span><br>\n<br>\n<span style=\"font-size:16px;\"><u><em><strong>Important<\/strong><\/em><\/u>: Press \"return\" after each solution so that each solution appears on a separate line.&nbsp;The page will refresh each minute and it will automatically advance after the full 5 minutes.&nbsp;<\/span><br>\n<br>\n<span style=\"font-size:16px;\"><span style=\"color: rgb(0, 0, 0); font-family: arial, helvetica, sans-serif; \">Your responses so far:<\/span><\/span><br>\n<span style=\"color: rgb(0, 0, 0); font-family: arial, helvetica, sans-serif; font-size: 12px; \">${q:\/\/QID295\/ChoiceTextEntryValue}<\/span>","DataExportTag":"Q297","QuestionID":"QID297"}},{"SurveyID":"SV_8oIeQ36BoS5tOsJ","Element":"SQ","PrimaryAttribute":"QID299","SecondaryAttribute":"2 minutes have passed. Please report one solution to your creative challenge in this textbox.Your...","TertiaryAttribute":null,"Payload":{"QuestionText":"<span style=\"font-size:16px;\"><span style=\"color: rgb(0, 0, 0); font-family: arial, helvetica, sans-serif; \">2 minutes have passed. <\/span><strong>Please report one solution<\/strong> to your creative challenge in this textbox.<\/span><br \/>\n<br \/>\n<span style=\"font-size:13px\"><font color=\"#000000\"><font face=\"arial, helvetica, sans-serif\">Your creative challenge:&nbsp;<\/font><\/font><em>${q:\/\/QID287\/ChoiceTextEntryValue}&nbsp;<\/em><\/span><br \/>\n<br \/>\n<span style=\"font-size:16px;\"><span style=\"color: rgb(0, 0, 0); font-family: arial, helvetica, sans-serif; \">Your responses so far:<\/span><\/span><br \/>\n<span style=\"color: rgb(0, 0, 0); font-family: arial, helvetica, sans-serif; font-size: 12px; \">${q:\/\/QID295\/ChoiceTextEntryValue}<\/span><br \/>\n<span style=\"color: rgb(0, 0, 0); font-family: arial, helvetica, sans-serif; font-size: 12px; \">${q:\/\/QID297\/ChoiceTextEntryValue}<\/span>","DefaultChoices":false,"QuestionType":"TE","Selector":"ESTB","Configuration":{"QuestionDescriptionOption":"UseText","InputWidth":650,"InputHeight":110},"QuestionDescription":"2 minutes have passed. Please report one solution to your creative challenge in this textbox.Your...","Validation":{"Settings":{"ForceResponse":"OFF","ForceResponseType":"ON","Type":"None"}},"GradingData":[],"Language":[],"DataVisibility":{"Private":false,"Hidden":false},"NextChoiceId":1,"NextAnswerId":1,"SearchSource":{"AllowFreeResponse":"false"},"QuestionText_Unsafe":"<span style=\"font-size:16px;\"><span style=\"color: rgb(0, 0, 0); font-family: arial, helvetica, sans-serif; \">2 minutes have passed. Please continue generating solutions<\/span><\/span><span style=\"font-size: 16px; color: rgb(0, 0, 0); font-family: arial, helvetica, sans-serif; \">&nbsp;to <\/span><span style=\"font-size:16px;\"><span style=\"color: rgb(0, 0, 0); font-family: arial, helvetica, sans-serif; \">y<\/span>our creative challenge:<\/span><br>\n<span style=\"font-size:13px;\"><em>${q:\/\/QID287\/ChoiceTextEntryValue}&nbsp;<\/em><\/span><br>\n<br>\n<span style=\"font-size:16px;\"><u><em><strong>Important<\/strong><\/em><\/u>: Press \"return\" after each solution so that each solution appears on a separate line.&nbsp;The page will refresh each minute and it will automatically advance after the full 5 minutes.&nbsp;<br>\n<br>\n<span style=\"color: rgb(0, 0, 0); font-family: arial, helvetica, sans-serif; \">Your responses so far:<\/span><\/span><br>\n<span style=\"color: rgb(0, 0, 0); font-family: arial, helvetica, sans-serif; font-size: 12px; \">${q:\/\/QID295\/ChoiceTextEntryValue}<\/span><br>\n<span style=\"color: rgb(0, 0, 0); font-family: arial, helvetica, sans-serif; font-size: 12px; \">${q:\/\/QID297\/ChoiceTextEntryValue}<\/span>","DataExportTag":"Q299","QuestionID":"QID299"}},{"SurveyID":"SV_8oIeQ36BoS5tOsJ","Element":"SQ","PrimaryAttribute":"QID301","SecondaryAttribute":"3 minutes have passed. Please report one solution to your creative challenge in this textbox.Your...","TertiaryAttribute":null,"Payload":{"QuestionText":"<span style=\"font-size:16px;\"><span style=\"color: rgb(0, 0, 0); font-family: arial, helvetica, sans-serif; \">3 minutes have passed. <\/span><strong>Please report one solution<\/strong> to your creative challenge in this textbox.<\/span><br \/>\n<br \/>\n<span style=\"font-size:13px\"><font color=\"#000000\"><font face=\"arial, helvetica, sans-serif\">Your creative challenge:&nbsp;<\/font><\/font><em>${q:\/\/QID287\/ChoiceTextEntryValue}&nbsp;<\/em><\/span><br \/>\n<br \/>\n<span style=\"font-size:16px;\"><span style=\"color: rgb(0, 0, 0); font-family: arial, helvetica, sans-serif; \">Your responses so far:<\/span><\/span><br \/>\n<span style=\"color: rgb(0, 0, 0); font-family: arial, helvetica, sans-serif; font-size: 12px; \">${q:\/\/QID295\/ChoiceTextEntryValue}<\/span><br \/>\n<span style=\"color: rgb(0, 0, 0); font-family: arial, helvetica, sans-serif; font-size: 12px; \">${q:\/\/QID297\/ChoiceTextEntryValue}<\/span><br \/>\n<span style=\"color: rgb(0, 0, 0); font-family: arial, helvetica, sans-serif; font-size: 12px; \">${q:\/\/QID299\/ChoiceTextEntryValue}<\/span>","DefaultChoices":false,"QuestionType":"TE","Selector":"ESTB","Configuration":{"QuestionDescriptionOption":"UseText","InputWidth":650,"InputHeight":110},"QuestionDescription":"3 minutes have passed. Please report one solution to your creative challenge in this textbox.Your...","Validation":{"Settings":{"ForceResponse":"OFF","ForceResponseType":"ON","Type":"None"}},"GradingData":[],"Language":[],"DataVisibility":{"Private":false,"Hidden":false},"NextChoiceId":1,"NextAnswerId":1,"SearchSource":{"AllowFreeResponse":"false"},"QuestionText_Unsafe":"<span style=\"font-size:16px;\"><span style=\"color: rgb(0, 0, 0); font-family: arial, helvetica, sans-serif; \">3 minutes have passed. Please continue generating solutions<\/span><\/span><span style=\"font-size: 16px; color: rgb(0, 0, 0); font-family: arial, helvetica, sans-serif; \">&nbsp;to <\/span><span style=\"font-size:16px;\"><span style=\"color: rgb(0, 0, 0); font-family: arial, helvetica, sans-serif; \">y<\/span>our creative challenge:<\/span><br \/>\n<span style=\"font-size:13px;\"><em>${q:\/\/QID287\/ChoiceTextEntryValue}&nbsp;<\/em><\/span><br \/>\n<br \/>\n<span style=\"font-size:16px;\"><u><em><strong>Important<\/strong><\/em><\/u>: Press &quot;return&quot; after each solution so that each solution appears on a separate line.&nbsp;The page will refresh each minute and it will automatically advance after the full 5 minutes.&nbsp;<br \/>\n<br \/>\n<span style=\"color: rgb(0, 0, 0); font-family: arial, helvetica, sans-serif; \">Your responses so far:<\/span><\/span><br \/>\n<span style=\"color: rgb(0, 0, 0); font-family: arial, helvetica, sans-serif; font-size: 12px; \">${q:\/\/QID295\/ChoiceTextEntryValue}<\/span><br \/>\n<span style=\"color: rgb(0, 0, 0); font-family: arial, helvetica, sans-serif; font-size: 12px; \">${q:\/\/QID297\/ChoiceTextEntryValue}<\/span><br \/>\n<span style=\"color: rgb(0, 0, 0); font-family: arial, helvetica, sans-serif; font-size: 12px; \">${q:\/\/QID299\/ChoiceTextEntryValue}<\/span>","DataExportTag":"Q301","QuestionID":"QID301"}},{"SurveyID":"SV_8oIeQ36BoS5tOsJ","Element":"QC","PrimaryAttribute":"Survey Question Count","SecondaryAttribute":"332","TertiaryAttribute":null,"Payload":null},{"SurveyID":"SV_8oIeQ36BoS5tOsJ","Element":"SQ","PrimaryAttribute":"QID303","SecondaryAttribute":"4 minutes have passed. Please report one solution to your creative challenge in this textbox.Your...","TertiaryAttribute":null,"Payload":{"QuestionText":"<span style=\"font-size:16px;\"><span style=\"color: rgb(0, 0, 0); font-family: arial, helvetica, sans-serif; \">4 minutes have passed. <\/span><strong>Please report one solution<\/strong> to your creative challenge in this textbox.<\/span><br>\n<br>\n<span style=\"font-size:13px\"><font color=\"#000000\"><font face=\"arial, helvetica, sans-serif\">Your creative challenge:&nbsp;<\/font><\/font><em>${q:\/\/QID287\/ChoiceTextEntryValue}&nbsp;<\/em><\/span><br>\n<br>\n<span style=\"font-size:16px;\"><span style=\"color: rgb(0, 0, 0); font-family: arial, helvetica, sans-serif; \">Your responses so far:<\/span><\/span><br>\n<span style=\"color: rgb(0, 0, 0); font-family: arial, helvetica, sans-serif; font-size: 12px; \">${q:\/\/QID295\/ChoiceTextEntryValue}<\/span><br>\n<span style=\"color: rgb(0, 0, 0); font-family: arial, helvetica, sans-serif; font-size: 12px; \">${q:\/\/QID297\/ChoiceTextEntryValue}<\/span><br>\n<span style=\"color: rgb(0, 0, 0); font-family: arial, helvetica, sans-serif; font-size: 12px; \">${q:\/\/QID299\/ChoiceTextEntryValue}<br>\n${q:\/\/QID301\/ChoiceTextEntryValue}<\/span>","DefaultChoices":false,"QuestionType":"TE","Selector":"ESTB","Configuration":{"QuestionDescriptionOption":"UseText","InputWidth":650,"InputHeight":110},"QuestionDescription":"4 minutes have passed. Please report one solution to your creative challenge in this textbox.Your...","Validation":{"Settings":{"ForceResponse":"OFF","ForceResponseType":"ON","Type":"None"}},"GradingData":[],"Language":[],"DataVisibility":{"Private":false,"Hidden":false},"NextChoiceId":1,"NextAnswerId":1,"SearchSource":{"AllowFreeResponse":"false"},"QuestionText_Unsafe":"<span style=\"font-size:16px;\"><span style=\"color: rgb(0, 0, 0); font-family: arial, helvetica, sans-serif; \">4 minutes have passed. Please continue generating solutions<\/span><\/span><span style=\"font-size: 16px; color: rgb(0, 0, 0); font-family: arial, helvetica, sans-serif; \">&nbsp;to <\/span><span style=\"font-size:16px;\"><span style=\"color: rgb(0, 0, 0); font-family: arial, helvetica, sans-serif; \">y<\/span>our creative challenge:<\/span><br \/>\n<span style=\"font-size:13px;\"><em>${q:\/\/QID287\/ChoiceTextEntryValue}&nbsp;<\/em><\/span><br \/>\n<br \/>\n<span style=\"font-size:16px;\"><u><em><strong>Important<\/strong><\/em><\/u>: Press &quot;return&quot; after each solution so that each solution appears on a separate line.&nbsp;The page will refresh each minute and it will automatically advance after the full 5 minutes.&nbsp;<br \/>\n<br \/>\n<span style=\"color: rgb(0, 0, 0); font-family: arial, helvetica, sans-serif; \">Your responses so far:<\/span><\/span><br \/>\n<span style=\"color: rgb(0, 0, 0); font-family: arial, helvetica, sans-serif; font-size: 12px; \">${q:\/\/QID295\/ChoiceTextEntryValue}<\/span><br \/>\n<span style=\"color: rgb(0, 0, 0); font-family: arial, helvetica, sans-serif; font-size: 12px; \">${q:\/\/QID297\/ChoiceTextEntryValue}<\/span><br \/>\n<span style=\"color: rgb(0, 0, 0); font-family: arial, helvetica, sans-serif; font-size: 12px; \">${q:\/\/QID299\/ChoiceTextEntryValue}<br \/>\n${q:\/\/QID301\/ChoiceTextEntryValue}<\/span>","DataExportTag":"Q303","QuestionID":"QID303"}},{"SurveyID":"SV_8oIeQ36BoS5tOsJ","Element":"SQ","PrimaryAttribute":"QID318","SecondaryAttribute":"5 minutes have passed. Please report one solution to your creative challenge in this textbox.Your...","TertiaryAttribute":null,"Payload":{"QuestionText":"<span style=\"font-size:16px;\"><span style=\"color: rgb(0, 0, 0); font-family: arial, helvetica, sans-serif; \">5 minutes have passed. <\/span><strong>Please report one solution<\/strong> to your creative challenge in this textbox.<\/span><br \/>\n<br \/>\n<span style=\"font-size:13px\"><font color=\"#000000\"><font face=\"arial, helvetica, sans-serif\">Your creative challenge:&nbsp;<\/font><\/font><em>${q:\/\/QID287\/ChoiceTextEntryValue}&nbsp;<\/em><\/span><br \/>\n<br \/>\n<span style=\"font-size:16px;\"><span style=\"color: rgb(0, 0, 0); font-family: arial, helvetica, sans-serif; \">Your responses so far:<\/span><\/span><br \/>\n<span style=\"color: rgb(0, 0, 0); font-family: arial, helvetica, sans-serif; font-size: 12px; \">${q:\/\/QID295\/ChoiceTextEntryValue}<\/span><br \/>\n<span style=\"color: rgb(0, 0, 0); font-family: arial, helvetica, sans-serif; font-size: 12px; \">${q:\/\/QID297\/ChoiceTextEntryValue}<\/span><br \/>\n<span style=\"color: rgb(0, 0, 0); font-family: arial, helvetica, sans-serif; font-size: 12px; \">${q:\/\/QID299\/ChoiceTextEntryValue}<br \/>\n${q:\/\/QID301\/ChoiceTextEntryValue}&nbsp;<\/span><br \/>\n<span style=\"color: rgb(0, 0, 0); font-family: arial, helvetica, sans-serif; font-size: 12px; \">${q:\/\/QID303\/ChoiceTextEntryValue}&nbsp;<\/span>","DefaultChoices":false,"DataExportTag":"Q145","QuestionType":"TE","Selector":"ESTB","DataVisibility":{"Private":false,"Hidden":false},"Configuration":{"QuestionDescriptionOption":"UseText","InputWidth":650,"InputHeight":110},"QuestionDescription":"5 minutes have passed. Please report one solution to your creative challenge in this textbox.Your...","Validation":{"Settings":{"ForceResponse":"OFF","ForceResponseType":"ON","Type":"None"}},"GradingData":[],"Language":[],"NextChoiceId":1,"NextAnswerId":1,"SearchSource":{"AllowFreeResponse":"false"},"QuestionID":"QID318"}},{"SurveyID":"SV_8oIeQ36BoS5tOsJ","Element":"SQ","PrimaryAttribute":"QID321","SecondaryAttribute":"6 minutes have passed. Please report one solution to your creative challenge in this textbox.Your...","TertiaryAttribute":null,"Payload":{"QuestionText":"<span style=\"font-size:16px;\"><span style=\"color: rgb(0, 0, 0); font-family: arial, helvetica, sans-serif; \">6 minutes have passed. <\/span><strong>Please report one solution<\/strong> to your creative challenge in this textbox.<\/span><br \/>\n<br \/>\n<span style=\"font-size:13px\"><font color=\"#000000\"><font face=\"arial, helvetica, sans-serif\">Your creative challenge:&nbsp;<\/font><\/font><em>${q:\/\/QID287\/ChoiceTextEntryValue}&nbsp;<\/em><\/span><br \/>\n<br \/>\n<span style=\"font-size:16px;\"><span style=\"color: rgb(0, 0, 0); font-family: arial, helvetica, sans-serif; \">Your responses so far:<\/span><\/span><br \/>\n<span style=\"color: rgb(0, 0, 0); font-family: arial, helvetica, sans-serif; font-size: 12px; \">${q:\/\/QID295\/ChoiceTextEntryValue}<\/span><br \/>\n<span style=\"color: rgb(0, 0, 0); font-family: arial, helvetica, sans-serif; font-size: 12px; \">${q:\/\/QID297\/ChoiceTextEntryValue}<\/span><br \/>\n<span style=\"color: rgb(0, 0, 0); font-family: arial, helvetica, sans-serif; font-size: 12px; \">${q:\/\/QID299\/ChoiceTextEntryValue}<br \/>\n${q:\/\/QID301\/ChoiceTextEntryValue}<br \/>\n${q:\/\/QID303\/ChoiceTextEntryValue}<br \/>\n${q:\/\/QID318\/ChoiceTextEntryValue}<\/span>","DefaultChoices":false,"DataExportTag":"Q148","QuestionType":"TE","Selector":"ESTB","DataVisibility":{"Private":false,"Hidden":false},"Configuration":{"QuestionDescriptionOption":"UseText","InputWidth":650,"InputHeight":110},"QuestionDescription":"6 minutes have passed. Please report one solution to your creative challenge in this textbox.Your...","Validation":{"Settings":{"ForceResponse":"OFF","ForceResponseType":"ON","Type":"None"}},"GradingData":[],"Language":[],"NextChoiceId":1,"NextAnswerId":1,"SearchSource":{"AllowFreeResponse":"false"},"QuestionID":"QID321"}},{"SurveyID":"SV_8oIeQ36BoS5tOsJ","Element":"SQ","PrimaryAttribute":"QID324","SecondaryAttribute":"7 minutes have passed. Please report one solution to your creative challenge in this textbox.Your...","TertiaryAttribute":null,"Payload":{"QuestionText":"<span style=\"font-size:16px;\"><span style=\"color: rgb(0, 0, 0); font-family: arial, helvetica, sans-serif; \">7 minutes have passed. <\/span><strong>Please report one solution<\/strong> to your creative challenge in this textbox.<\/span><br \/>\n<br \/>\n<span style=\"font-size:13px\"><font color=\"#000000\"><font face=\"arial, helvetica, sans-serif\">Your creative challenge:&nbsp;<\/font><\/font><em>${q:\/\/QID287\/ChoiceTextEntryValue}&nbsp;<\/em><\/span><br \/>\n<br \/>\n<span style=\"font-size:16px;\"><span style=\"color: rgb(0, 0, 0); font-family: arial, helvetica, sans-serif; \">Your responses so far:<\/span><\/span><br \/>\n<span style=\"color: rgb(0, 0, 0); font-family: arial, helvetica, sans-serif; font-size: 12px; \">${q:\/\/QID295\/ChoiceTextEntryValue}<\/span><br \/>\n<span style=\"color: rgb(0, 0, 0); font-family: arial, helvetica, sans-serif; font-size: 12px; \">${q:\/\/QID297\/ChoiceTextEntryValue}<\/span><br \/>\n<span style=\"color: rgb(0, 0, 0); font-family: arial, helvetica, sans-serif; font-size: 12px; \">${q:\/\/QID299\/ChoiceTextEntryValue}<br \/>\n${q:\/\/QID301\/ChoiceTextEntryValue}<br \/>\n${q:\/\/QID303\/ChoiceTextEntryValue}<br \/>\n${q:\/\/QID318\/ChoiceTextEntryValue}<\/span><br \/>\n<span style=\"color: rgb(0, 0, 0); font-family: arial, helvetica, sans-serif; font-size: 12px; \">${q:\/\/QID321\/ChoiceTextEntryValue}<\/span>","DefaultChoices":false,"DataExportTag":"Q151","QuestionType":"TE","Selector":"ESTB","DataVisibility":{"Private":false,"Hidden":false},"Configuration":{"QuestionDescriptionOption":"UseText","InputWidth":650,"InputHeight":110},"QuestionDescription":"7 minutes have passed. Please report one solution to your creative challenge in this textbox.Your...","Validation":{"Settings":{"ForceResponse":"OFF","ForceResponseType":"ON","Type":"None"}},"GradingData":[],"Language":[],"NextChoiceId":1,"NextAnswerId":1,"SearchSource":{"AllowFreeResponse":"false"},"QuestionID":"QID324"}},{"SurveyID":"SV_8oIeQ36BoS5tOsJ","Element":"SQ","PrimaryAttribute":"QID327","SecondaryAttribute":"8 minutes have passed. Please report one solution to your creative challenge in this textbox.Your...","TertiaryAttribute":null,"Payload":{"QuestionText":"<span style=\"font-size:16px;\"><span style=\"color: rgb(0, 0, 0); font-family: arial, helvetica, sans-serif; \">8 minutes have passed. <\/span><strong>Please report one solution<\/strong> to your creative challenge in this textbox.<\/span><br \/>\n<br \/>\n<span style=\"font-size:13px\"><font color=\"#000000\"><font face=\"arial, helvetica, sans-serif\">Your creative challenge:&nbsp;<\/font><\/font><em>${q:\/\/QID287\/ChoiceTextEntryValue}&nbsp;<\/em><\/span><br \/>\n<br \/>\n<span style=\"font-size:16px;\"><span style=\"color: rgb(0, 0, 0); font-family: arial, helvetica, sans-serif; \">Your responses so far:<\/span><\/span><br \/>\n<span style=\"color: rgb(0, 0, 0); font-family: arial, helvetica, sans-serif; font-size: 12px; \">${q:\/\/QID295\/ChoiceTextEntryValue}<\/span><br \/>\n<span style=\"color: rgb(0, 0, 0); font-family: arial, helvetica, sans-serif; font-size: 12px; \">${q:\/\/QID297\/ChoiceTextEntryValue}<\/span><br \/>\n<span style=\"color: rgb(0, 0, 0); font-family: arial, helvetica, sans-serif; font-size: 12px; \">${q:\/\/QID299\/ChoiceTextEntryValue}<br \/>\n${q:\/\/QID301\/ChoiceTextEntryValue}<br \/>\n${q:\/\/QID303\/ChoiceTextEntryValue}<br \/>\n${q:\/\/QID318\/ChoiceTextEntryValue}<\/span><br \/>\n<span style=\"color: rgb(0, 0, 0); font-family: arial, helvetica, sans-serif; font-size: 12px; \">${q:\/\/QID321\/ChoiceTextEntryValue}<br \/>\n${q:\/\/QID324\/ChoiceTextEntryValue}<\/span>","DefaultChoices":false,"DataExportTag":"Q154","QuestionType":"TE","Selector":"ESTB","DataVisibility":{"Private":false,"Hidden":false},"Configuration":{"QuestionDescriptionOption":"UseText","InputWidth":650,"InputHeight":110},"QuestionDescription":"8 minutes have passed. Please report one solution to your creative challenge in this textbox.Your...","Validation":{"Settings":{"ForceResponse":"OFF","ForceResponseType":"ON","Type":"None"}},"GradingData":[],"Language":[],"NextChoiceId":1,"NextAnswerId":1,"SearchSource":{"AllowFreeResponse":"false"},"QuestionID":"QID327"}},{"SurveyID":"SV_8oIeQ36BoS5tOsJ","Element":"SQ","PrimaryAttribute":"QID330","SecondaryAttribute":"9 minutes have passed. Please report one solution to your creative challenge in this textbox.Your...","TertiaryAttribute":null,"Payload":{"QuestionText":"<span style=\"font-size:16px;\"><span style=\"color: rgb(0, 0, 0); font-family: arial, helvetica, sans-serif; \">9 minutes have passed. <\/span><strong>Please report one solution<\/strong> to your creative challenge in this textbox.<\/span><br \/>\n<br \/>\n<span style=\"font-size:13px\"><font color=\"#000000\"><font face=\"arial, helvetica, sans-serif\">Your creative challenge:&nbsp;<\/font><\/font><em>${q:\/\/QID287\/ChoiceTextEntryValue}&nbsp;<\/em><\/span><br \/>\n<br \/>\n<span style=\"font-size:16px;\"><span style=\"color: rgb(0, 0, 0); font-family: arial, helvetica, sans-serif; \">Your responses so far:<\/span><\/span><br \/>\n<span style=\"color: rgb(0, 0, 0); font-family: arial, helvetica, sans-serif; font-size: 12px; \">${q:\/\/QID295\/ChoiceTextEntryValue}<\/span><br \/>\n<span style=\"color: rgb(0, 0, 0); font-family: arial, helvetica, sans-serif; font-size: 12px; \">${q:\/\/QID297\/ChoiceTextEntryValue}<\/span><br \/>\n<span style=\"color: rgb(0, 0, 0); font-family: arial, helvetica, sans-serif; font-size: 12px; \">${q:\/\/QID299\/ChoiceTextEntryValue}<br \/>\n${q:\/\/QID301\/ChoiceTextEntryValue}<br \/>\n${q:\/\/QID303\/ChoiceTextEntryValue}<br \/>\n${q:\/\/QID318\/ChoiceTextEntryValue}<br \/>\n${q:\/\/QID321\/ChoiceTextEntryValue}<br \/>\n${q:\/\/QID324\/ChoiceTextEntryValue}<\/span><br \/>\n<span style=\"color: rgb(0, 0, 0); font-family: arial, helvetica, sans-serif; font-size: 12px; \">${q:\/\/QID327\/ChoiceTextEntryValue}<\/span>","DefaultChoices":false,"DataExportTag":"Q157","QuestionType":"TE","Selector":"ESTB","DataVisibility":{"Private":false,"Hidden":false},"Configuration":{"QuestionDescriptionOption":"UseText","InputWidth":650,"InputHeight":110},"QuestionDescription":"9 minutes have passed. Please report one solution to your creative challenge in this textbox.Your...","Validation":{"Settings":{"ForceResponse":"OFF","ForceResponseType":"ON","Type":"None"}},"GradingData":[],"Language":[],"NextChoiceId":1,"NextAnswerId":1,"SearchSource":{"AllowFreeResponse":"false"},"QuestionID":"QID330"}},{"SurveyID":"SV_8oIeQ36BoS5tOsJ","Element":"SQ","PrimaryAttribute":"QID228","SecondaryAttribute":"\u00a0 Idea Generation Session In a moment, we will ask you to engage in an idea generation session. I..","TertiaryAttribute":null,"Payload":{"QuestionText":"<div style=\"text-align: center;\"><span style=\"font-size:19px;\">&nbsp; Idea Generation Session<\/span><\/div>\n<br>\n<br>\n<span style=\"font-size:16px;\">In a moment, we will ask you to engage in an idea generation session. In this session, you will spend 10 minutes generating ideas to begin solving the creative challenge you identified on the previous page.<br>\n<br>\nYour creative challenge:<\/span><br>\n<span style=\"font-size:13px;\"><em>${q:\/\/QID287\/ChoiceTextEntryValue}&nbsp;<\/em><\/span><br>\n<br>\n<span style=\"font-size:16px;\">During the session, we will give you \"scrap paper\" on which we encourage you to generate as many ideas as you can. There will also be an idea submission box, and we will ask that you report one idea to us every minute. So in total, you will report 10 ideas across the session.&nbsp;<\/span><br>\n&nbsp;","DataExportTag":"Q231","QuestionType":"MC","Selector":"SAVR","SubSelector":"TX","Configuration":{"QuestionDescriptionOption":"UseText"},"QuestionDescription":"\u00a0 Idea Generation Session In a moment, we will ask you to engage in an idea generation session. I...","Choices":[],"ChoiceOrder":[],"Validation":{"Settings":{"ForceResponse":"OFF","ForceResponseType":"ON","Type":"None"}},"Language":[],"QuestionID":"QID228","DataVisibility":{"Private":false,"Hidden":false},"NextChoiceId":1,"NextAnswerId":1}},{"SurveyID":"SV_8oIeQ36BoS5tOsJ","Element":"SQ","PrimaryAttribute":"QID286","SecondaryAttribute":"Creative ChallengesCreative challenges are challenges that you face in your daily life for which...","TertiaryAttribute":null,"Payload":{"QuestionText":"<span style=\"font-family:Arial,Helvetica,sans-serif;\"><span style=\"font-size:12pt\"><span style=\"font-size:19px;\"><b>Creative Challenges<\/b> <\/span><br \/>\n<br \/>\n<span style=\"font-size:16px;\"><u>Creative challenges<\/u> are challenges that you face in your daily life for which the solution or best course of action is not immediately obvious. In response to creative challenges, people usually generate many different ideas&nbsp;over periods of weeks, months, or even longer (something you can solve in less than a day is not really a &quot;challenge&quot;). Then they choose one or more ideas\/solutions to move forward with.&nbsp;The most creative ideas\/solutions are both novel (unique, innovative) and implementable (addresses the creative challenge at hand).&nbsp; &nbsp;&nbsp;<\/span><\/span><br \/>\n<br \/>\n<span style=\"font-size:16px;\">Here are just a few examples of creative challenges that someone may face:<\/span><\/span>\n<ol>\n\t<li><span style=\"font-family:Arial,Helvetica,sans-serif;\"><span style=\"font-size:16px;\">Characterizing&nbsp;the protagonist in a new short story you&#39;re writing.<\/span><\/span><\/li>\n\t<li><span style=\"font-family:Arial,Helvetica,sans-serif;\"><span style=\"font-size:16px;\">More efficiently scheduling&nbsp;your day so you can fit in all your activities.&nbsp;<\/span><\/span><\/li>\n\t<li><span style=\"font-family:Arial,Helvetica,sans-serif;\"><span style=\"font-size:16px;\">Writing a song on a musical instrument you play.<\/span><\/span><\/li>\n\t<li><span style=\"font-family:Arial,Helvetica,sans-serif;\"><span style=\"font-size:16px;\">Figuring out how to stretch your finances or how&nbsp;to make more money.<\/span><\/span><\/li>\n\t<li><font face=\"Arial, Helvetica, sans-serif\"><span style=\"font-size: 16px;\">Helping a friend or family member work through a personal issue.<\/span><\/font><\/li>\n\t<li><span style=\"font-family:Arial,Helvetica,sans-serif;\"><span style=\"font-size:16px;\">Planning your next family trip.&nbsp;<\/span><\/span><\/li>\n\t<li><span style=\"font-family:Arial,Helvetica,sans-serif;\"><span style=\"font-size:16px;\">Planning a date with someone you are romantically interested in.<\/span><\/span><\/li>\n\t<li><span style=\"font-family:Arial,Helvetica,sans-serif;\"><span style=\"font-size:16px;\">Mediating a conflict between co-workers.&nbsp;<\/span><\/span><\/li>\n\t<li><span style=\"font-family:Arial,Helvetica,sans-serif;\"><span style=\"font-size:16px;\">Figuring out how to best motivate your employees.<\/span><\/span><\/li>\n<\/ol>","DefaultChoices":false,"DataExportTag":"Q113","QuestionID":"QID286","QuestionType":"DB","Selector":"TB","DataVisibility":{"Private":false,"Hidden":false},"Configuration":{"QuestionDescriptionOption":"UseText"},"QuestionDescription":"Creative ChallengesCreative challenges are challenges that you face in your daily life for which...","ChoiceOrder":[],"Validation":{"Settings":{"Type":"None"}},"GradingData":[],"Language":[],"NextChoiceId":4,"NextAnswerId":1}},{"SurveyID":"SV_8oIeQ36BoS5tOsJ","Element":"RS","PrimaryAttribute":"RS_798uS69HdW5HWqV","SecondaryAttribute":"Default Response Set","TertiaryAttribute":null,"Payload":null},{"SurveyID":"SV_8oIeQ36BoS5tOsJ","Element":"SQ","PrimaryAttribute":"QID253","SecondaryAttribute":"How Creative Were Your Ideas?Below are the ideas you generated today. We would like you to rate t...","TertiaryAttribute":null,"Payload":{"QuestionText":"<span style=\"font-size:19px;\"><strong>How Creative Were Your Ideas? <\/strong><\/span><br \/>\n<br \/>\n<span style=\"font-size:16px;\">Below are the ideas you generated today. We would like you to rate the creativity of each idea. Remember, creative ideas are ideas that are novel and implementable for solving your creative challenge.&nbsp;&nbsp;<\/span>\n<div>&nbsp;<\/div>\n\n<div><span style=\"font-size:16px;\">Please rate the creativity of each idea from -50&nbsp;(not at all creative) to +50 (extremely creative).&nbsp;<\/span><\/div>","DefaultChoices":false,"DataExportTag":"creat_rating","QuestionID":"QID253","QuestionType":"Slider","Selector":"HSLIDER","DataVisibility":{"Private":false,"Hidden":false},"Configuration":{"QuestionDescriptionOption":"UseText","CSSliderMin":-50,"CSSliderMax":50,"GridLines":10,"SnapToGrid":false,"NumDecimals":"0","ShowValue":true,"CustomStart":true,"NotApplicable":false,"MobileFirst":true,"SliderStartPositions":{"1":0.49849849849849847682747849830775521695613861083984375,"2":0.50150150150150152317252150169224478304386138916015625,"3":0.50150150150150152317252150169224478304386138916015625,"4":0.495495495495495485993586726181092672049999237060546875,"5":0.49849849849849847682747849830775521695613861083984375,"6":0.504477611940298498183210540446452796459197998046875,"7":0.50149253731343279572030269264359958469867706298828125,"8":0.5,"9":0.498507462686567148768546076098573394119739532470703125,"10":0.5},"CenterLabels":true},"QuestionDescription":"How Creative Were Your Ideas?Below are the ideas you generated today. We would like you to rate t...","Choices":{"1":{"Display":"${q:\/\/QID295\/ChoiceTextEntryValue}","InputWidth":80},"2":{"Display":"${q:\/\/QID297\/ChoiceTextEntryValue}","InputWidth":80},"3":{"Display":"${q:\/\/QID299\/ChoiceTextEntryValue}","InputWidth":80},"4":{"Display":"${q:\/\/QID301\/ChoiceTextEntryValue}","InputWidth":80},"5":{"Display":"${q:\/\/QID303\/ChoiceTextEntryValue}","InputWidth":80},"6":{"Display":"${q:\/\/QID318\/ChoiceTextEntryValue}"},"7":{"Display":"${q:\/\/QID321\/ChoiceTextEntryValue}"},"8":{"Display":"${q:\/\/QID324\/ChoiceTextEntryValue}"},"9":{"Display":"${q:\/\/QID327\/ChoiceTextEntryValue}"},"10":{"Display":"${q:\/\/QID330\/ChoiceTextEntryValue}"}},"ChoiceOrder":["1","2","3","4","5","6","7","8","9","10"],"Validation":{"Settings":{"ForceResponse":"ON","ForceResponseType":"ON","Type":"None"}},"GradingData":[],"Language":[],"NextChoiceId":11,"NextAnswerId":4,"Labels":{"1":{"Display":"Not at all Creative"},"2":{"Display":"Moderately Creative"},"3":{"Display":"Extremely Creative"}},"Randomization":{"Advanced":null,"Type":"All","TotalRandSubset":""}}},{"SurveyID":"SV_8oIeQ36BoS5tOsJ","Element":"SQ","PrimaryAttribute":"QID313","SecondaryAttribute":"How creative will you be across the study? We want to know how creative you think your ideas will...","TertiaryAttribute":null,"Payload":{"QuestionText":"<div style=\"text-align: left;\"><span style=\"font-size:19px;\"><strong><span style=\"color: rgb(64, 64, 64); font-family: &quot;Qualtrics Grotesque&quot;, &quot;Helvetica Neue&quot;, Helvetica, Arial, sans-serif;\">How <u>creative<\/u> will you be across the study?<\/span><\/strong><\/span><\/div>\n\n<div><br>\n<span style=\"color: rgb(64, 64, 64); font-family: &quot;Qualtrics Grotesque&quot;, &quot;Helvetica Neue&quot;, Helvetica, Arial, sans-serif; font-size: medium;\">We want to know how creative you think your ideas will be throughout Days 2-5 of the study. <\/span><br>\n<br>\n<span style=\"font-size: medium;\">Below is a slider bar to represent each remaining day of the study. Move each slider bar to indicate how creative you think your idea will be during each day.&nbsp;<\/span><\/div>\n\n<div>\n<div>&nbsp;<\/div>\n\n<div><font size=\"3\">&nbsp;(-)50 = Much LESS Creative than Today's Ideas<\/font><\/div>\n\n<div><font size=\"3\">&nbsp; &nbsp; &nbsp; &nbsp;0 = About the SAME as Today's Ideas<\/font><\/div>\n\n<div><font size=\"3\">(+)50 = Much MORE Creative than Today's Ideas<\/font><\/div>\n<\/div>","DefaultChoices":false,"DataExportTag":"pcd","QuestionType":"Slider","Selector":"HSLIDER","DataVisibility":{"Private":false,"Hidden":false},"Configuration":{"QuestionDescriptionOption":"UseText","CSSliderMin":-50,"CSSliderMax":50,"GridLines":10,"SnapToGrid":false,"NumDecimals":"0","ShowValue":true,"CustomStart":true,"SliderStartPositions":{"1":0.5025773195876299670459275148459710180759429931640625,"2":0.5025773195876299670459275148459710180759429931640625,"3":0.494845360824740010396993739050230942666530609130859375,"4":0.497422680412369977442921253896201960742473602294921875,"5":0.5025773195876299670459275148459710180759429931640625},"NotApplicable":false,"CenterLabels":true,"MobileFirst":false},"QuestionDescription":"How creative will you be across the study? We want to know how creative you think your ideas will...","Choices":{"1":{"Display":"Day 2"},"2":{"Display":"Day 3"},"3":{"Display":"Day 4"},"4":{"Display":"Day 5"}},"ChoiceOrder":["1","2","3","4"],"Validation":{"Settings":{"ForceResponse":"ON","ForceResponseType":"ON","Type":"None"}},"GradingData":[],"Language":[],"NextChoiceId":6,"NextAnswerId":4,"Labels":{"1":{"Display":"Much LESS Creative than Today's Ideas"},"2":{"Display":"About the SAME as Today's Ideas"},"3":{"Display":"Much MORE Creative than Today's Ideas"}},"QuestionID":"QID313"}},{"SurveyID":"SV_8oIeQ36BoS5tOsJ","Element":"SQ","PrimaryAttribute":"QID294","SecondaryAttribute":"On the next page you will begin the task. You will spend 10 minutes generating your ideas. We wil...","TertiaryAttribute":null,"Payload":{"QuestionText":"<span style=\"font-size:16px;\">On the next page you will begin the task. You will spend 10 minutes generating your ideas. We will ask you to submit one idea each minute. The page will automatically refresh in 1-minute intervals so you know when to report your next idea.&nbsp;<\/span>\n<div>&nbsp;<\/div>\n\n<div><span style=\"font-size:16px;\">Click the arrow when you are ready to begin the task.<\/span><\/div>","DefaultChoices":false,"QuestionType":"DB","Selector":"TB","Configuration":{"QuestionDescriptionOption":"UseText"},"QuestionDescription":"On the next page you will begin the task. You will spend 10 minutes generating your ideas. We wil...","ChoiceOrder":[],"Validation":{"Settings":{"Type":"None"}},"GradingData":[],"Language":[],"DataVisibility":{"Private":false,"Hidden":false},"NextChoiceId":1,"NextAnswerId":1,"QuestionText_Unsafe":"<span style=\"font-size:16px;\">On the next page you will begin the task. You will generate ideas for 5 minutes and there will be a textbox in which you can type your answers. The page will refresh each minute and it will automatically advance after the full 5 minutes.&nbsp;<\/span>\n<div>&nbsp;<\/div>\n\n<div><span style=\"font-size:16px;\">Click the arrow when you are ready to begin the task.<\/span><br>\n<\/div>","DataExportTag":"Q294","QuestionID":"QID294"}},{"SurveyID":"SV_8oIeQ36BoS5tOsJ","Element":"SQ","PrimaryAttribute":"QID295","SecondaryAttribute":"Please report one solution to your creative challenge in this textbox.Your creative challenge:\u00a0...","TertiaryAttribute":null,"Payload":{"QuestionText":"<span style=\"font-size:16px;\"><strong>Please report one solution<\/strong> to your creative challenge in this textbox.<\/span><br \/>\n<br \/>\n<span style=\"font-size:13px;\"><font color=\"#000000\"><font face=\"arial, helvetica, sans-serif\">Your creative challenge:&nbsp;<\/font><\/font><em>${q:\/\/QID287\/ChoiceTextEntryValue}&nbsp;<\/em><\/span>","DefaultChoices":false,"QuestionType":"TE","Selector":"ESTB","Configuration":{"QuestionDescriptionOption":"UseText","InputWidth":650,"InputHeight":110},"QuestionDescription":"Please report one solution to your creative challenge in this textbox.Your creative challenge:\u00a0...","Validation":{"Settings":{"ForceResponse":"OFF","ForceResponseType":"ON","Type":"None"}},"GradingData":[],"Language":[],"DataVisibility":{"Private":false,"Hidden":false},"NextChoiceId":1,"NextAnswerId":1,"SearchSource":{"AllowFreeResponse":"false"},"QuestionText_Unsafe":"<span style=\"font-size:16px;\"><span style=\"color: rgb(0, 0, 0); font-family: arial, helvetica, sans-serif; \">Please generate solutions to y<\/span>our creative challenge:<\/span><br \/>\n<span style=\"font-size:13px;\"><em>${q:\/\/QID287\/ChoiceTextEntryValue}&nbsp;<\/em><\/span><br \/>\n<br \/>\n<span style=\"font-size:16px;\"><u><em><strong>Important<\/strong><\/em><\/u>: Press &quot;return&quot; after each solution so that each solution appears on a separate line.&nbsp;The page will refresh each minute and it will automatically advance after the full 5 minutes.&nbsp;<\/span>","DataExportTag":"Q295","QuestionID":"QID295"}},{"SurveyID":"SV_8oIeQ36BoS5tOsJ","Element":"SQ","PrimaryAttribute":"QID287","SecondaryAttribute":"Please tell us about one\u00a0creative challenge you are currently facing. Remember, this should be a...","TertiaryAttribute":null,"Payload":{"QuestionText":"<span style=\"font-size:16px;\"><span style=\"font-family:Arial,Helvetica,sans-serif;\">Please tell us about one<\/span>&nbsp;creative challenge you are currently facing. Remember, this should be a creative challenge that you will be thinking about at least for the rest of the week, if not longer.&nbsp;<\/span><br>\n<br>\n<span style=\"font-size: 16px;\">Use a few sentences to describe the challenge in detail so that we can understand the situation.&nbsp;<\/span>","DefaultChoices":false,"DataExportTag":"challenge_fr","QuestionID":"QID287","QuestionType":"TE","Selector":"ESTB","Configuration":{"QuestionDescriptionOption":"UseText","InputWidth":680,"InputHeight":184},"QuestionDescription":"Please tell us about one\u00a0creative challenge you are currently facing. Remember, this should be a...","Validation":{"Settings":{"ForceResponse":"ON","ForceResponseType":"ON","Type":"None","MinChars":"20"}},"GradingData":[],"Language":[],"NextChoiceId":4,"NextAnswerId":1,"SearchSource":{"AllowFreeResponse":"false"},"DataVisibility":{"Private":false,"Hidden":false}}},{"SurveyID":"SV_8oIeQ36BoS5tOsJ","Element":"SQ","PrimaryAttribute":"QID305","SecondaryAttribute":"Scrap Paper (Optional): Use this space to generate ideas, develop your next idea, organize your t...","TertiaryAttribute":null,"Payload":{"QuestionText":"<span style=\"font-size:16px;\"><span style=\"color: rgb(0, 0, 0); font-family: arial, helvetica, sans-serif; \"><u>Scrap Paper (Optional)<\/u>: Use this space to generate ideas, develop your next idea, organize your thoughts, etc.&nbsp;Text in this box WILL NOT be evaluated.&nbsp;<\/span><\/span>","DefaultChoices":false,"DataExportTag":"Q132","QuestionType":"TE","Selector":"ESTB","Configuration":{"QuestionDescriptionOption":"UseText","InputWidth":650,"InputHeight":110},"QuestionDescription":"Scrap Paper (Optional): Use this space to generate ideas, develop your next idea, organize your t...","Validation":{"Settings":{"ForceResponse":"OFF","ForceResponseType":"ON","Type":"None"}},"GradingData":[],"Language":[],"NextChoiceId":4,"NextAnswerId":1,"SearchSource":{"AllowFreeResponse":"false"},"QuestionID":"QID305","DataVisibility":{"Private":false,"Hidden":false}}},{"SurveyID":"SV_8oIeQ36BoS5tOsJ","Element":"SQ","PrimaryAttribute":"QID307","SecondaryAttribute":"Scrap Paper (Optional): Use this space to generate ideas, develop your next idea, organize your t...","TertiaryAttribute":null,"Payload":{"QuestionText":"<span style=\"font-size:16px;\"><span style=\"color: rgb(0, 0, 0); font-family: arial, helvetica, sans-serif; \"><u>Scrap Paper (Optional)<\/u>: Use this space to generate ideas, develop your next idea, organize your thoughts, etc.&nbsp;Text in this box WILL NOT be evaluated.&nbsp;<\/span><\/span>","DefaultChoices":{"TEXT":{"Text":"${q:\/\/QID305\/ChoiceTextEntryValue}\u200b\u200b\u200b\u200b\u200b\u200b\u200b"}},"DataExportTag":"Q134","QuestionType":"TE","Selector":"ESTB","DataVisibility":{"Private":false,"Hidden":false},"Configuration":{"QuestionDescriptionOption":"UseText","InputWidth":650,"InputHeight":110},"QuestionDescription":"Scrap Paper (Optional): Use this space to generate ideas, develop your next idea, organize your t...","Validation":{"Settings":{"ForceResponse":"OFF","ForceResponseType":"ON","Type":"None"}},"GradingData":[],"Language":[],"NextChoiceId":4,"NextAnswerId":1,"SearchSource":{"AllowFreeResponse":"false"},"QuestionID":"QID307"}},{"SurveyID":"SV_8oIeQ36BoS5tOsJ","Element":"SQ","PrimaryAttribute":"QID308","SecondaryAttribute":"Scrap Paper (Optional): Use this space to generate ideas, develop your next idea, organize your t...","TertiaryAttribute":null,"Payload":{"QuestionText":"<span style=\"font-size:16px;\"><span style=\"color: rgb(0, 0, 0); font-family: arial, helvetica, sans-serif; \"><u>Scrap Paper (Optional)<\/u>: Use this space to generate ideas, develop your next idea, organize your thoughts, etc.&nbsp;Text in this box WILL NOT be evaluated.&nbsp;<\/span><\/span>","DefaultChoices":{"TEXT":{"Text":"${q:\/\/QID307\/ChoiceTextEntryValue}"}},"DataExportTag":"Q135","QuestionType":"TE","Selector":"ESTB","DataVisibility":{"Private":false,"Hidden":false},"Configuration":{"QuestionDescriptionOption":"UseText","InputWidth":650,"InputHeight":110},"QuestionDescription":"Scrap Paper (Optional): Use this space to generate ideas, develop your next idea, organize your t...","Validation":{"Settings":{"ForceResponse":"OFF","ForceResponseType":"ON","Type":"None"}},"GradingData":[],"Language":[],"NextChoiceId":4,"NextAnswerId":1,"SearchSource":{"AllowFreeResponse":"false"},"QuestionID":"QID308"}},{"SurveyID":"SV_8oIeQ36BoS5tOsJ","Element":"SQ","PrimaryAttribute":"QID309","SecondaryAttribute":"Scrap Paper (Optional): Use this space to generate ideas, develop your next idea, organize your t...","TertiaryAttribute":null,"Payload":{"QuestionText":"<span style=\"font-size:16px;\"><span style=\"color: rgb(0, 0, 0); font-family: arial, helvetica, sans-serif; \"><u>Scrap Paper (Optional)<\/u>: Use this space to generate ideas, develop your next idea, organize your thoughts, etc.&nbsp;Text in this box WILL NOT be evaluated.&nbsp;<\/span><\/span>","DefaultChoices":{"TEXT":{"Text":"${q:\/\/QID308\/ChoiceTextEntryValue}"}},"DataExportTag":"Q136","QuestionType":"TE","Selector":"ESTB","DataVisibility":{"Private":false,"Hidden":false},"Configuration":{"QuestionDescriptionOption":"UseText","InputWidth":650,"InputHeight":110},"QuestionDescription":"Scrap Paper (Optional): Use this space to generate ideas, develop your next idea, organize your t...","Validation":{"Settings":{"ForceResponse":"OFF","ForceResponseType":"ON","Type":"None"}},"GradingData":[],"Language":[],"NextChoiceId":4,"NextAnswerId":1,"SearchSource":{"AllowFreeResponse":"false"},"QuestionID":"QID309"}},{"SurveyID":"SV_8oIeQ36BoS5tOsJ","Element":"SQ","PrimaryAttribute":"QID310","SecondaryAttribute":"Scrap Paper (Optional): Use this space to generate ideas, develop your next idea, organize your t...","TertiaryAttribute":null,"Payload":{"QuestionText":"<span style=\"font-size:16px;\"><span style=\"color: rgb(0, 0, 0); font-family: arial, helvetica, sans-serif; \"><u>Scrap Paper (Optional)<\/u>: Use this space to generate ideas, develop your next idea, organize your thoughts, etc.&nbsp;Text in this box WILL NOT be evaluated.&nbsp;<\/span><\/span>","DefaultChoices":{"TEXT":{"Text":"${q:\/\/QID309\/ChoiceTextEntryValue}"}},"DataExportTag":"Q137","QuestionType":"TE","Selector":"ESTB","DataVisibility":{"Private":false,"Hidden":false},"Configuration":{"QuestionDescriptionOption":"UseText","InputWidth":650,"InputHeight":110},"QuestionDescription":"Scrap Paper (Optional): Use this space to generate ideas, develop your next idea, organize your t...","Validation":{"Settings":{"ForceResponse":"OFF","ForceResponseType":"ON","Type":"None"}},"GradingData":[],"Language":[],"NextChoiceId":4,"NextAnswerId":1,"SearchSource":{"AllowFreeResponse":"false"},"QuestionID":"QID310"}},{"SurveyID":"SV_8oIeQ36BoS5tOsJ","Element":"SQ","PrimaryAttribute":"QID320","SecondaryAttribute":"Scrap Paper (Optional): Use this space to generate ideas, develop your next idea, organize your t...","TertiaryAttribute":null,"Payload":{"QuestionText":"<span style=\"font-size:16px;\"><span style=\"color: rgb(0, 0, 0); font-family: arial, helvetica, sans-serif; \"><u>Scrap Paper (Optional)<\/u>: Use this space to generate ideas, develop your next idea, organize your thoughts, etc.&nbsp;Text in this box WILL NOT be evaluated.&nbsp; <\/span><\/span>","DefaultChoices":{"TEXT":{"Text":"${q:\/\/QID310\/ChoiceTextEntryValue}"}},"DataExportTag":"Q147","QuestionType":"TE","Selector":"ESTB","DataVisibility":{"Private":false,"Hidden":false},"Configuration":{"QuestionDescriptionOption":"UseText","InputWidth":650,"InputHeight":110},"QuestionDescription":"Scrap Paper (Optional): Use this space to generate ideas, develop your next idea, organize your t...","Validation":{"Settings":{"ForceResponse":"OFF","ForceResponseType":"ON","Type":"None"}},"GradingData":[],"Language":[],"NextChoiceId":4,"NextAnswerId":1,"SearchSource":{"AllowFreeResponse":"false"},"QuestionID":"QID320"}},{"SurveyID":"SV_8oIeQ36BoS5tOsJ","Element":"SQ","PrimaryAttribute":"QID323","SecondaryAttribute":"Scrap Paper (Optional): Use this space to generate ideas, develop your next idea, organize your t...","TertiaryAttribute":null,"Payload":{"QuestionText":"<span style=\"font-size:16px;\"><span style=\"color: rgb(0, 0, 0); font-family: arial, helvetica, sans-serif; \"><u>Scrap Paper (Optional)<\/u>: Use this space to generate ideas, develop your next idea, organize your thoughts, etc.&nbsp;Text in this box WILL NOT be evaluated.&nbsp;<\/span><\/span>","DefaultChoices":{"TEXT":{"Text":"${q:\/\/QID320\/ChoiceTextEntryValue}"}},"DataExportTag":"Q150","QuestionType":"TE","Selector":"ESTB","DataVisibility":{"Private":false,"Hidden":false},"Configuration":{"QuestionDescriptionOption":"UseText","InputWidth":650,"InputHeight":110},"QuestionDescription":"Scrap Paper (Optional): Use this space to generate ideas, develop your next idea, organize your t...","Validation":{"Settings":{"ForceResponse":"OFF","ForceResponseType":"ON","Type":"None"}},"GradingData":[],"Language":[],"NextChoiceId":4,"NextAnswerId":1,"SearchSource":{"AllowFreeResponse":"false"},"QuestionID":"QID323"}},{"SurveyID":"SV_8oIeQ36BoS5tOsJ","Element":"SQ","PrimaryAttribute":"QID326","SecondaryAttribute":"Scrap Paper (Optional): Use this space to generate ideas, develop your next idea, organize your t...","TertiaryAttribute":null,"Payload":{"QuestionText":"<span style=\"font-size:16px;\"><span style=\"color: rgb(0, 0, 0); font-family: arial, helvetica, sans-serif; \"><u>Scrap Paper (Optional)<\/u>: Use this space to generate ideas, develop your next idea, organize your thoughts, etc.&nbsp;Text in this box WILL NOT be evaluated.&nbsp;<\/span><\/span>","DefaultChoices":{"TEXT":{"Text":"${q:\/\/QID323\/ChoiceTextEntryValue}"}},"DataExportTag":"Q153","QuestionType":"TE","Selector":"ESTB","DataVisibility":{"Private":false,"Hidden":false},"Configuration":{"QuestionDescriptionOption":"UseText","InputWidth":650,"InputHeight":110},"QuestionDescription":"Scrap Paper (Optional): Use this space to generate ideas, develop your next idea, organize your t...","Validation":{"Settings":{"ForceResponse":"OFF","ForceResponseType":"ON","Type":"None"}},"GradingData":[],"Language":[],"NextChoiceId":4,"NextAnswerId":1,"SearchSource":{"AllowFreeResponse":"false"},"QuestionID":"QID326"}},{"SurveyID":"SV_8oIeQ36BoS5tOsJ","Element":"SQ","PrimaryAttribute":"QID329","SecondaryAttribute":"Scrap Paper (Optional): Use this space to generate ideas, develop your next idea, organize your t...","TertiaryAttribute":null,"Payload":{"QuestionText":"<span style=\"font-size:16px;\"><span style=\"color: rgb(0, 0, 0); font-family: arial, helvetica, sans-serif; \"><u>Scrap Paper (Optional)<\/u>: Use this space to generate ideas, develop your next idea, organize your thoughts, etc.&nbsp;Text in this box WILL NOT be evaluated.&nbsp;<\/span><\/span>","DefaultChoices":{"TEXT":{"Text":"${q:\/\/QID326\/ChoiceTextEntryValue}"}},"DataExportTag":"Q156","QuestionType":"TE","Selector":"ESTB","DataVisibility":{"Private":false,"Hidden":false},"Configuration":{"QuestionDescriptionOption":"UseText","InputWidth":650,"InputHeight":110},"QuestionDescription":"Scrap Paper (Optional): Use this space to generate ideas, develop your next idea, organize your t...","Validation":{"Settings":{"ForceResponse":"OFF","ForceResponseType":"ON","Type":"None"}},"GradingData":[],"Language":[],"NextChoiceId":4,"NextAnswerId":1,"SearchSource":{"AllowFreeResponse":"false"},"QuestionID":"QID329"}},{"SurveyID":"SV_8oIeQ36BoS5tOsJ","Element":"SQ","PrimaryAttribute":"QID332","SecondaryAttribute":"Scrap Paper (Optional): Use this space to generate ideas, develop your next idea, organize your t...","TertiaryAttribute":null,"Payload":{"QuestionText":"<span style=\"font-size:16px;\"><span style=\"color: rgb(0, 0, 0); font-family: arial, helvetica, sans-serif; \"><u>Scrap Paper (Optional)<\/u>: Use this space to generate ideas, develop your next idea, organize your thoughts, etc.&nbsp;Text in this box WILL NOT be evaluated.&nbsp;<\/span><\/span>","DefaultChoices":{"TEXT":{"Text":"${q:\/\/QID329\/ChoiceTextEntryValue}"}},"DataExportTag":"Q159","QuestionType":"TE","Selector":"ESTB","DataVisibility":{"Private":false,"Hidden":false},"Configuration":{"QuestionDescriptionOption":"UseText","InputWidth":650,"InputHeight":110},"QuestionDescription":"Scrap Paper (Optional): Use this space to generate ideas, develop your next idea, organize your t...","Validation":{"Settings":{"ForceResponse":"OFF","ForceResponseType":"ON","Type":"None"}},"GradingData":[],"Language":[],"NextChoiceId":4,"NextAnswerId":1,"SearchSource":{"AllowFreeResponse":"false"},"QuestionID":"QID332"}},{"SurveyID":"SV_8oIeQ36BoS5tOsJ","Element":"SQ","PrimaryAttribute":"QID227","SecondaryAttribute":"Timing","TertiaryAttribute":null,"Payload":{"QuestionText":"Timing","DefaultChoices":false,"DataExportTag":"Q229","QuestionType":"Timing","Selector":"PageTimer","Configuration":{"QuestionDescriptionOption":"UseText","MinSeconds":10,"MaxSeconds":"0"},"QuestionDescription":"Timing","Choices":{"1":{"Display":"First Click"},"2":{"Display":"Last Click"},"3":{"Display":"Page Submit"},"4":{"Display":"Click Count"}},"GradingData":[],"Language":[],"QuestionID":"QID227"}},{"SurveyID":"SV_8oIeQ36BoS5tOsJ","Element":"SQ","PrimaryAttribute":"QID291","SecondaryAttribute":"Timing","TertiaryAttribute":null,"Payload":{"QuestionText":"Timing","DefaultChoices":false,"DataExportTag":"Q118","QuestionType":"Timing","Selector":"PageTimer","Configuration":{"QuestionDescriptionOption":"UseText","MinSeconds":10,"MaxSeconds":"0"},"QuestionDescription":"Timing","Choices":{"1":{"Display":"First Click"},"2":{"Display":"Last Click"},"3":{"Display":"Page Submit"},"4":{"Display":"Click Count"}},"GradingData":[],"Language":[],"NextChoiceId":52,"NextAnswerId":1,"QuestionID":"QID291","DataVisibility":{"Private":false,"Hidden":false}}},{"SurveyID":"SV_8oIeQ36BoS5tOsJ","Element":"SQ","PrimaryAttribute":"QID296","SecondaryAttribute":"Timing","TertiaryAttribute":null,"Payload":{"QuestionText":"Timing","DefaultChoices":false,"QuestionType":"Timing","Selector":"D","Configuration":{"QuestionDescriptionOption":"UseText","MinSeconds":60,"MaxSeconds":60,"CountDirection":"Decrementing","Seconds":60,"ShowTimer":true},"QuestionDescription":"Timing","Choices":{"1":{"Display":"First Click"},"2":{"Display":"Last Click"},"3":{"Display":"Page Submit"},"4":{"Display":"Click Count"}},"GradingData":[],"Language":[],"QuestionText_Unsafe":"Timing","DataExportTag":"Q296","QuestionID":"QID296","DataVisibility":{"Private":false,"Hidden":false},"NextChoiceId":65,"NextAnswerId":1}},{"SurveyID":"SV_8oIeQ36BoS5tOsJ","Element":"SQ","PrimaryAttribute":"QID298","SecondaryAttribute":"Timing","TertiaryAttribute":null,"Payload":{"QuestionText":"Timing","DefaultChoices":false,"QuestionType":"Timing","Selector":"D","Configuration":{"QuestionDescriptionOption":"UseText","MinSeconds":60,"MaxSeconds":60,"CountDirection":"Decrementing","Seconds":60,"ShowTimer":true},"QuestionDescription":"Timing","Choices":{"1":{"Display":"First Click"},"2":{"Display":"Last Click"},"3":{"Display":"Page Submit"},"4":{"Display":"Click Count"}},"GradingData":[],"Language":[],"QuestionText_Unsafe":"Timing","DataExportTag":"Q298","QuestionID":"QID298","DataVisibility":{"Private":false,"Hidden":false},"NextChoiceId":49,"NextAnswerId":1}},{"SurveyID":"SV_8oIeQ36BoS5tOsJ","Element":"SQ","PrimaryAttribute":"QID300","SecondaryAttribute":"Timing","TertiaryAttribute":null,"Payload":{"QuestionText":"Timing","DefaultChoices":false,"QuestionType":"Timing","Selector":"D","Configuration":{"QuestionDescriptionOption":"UseText","MinSeconds":60,"MaxSeconds":60,"CountDirection":"Decrementing","Seconds":60,"ShowTimer":true},"QuestionDescription":"Timing","Choices":{"1":{"Display":"First Click"},"2":{"Display":"Last Click"},"3":{"Display":"Page Submit"},"4":{"Display":"Click Count"}},"GradingData":[],"Language":[],"QuestionText_Unsafe":"Timing","DataExportTag":"Q300","QuestionID":"QID300","DataVisibility":{"Private":false,"Hidden":false},"NextChoiceId":49,"NextAnswerId":1}},{"SurveyID":"SV_8oIeQ36BoS5tOsJ","Element":"SQ","PrimaryAttribute":"QID302","SecondaryAttribute":"Timing","TertiaryAttribute":null,"Payload":{"QuestionText":"Timing","DefaultChoices":false,"QuestionType":"Timing","Selector":"D","Configuration":{"QuestionDescriptionOption":"UseText","MinSeconds":60,"MaxSeconds":60,"CountDirection":"Decrementing","Seconds":60,"ShowTimer":true},"QuestionDescription":"Timing","Choices":{"1":{"Display":"First Click"},"2":{"Display":"Last Click"},"3":{"Display":"Page Submit"},"4":{"Display":"Click Count"}},"GradingData":[],"Language":[],"QuestionText_Unsafe":"Timing","DataExportTag":"Q302","QuestionID":"QID302","DataVisibility":{"Private":false,"Hidden":false},"NextChoiceId":49,"NextAnswerId":1}},{"SurveyID":"SV_8oIeQ36BoS5tOsJ","Element":"SQ","PrimaryAttribute":"QID304","SecondaryAttribute":"Timing","TertiaryAttribute":null,"Payload":{"QuestionText":"Timing","DefaultChoices":false,"QuestionType":"Timing","Selector":"D","Configuration":{"QuestionDescriptionOption":"UseText","MinSeconds":60,"MaxSeconds":60,"CountDirection":"Decrementing","Seconds":60,"ShowTimer":true},"QuestionDescription":"Timing","Choices":{"1":{"Display":"First Click"},"2":{"Display":"Last Click"},"3":{"Display":"Page Submit"},"4":{"Display":"Click Count"}},"GradingData":[],"Language":[],"QuestionText_Unsafe":"Timing","DataExportTag":"Q304","QuestionID":"QID304","DataVisibility":{"Private":false,"Hidden":false},"NextChoiceId":49,"NextAnswerId":1}},{"SurveyID":"SV_8oIeQ36BoS5tOsJ","Element":"SQ","PrimaryAttribute":"QID319","SecondaryAttribute":"Timing","TertiaryAttribute":null,"Payload":{"QuestionText":"Timing","DefaultChoices":false,"DataExportTag":"Q146","QuestionType":"Timing","Selector":"D","DataVisibility":{"Private":false,"Hidden":false},"Configuration":{"QuestionDescriptionOption":"UseText","MinSeconds":60,"MaxSeconds":60,"ShowTimer":true,"CountDirection":"Decrementing","Seconds":60},"QuestionDescription":"Timing","Choices":{"1":{"Display":"First Click"},"2":{"Display":"Last Click"},"3":{"Display":"Page Submit"},"4":{"Display":"Click Count"}},"GradingData":[],"Language":[],"NextChoiceId":49,"NextAnswerId":1,"QuestionID":"QID319"}},{"SurveyID":"SV_8oIeQ36BoS5tOsJ","Element":"SQ","PrimaryAttribute":"QID322","SecondaryAttribute":"Timing","TertiaryAttribute":null,"Payload":{"QuestionText":"Timing","DefaultChoices":false,"DataExportTag":"Q149","QuestionType":"Timing","Selector":"D","DataVisibility":{"Private":false,"Hidden":false},"Configuration":{"QuestionDescriptionOption":"UseText","MinSeconds":60,"MaxSeconds":60,"ShowTimer":true,"CountDirection":"Decrementing","Seconds":60},"QuestionDescription":"Timing","Choices":{"1":{"Display":"First Click"},"2":{"Display":"Last Click"},"3":{"Display":"Page Submit"},"4":{"Display":"Click Count"}},"GradingData":[],"Language":[],"NextChoiceId":49,"NextAnswerId":1,"QuestionID":"QID322"}},{"SurveyID":"SV_8oIeQ36BoS5tOsJ","Element":"SQ","PrimaryAttribute":"QID325","SecondaryAttribute":"Timing","TertiaryAttribute":null,"Payload":{"QuestionText":"Timing","DefaultChoices":false,"DataExportTag":"Q152","QuestionType":"Timing","Selector":"D","DataVisibility":{"Private":false,"Hidden":false},"Configuration":{"QuestionDescriptionOption":"UseText","MinSeconds":60,"MaxSeconds":60,"ShowTimer":true,"CountDirection":"Decrementing","Seconds":60},"QuestionDescription":"Timing","Choices":{"1":{"Display":"First Click"},"2":{"Display":"Last Click"},"3":{"Display":"Page Submit"},"4":{"Display":"Click Count"}},"GradingData":[],"Language":[],"NextChoiceId":49,"NextAnswerId":1,"QuestionID":"QID325"}},{"SurveyID":"SV_8oIeQ36BoS5tOsJ","Element":"SQ","PrimaryAttribute":"QID328","SecondaryAttribute":"Timing","TertiaryAttribute":null,"Payload":{"QuestionText":"Timing","DefaultChoices":false,"DataExportTag":"Q155","QuestionType":"Timing","Selector":"D","DataVisibility":{"Private":false,"Hidden":false},"Configuration":{"QuestionDescriptionOption":"UseText","MinSeconds":60,"MaxSeconds":60,"ShowTimer":true,"CountDirection":"Decrementing","Seconds":60},"QuestionDescription":"Timing","Choices":{"1":{"Display":"First Click"},"2":{"Display":"Last Click"},"3":{"Display":"Page Submit"},"4":{"Display":"Click Count"}},"GradingData":[],"Language":[],"NextChoiceId":49,"NextAnswerId":1,"QuestionID":"QID328"}},{"SurveyID":"SV_8oIeQ36BoS5tOsJ","Element":"SQ","PrimaryAttribute":"QID331","SecondaryAttribute":"Timing","TertiaryAttribute":null,"Payload":{"QuestionText":"Timing","DefaultChoices":false,"DataExportTag":"Q158","QuestionType":"Timing","Selector":"D","DataVisibility":{"Private":false,"Hidden":false},"Configuration":{"QuestionDescriptionOption":"UseText","MinSeconds":60,"MaxSeconds":60,"ShowTimer":true,"CountDirection":"Decrementing","Seconds":60},"QuestionDescription":"Timing","Choices":{"1":{"Display":"First Click"},"2":{"Display":"Last Click"},"3":{"Display":"Page Submit"},"4":{"Display":"Click Count"}},"GradingData":[],"Language":[],"NextChoiceId":49,"NextAnswerId":1,"QuestionID":"QID331"}}]}