{"SurveyEntry":{"SurveyID":"SV_cuy9GfJufgoVvJb","SurveyName":"Timecourse_SurveyFile_CaptionCompetition","SurveyDescription":"Behavioral 3_Creators","SurveyOwnerID":"UR_4YlVUf3eHEcfz01","SurveyBrandID":"cornell","DivisionID":null,"SurveyLanguage":"EN","SurveyActiveResponseSet":"RS_3lzNWTxtlUOYZRr","SurveyStatus":"Inactive","SurveyStartDate":"0000-00-00 00:00:00","SurveyExpirationDate":"0000-00-00 00:00:00","SurveyCreationDate":"2020-04-03 08:57:54","CreatorID":"UR_4YlVUf3eHEcfz01","LastModified":"2020-04-03 09:01:59","LastAccessed":"0000-00-00 00:00:00","LastActivated":"0000-00-00 00:00:00","Deleted":null},"SurveyElements":[{"SurveyID":"SV_cuy9GfJufgoVvJb","Element":"BL","PrimaryAttribute":"Survey Blocks","SecondaryAttribute":null,"TertiaryAttribute":null,"Payload":{"1":{"Type":"Trash","Description":"Trash \/ Unused Questions","ID":"BL_5jyZwW8MU14BdXL","BlockElements":[],"Options":{"BlockLocking":"false","RandomizeQuestions":"false","BlockVisibility":"Collapsed"}},"3":{"Type":"Standard","SubType":"","Description":"instructions","ID":"BL_7ZZBAnL7bk4xNVr","BlockElements":[{"Type":"Question","QuestionID":"QID5"},{"Type":"Question","QuestionID":"QID82"},{"Type":"Page Break"}],"Options":{"BlockLocking":"false","RandomizeQuestions":"false","BlockVisibility":"Expanded"}},"5":{"Type":"Standard","SubType":"","Description":"survey questions","ID":"BL_5pRHevx4XyoUm0d","BlockElements":[{"Type":"Question","QuestionID":"QID13"},{"Type":"Question","QuestionID":"QID91"},{"Type":"Question","QuestionID":"QID92"},{"Type":"Question","QuestionID":"QID96"},{"Type":"Question","QuestionID":"QID97"},{"Type":"Question","QuestionID":"QID98"},{"Type":"Question","QuestionID":"QID99"}],"Options":{"BlockLocking":"false","RandomizeQuestions":"false","BlockVisibility":"Expanded"}},"22":{"Type":"Standard","SubType":"","Description":"caption task II","ID":"BL_6DafKV6ifnpl7V3","BlockElements":[{"Type":"Question","QuestionID":"QID89"},{"Type":"Question","QuestionID":"QID90"}],"Options":{"BlockLocking":"false","RandomizeQuestions":"false","BlockVisibility":"Expanded"}},"24":{"Type":"Standard","SubType":"","Description":"caption task I","ID":"BL_02of9IPmFZ67gYB","BlockElements":[{"Type":"Question","QuestionID":"QID95"}],"Options":{"BlockLocking":"false","RandomizeQuestions":"false","BlockVisibility":"Expanded"}}}},{"SurveyID":"SV_cuy9GfJufgoVvJb","Element":"FL","PrimaryAttribute":"Survey Flow","SecondaryAttribute":null,"TertiaryAttribute":null,"Payload":{"Type":"Root","FlowID":"FL_1","Flow":[{"Type":"Block","ID":"BL_7ZZBAnL7bk4xNVr","FlowID":"FL_51"},{"Type":"BlockRandomizer","FlowID":"FL_53","SubSet":1,"EvenPresentation":true,"Flow":[{"Type":"EmbeddedData","FlowID":"FL_54","EmbeddedData":[{"Description":"cond","Type":"Custom","Field":"cond","VariableType":"String","DataVisibility":[],"AnalyzeText":false,"Value":"1"},{"Description":"order","Type":"Custom","Field":"order","VariableType":"String","DataVisibility":[],"AnalyzeText":false,"Value":"questions first"}]},{"Type":"EmbeddedData","FlowID":"FL_55","EmbeddedData":[{"Description":"cond","Type":"Custom","Field":"cond","VariableType":"String","DataVisibility":[],"AnalyzeText":false,"Value":"2"},{"Description":"order","Type":"Custom","Field":"order","VariableType":"String","DataVisibility":[],"AnalyzeText":false,"Value":"task first"}]}]},{"Type":"Branch","FlowID":"FL_56","Description":"New Branch","BranchLogic":{"0":{"0":{"LogicType":"EmbeddedField","LeftOperand":"cond","Operator":"EqualTo","RightOperand":"1","_HiddenExpression":false,"Type":"Expression","Description":"<span class=\"ConjDesc\">If<\/span>  <span class=\"LeftOpDesc\">cond<\/span> <span class=\"OpDesc\">Is Equal to<\/span> <span class=\"RightOpDesc\"> 1 <\/span>"},"Type":"If"},"Type":"BooleanExpression"},"Flow":[{"Type":"EmbeddedData","FlowID":"FL_60","EmbeddedData":[{"Description":"language","Type":"Custom","Field":"language","VariableType":"String","DataVisibility":[],"AnalyzeText":false,"Value":"Before you begin the competition, please answer these questions:"}]},{"Type":"Block","ID":"BL_5pRHevx4XyoUm0d","FlowID":"FL_52"},{"Type":"Standard","ID":"BL_02of9IPmFZ67gYB","FlowID":"FL_65"},{"Type":"Standard","ID":"BL_6DafKV6ifnpl7V3","FlowID":"FL_50"}]},{"Type":"Branch","FlowID":"FL_57","Description":"New Branch","BranchLogic":{"0":{"0":{"LogicType":"EmbeddedField","LeftOperand":"cond","Operator":"EqualTo","RightOperand":"2","_HiddenExpression":false,"Type":"Expression","Description":"<span class=\"ConjDesc\">If<\/span>  <span class=\"LeftOpDesc\">cond<\/span> <span class=\"OpDesc\">Is Equal to<\/span> <span class=\"RightOpDesc\"> 2 <\/span>"},"Type":"If"},"Type":"BooleanExpression"},"Flow":[{"Type":"EmbeddedData","FlowID":"FL_61","EmbeddedData":[{"Description":"language","Type":"Custom","Field":"language","VariableType":"String","DataVisibility":[],"AnalyzeText":false,"Value":"Thank you for your responses, to complete your submission please answer these questions:"}]},{"Type":"Block","ID":"BL_02of9IPmFZ67gYB","FlowID":"FL_66"},{"Type":"Standard","ID":"BL_6DafKV6ifnpl7V3","FlowID":"FL_59"},{"Type":"Block","ID":"BL_5pRHevx4XyoUm0d","FlowID":"FL_58"}]}],"Properties":{"Count":66,"RemovedFieldsets":[]}}},{"SurveyID":"SV_cuy9GfJufgoVvJb","Element":"NT","PrimaryAttribute":"NT_envVGfBA0cUvwgZ","SecondaryAttribute":null,"TertiaryAttribute":null,"Payload":{"Notes":[{"Message":"Do we want to reframe this? Introduce idea theft as a thing here?","ID":"NO_2b0pCv653Zawvg9","UserID":"UR_5nIek6QmFeQvHUN","Timestamp":1518029008,"Removed":false}],"UserStatuses":{"UR_5nIek6QmFeQvHUN":"Expanded"},"ParentID":"QID54","ID":"NT_envVGfBA0cUvwgZ"}},{"SurveyID":"SV_cuy9GfJufgoVvJb","Element":"SO","PrimaryAttribute":"Survey Options","SecondaryAttribute":null,"TertiaryAttribute":null,"Payload":{"BackButton":"false","SaveAndContinue":"true","SurveyProtection":"PublicSurvey","BallotBoxStuffingPrevention":"false","NoIndex":"Yes","SecureResponseFiles":"true","SurveyExpiration":null,"SurveyTermination":"DefaultMessage","Header":"","Footer":"","ProgressBarDisplay":"None","PartialData":"+1 week","ValidationMessage":null,"PreviousButton":" \u2190 ","NextButton":" \u2192 ","SkinLibrary":"Qualtrics","SkinType":"MQ","Skin":"v4qualtrics3d","NewScoring":1,"libraryId":"","nextButtonMid":"","previousButtonMid":"","headerMid":"","footerMid":"","QuestionsPerPage":"","PageTransition":"Fade","ExternalCSS":null,"CustomStyles":{"errorStyles":{"selector":".Skin .ValidationError","styles":{"color":null,"backgroundColor":null,"borderColor":null}},"errorStylesBG":{"selector":".Skin .HeaderValidationError, .Skin .HeaderValidationError li a","styles":{"color":null,"backgroundColor":null}},"pageStyles":{"selector":"#SurveyEngineBody","styles":{"backgroundColor":null}},"textStyles":{"selector":".SkinInner","styles":{"fontFamily":"times new roman, times, serif","fontSize":null,"fontWeight":null,"fontStyle":null,"textDecoration":null,"color":null}},"questionStyles":{"selector":".Skin .QuestionText","styles":{"fontFamily":"times new roman, times, serif","fontSize":"","fontWeight":"normal","fontStyle":"normal","textDecoration":"none","color":null}},"choiceStyles":{"selector":".Skin .horizontalbar th.ylabel, .Skin .Matrix table td, .Skin .Matrix table th, .Skin .Matrix table thead th, .Skin .Matrix table thead td, .Skin .PGR .DragAndDrop .Items label, .Skin .QuestionBody ul.ChoiceStructure, .Skin .PGR .DragAndDrop .Group ul, .Skin .PGR .DragAndDrop .Group h2, .Skin .PGR .DragAndDrop .Items ul, .Skin .PGR .DragAndDrop .Items h2, .Skin .DD .QuestionBody table.ChoiceStructure, .Skin .PGR .DragAndDrop .NoColumns td.groupsContainerTd div ul, .Skin .PGR .DragAndDrop .NoColumns td.groupsContainerTd div h2, .Skin .SBS thead th, .Skin .SBS td, .Skin .SBS .Answers td, .Skin .SBS .Answers th, .SBS table.ChoiceStructure, .Skin .horizontalbar thead table.LabelDescriptions tr td, .Skin .horizontalbar thead tr td.NotApplicable, .QuestionBody th, .Skin .QuestionBody .MC .MAVR label, .Skin .QuestionBody .MC .SAVR label, .Skin .SBS thead th, .Skin .SBS td, .Skin .RO .DND ul li, .Skin .reg, .SkinInner .ChoiceStructure, .Skin thead, .Skin .GAP .ChoiceStructure thead th, .Skin .GAP .ChoiceStructure .c4, .Skin .GAP .ChoiceStructure th, .Skin .GAP .ChoiceStructure .WhyText, .SkinInner .ChoiceStructure .LightBG, .Skin .QuestionOuter.Highlight .Inner .reg, .Skin .QuestionOuter.Highlight .Inner .alt, .Skin .QuestionOuter.Highlight .Inner .ReadableAlt       ","styles":{"fontFamily":"times new roman, times, serif","fontSize":"","fontWeight":"normal","fontStyle":"normal","textDecoration":"none","color":null}},"headerStyles":{"selector":".Skin div#Header","styles":{"color":null}},"footerStyles":{"selector":".Skin #Footer","styles":{"color":null}},"questionSeparatorStyles":{"selector":".Skin .Separator","styles":{"backgroundColor":null,"display":null}},"highlightStyles":{"selector":".Skin .QuestionOuter.Highlight .Inner, .Skin .QuestionOuter.Highlight .Inner .reg, .Skin .QuestionOuter.Highlight .Inner .alt, .Skin .QuestionOuter.Highlight .Inner .ReadableAlt","styles":{"backgroundColor":null}},"highlightStylesAlt":{"selector":".Skin .QuestionOuter.Highlight .Inner .ReadableAlt, .Skin .QuestionOuter.Highlight .Inner .LightBG","styles":{"backgroundColor":null}},"textEntryStyles":{"selector":".Skin select, .Skin .InputText","styles":{"color":null}},"borderStyles":{"selector":".Skin .CS .horizontalbar table.sliderGrid tr.xlabel th, .Skin .CS .horizontalbar .ylabel, .Skin .CS .horizontalbar table.sliderGrid tr td.value, .Skin .Slider .horizontalbar table.sliderGrid tr.xlabel th, .Skin .BorderColor, .Skin .DarkBorderColor, .Skin .Slider .horizontalbar table.sliderGrid tr td.value, .Skin thead, .Skin .GAP .ChoiceStructure thead th  ","styles":{"borderColor":null}},"altRowStyles":{"selector":".Skin .ReadableAlt, .Skin .LightBG","styles":{"backgroundColor":null}},"customCSS":null},"HighlightQuestions":"off","EOSMessage":"MS_8BqTYbmpcDsomuV","ShowExportTags":"false","CollectGeoLocation":"false","SurveyTitle":"Online Survey Software | Qualtrics Survey Solutions","SurveyMetaDescription":"Qualtrics sophisticated online survey software solutions make creating online surveys easy. Learn more about Research Suite and get a free account today.","PasswordProtection":"No","AnonymizeResponse":"No","Password":"","RefererCheck":"No","RefererURL":"http:\/\/","EOSMessageLibrary":"UR_5nIek6QmFeQvHUN","EOSRedirectURL":"https:\/\/","EmailThankYou":"false","ThankYouEmailMessageLibrary":null,"ThankYouEmailMessage":null,"ValidateMessage":"false","ValidationMessageLibrary":null,"InactiveSurvey":"DefaultMessage","PartialDataCloseAfter":"LastActivity","InactiveMessageLibrary":"","InactiveMessage":"","ActiveResponseSet":null,"AvailableLanguages":{"EN":[]},"ProtectSelectionIds":true,"ResponseSummary":"No"}},{"SurveyID":"SV_cuy9GfJufgoVvJb","Element":"SCO","PrimaryAttribute":"Scoring","SecondaryAttribute":null,"TertiaryAttribute":null,"Payload":{"ScoringCategories":[],"ScoringCategoryGroups":[],"ScoringSummaryCategory":null,"ScoringSummaryAfterQuestions":0,"ScoringSummaryAfterSurvey":0,"DefaultScoringCategory":null,"AutoScoringCategory":null}},{"SurveyID":"SV_cuy9GfJufgoVvJb","Element":"PROJ","PrimaryAttribute":"CORE","SecondaryAttribute":null,"TertiaryAttribute":"1.1.0","Payload":{"ProjectCategory":"CORE","SchemaVersion":"1.1.0"}},{"SurveyID":"SV_cuy9GfJufgoVvJb","Element":"STAT","PrimaryAttribute":"Survey Statistics","SecondaryAttribute":null,"TertiaryAttribute":null,"Payload":{"MobileCompatible":true,"ID":"Survey Statistics"}},{"SurveyID":"SV_cuy9GfJufgoVvJb","Element":"QC","PrimaryAttribute":"Survey Question Count","SecondaryAttribute":"99","TertiaryAttribute":null,"Payload":null},{"SurveyID":"SV_cuy9GfJufgoVvJb","Element":"SQ","PrimaryAttribute":"QID5","SecondaryAttribute":"Cartoon Caption Competition \u00a0 For the main task in this competition, we will show you a cartoon.Y..","TertiaryAttribute":null,"Payload":{"QuestionText":"<div style=\"text-align: center;\"><u><strong><span style=\"font-size:19px;\">Cartoon Caption Competition<\/span><\/strong><\/u><br \/>\n&nbsp;<\/div>\n\n<div><span style=\"font-size:16px;\">For the main task in this competition, we will show you a cartoon.<br \/>\n<br \/>\n<strong>Your task:<\/strong> Generate as many creative captions for the cartoon as you can. A caption involves language&nbsp;that enhances the humor of the cartoon and typically ranges from a few words to a few sentences long.&nbsp;A&nbsp;<strong><u>creative<\/u><\/strong> caption is defined as a caption that is original&nbsp;and funny.&nbsp;<br \/>\n<br \/>\n<strong>Timing:<\/strong> You will have 15 minutes to generate captions. The survey will automatically advance after 15 minutes. If you finish before then, you can move on at any time by clicking the arrow at the bottom right of the page.<\/span><\/div>\n\n<div>&nbsp;<\/div>\n\n<div><span style=\"font-size:16px;\"><strong>Reward: <\/strong>All captions submitted to the competition will be judged for creativity and ranked from most creative to least creative. The <u>top three captions will be awarded prizes<\/u> of $150, $100, and $50, respectively!&nbsp;<br \/>\n<br \/>\n<u>As an additional prize<\/u>, each caption that is rated in the top 25% of all submissions will receive a $1 prize. In short, there are multiple opportunities to win!&nbsp;<br \/>\n<br \/>\nClick the arrow to continue.&nbsp;<\/span><br \/>\n<br \/>\n&nbsp;<\/div>\n\n<div>&nbsp;<\/div>\n\n<div>&nbsp;<\/div>","DefaultChoices":false,"DataExportTag":"Q5","QuestionID":"QID5","QuestionType":"DB","Selector":"TB","Configuration":{"QuestionDescriptionOption":"UseText"},"QuestionDescription":"Cartoon Caption Competition \u00a0 For the main task in this competition, we will show you a cartoon.Y...","ChoiceOrder":[],"Validation":{"Settings":{"Type":"None"}},"GradingData":[],"Language":[],"DataVisibility":{"Private":false,"Hidden":false},"NextChoiceId":1,"NextAnswerId":1}},{"SurveyID":"SV_cuy9GfJufgoVvJb","Element":"SQ","PrimaryAttribute":"QID89","SecondaryAttribute":"Cartoon Caption Competition In the textbox below, generate creative captions for this cartoon: \u00a0","TertiaryAttribute":null,"Payload":{"QuestionText":"<div style=\"text-align: center;\"><u style=\"text-align: center;\"><strong><span style=\"font-size: 19px;\">Cartoon Caption Competition<\/span><\/strong><\/u><\/div>\n\n<div style=\"text-align: center;\"><br \/>\n<span style=\"font-size:16px;\">In the textbox below, generate creative captions for this cartoon:<br \/>\n&nbsp;<\/span><\/div>\n\n<div style=\"text-align: center;\"><img height=\"332\" src=\"https:\/\/cornell.qualtrics.com\/CP\/Graphic.php?IM=IM_8fiEDDZa6nDFye1\" style=\"width: 400px; height: 332px;\" width=\"400\" \/><\/div>","DefaultChoices":false,"DataExportTag":"Q77","QuestionID":"QID89","QuestionType":"TE","Selector":"ESTB","Configuration":{"QuestionDescriptionOption":"UseText","InputWidth":680,"InputHeight":222},"QuestionDescription":"Cartoon Caption Competition In the textbox below, generate creative captions for this cartoon: \u00a0","Validation":{"Settings":{"ForceResponse":"OFF","ForceResponseType":"ON","Type":"None"}},"GradingData":[],"Language":[],"NextChoiceId":4,"NextAnswerId":1,"DataVisibility":{"Private":false,"Hidden":false}}},{"SurveyID":"SV_cuy9GfJufgoVvJb","Element":"SQ","PrimaryAttribute":"QID95","SecondaryAttribute":"Cartoon Caption Competition You will begin the competition on the next page. You will see a carto...","TertiaryAttribute":null,"Payload":{"QuestionText":"<div style=\"text-align: center;\"><u style=\"text-align: center;\"><strong><span style=\"font-size: 19px;\">Cartoon Caption Competition<\/span><\/strong><\/u><\/div>\n<br \/>\n<span style=\"color: rgb(64, 64, 64); font-family: &quot;Qualtrics Grotesque&quot;, &quot;Helvetica Neue&quot;, Helvetica, Arial, sans-serif; font-size: 16px;\">You will begin the competition on the next page.<br \/>\n<br \/>\nYou will see a cartoon and enter your captions into a textbox below it. Please press &quot;return&quot; after each caption you generate. This lets us know where one caption ends and the next entry begins.<br \/>\n<br \/>\nThe competition page will auto-advance after 15 minutes. You can manually advance the page sooner if you finish before time is up.&nbsp;<\/span><br \/>\n<br \/>\n<span style=\"color: rgb(64, 64, 64); font-family: &quot;Qualtrics Grotesque&quot;, &quot;Helvetica Neue&quot;, Helvetica, Arial, sans-serif; font-size: 16px;\">Click the arrow to begin.<\/span>","DefaultChoices":false,"DataExportTag":"Q82","QuestionType":"DB","Selector":"TB","Configuration":{"QuestionDescriptionOption":"UseText"},"QuestionDescription":"Cartoon Caption Competition You will begin the competition on the next page. You will see a carto...","ChoiceOrder":[],"Validation":{"Settings":{"Type":"None"}},"GradingData":[],"Language":[],"NextChoiceId":4,"NextAnswerId":1,"QuestionID":"QID95","DataVisibility":{"Private":false,"Hidden":false}}},{"SurveyID":"SV_cuy9GfJufgoVvJb","Element":"RS","PrimaryAttribute":"RS_3lzNWTxtlUOYZRr","SecondaryAttribute":"Default Response Set","TertiaryAttribute":null,"Payload":null},{"SurveyID":"SV_cuy9GfJufgoVvJb","Element":"SQ","PrimaryAttribute":"QID92","SecondaryAttribute":"How eager are you to win this competition?","TertiaryAttribute":null,"Payload":{"QuestionText":"<span style=\"font-size:16px;\">How eager are you to win this competition?<\/span>","DataExportTag":"win","QuestionType":"MC","Selector":"SAHR","SubSelector":"TX","Configuration":{"QuestionDescriptionOption":"UseText","LabelPosition":"BELOW"},"QuestionDescription":"How eager are you to win this competition?","Choices":{"1":{"Display":"Not at all <br> (1)"},"2":{"Display":"(2)"},"3":{"Display":"(3)"},"4":{"Display":"Moderately <br> (4)"},"5":{"Display":"(5)"},"6":{"Display":"(6)"},"7":{"Display":"Extremely <br> (7)"}},"ChoiceOrder":["1","2","3","4","5","6","7"],"Validation":{"Settings":{"ForceResponse":"ON","ForceResponseType":"ON","Type":"None"}},"Language":[],"NextChoiceId":8,"NextAnswerId":1,"QuestionID":"QID92"}},{"SurveyID":"SV_cuy9GfJufgoVvJb","Element":"SQ","PrimaryAttribute":"QID99","SecondaryAttribute":"How many years of comedy training do you have (e.g., a class at Second City or at another program...","TertiaryAttribute":null,"Payload":{"QuestionText":"<span style=\"font-size:16px;\">How many years of comedy training do you have (e.g., a class at Second City or at another program)?&nbsp;<\/span>","DefaultChoices":false,"DataExportTag":"training","QuestionType":"TE","Selector":"SL","DataVisibility":{"Private":false,"Hidden":false},"Configuration":{"QuestionDescriptionOption":"UseText","InputWidth":227,"InputHeight":29},"QuestionDescription":"How many years of comedy training do you have (e.g., a class at Second City or at another program...","Validation":{"Settings":{"ForceResponse":"RequestResponse","ForceResponseType":"RequestResponse","Type":"None"}},"GradingData":[],"Language":[],"NextChoiceId":4,"NextAnswerId":1,"QuestionID":"QID99"}},{"SurveyID":"SV_cuy9GfJufgoVvJb","Element":"SQ","PrimaryAttribute":"QID98","SecondaryAttribute":"How many years of experience (broadly defined) do you have in the comedy industry?\u00a0","TertiaryAttribute":null,"Payload":{"QuestionText":"<span style=\"font-size:16px;\">How many years of experience (broadly defined) do you have in the comedy industry?&nbsp;<\/span>","DefaultChoices":false,"DataExportTag":"experience","QuestionType":"TE","Selector":"SL","DataVisibility":{"Private":false,"Hidden":false},"Configuration":{"QuestionDescriptionOption":"UseText","InputWidth":227,"InputHeight":29},"QuestionDescription":"How many years of experience (broadly defined) do you have in the comedy industry?\u00a0","Validation":{"Settings":{"ForceResponse":"RequestResponse","ForceResponseType":"RequestResponse","Type":"None"}},"GradingData":[],"Language":[],"NextChoiceId":4,"NextAnswerId":1,"QuestionID":"QID98"}},{"SurveyID":"SV_cuy9GfJufgoVvJb","Element":"SQ","PrimaryAttribute":"QID13","SecondaryAttribute":"Survey Questions \u00a0 ${e:\/\/Field\/language}","TertiaryAttribute":null,"Payload":{"QuestionText":"<div style=\"text-align: center;\"><u><span style=\"font-size:19px;\"><b>Survey Questions<\/b><\/span><\/u><br \/>\n&nbsp;<\/div>\n\n<div><span style=\"font-size:16px;\">${e:\/\/Field\/language}<\/span><\/div>","DefaultChoices":false,"DataExportTag":"Q13","QuestionType":"DB","Selector":"TB","Configuration":{"QuestionDescriptionOption":"UseText"},"QuestionDescription":"Survey Questions \u00a0 ${e:\/\/Field\/language}","ChoiceOrder":[],"Validation":{"Settings":{"Type":"None"}},"GradingData":[],"Language":[],"QuestionID":"QID13","DataVisibility":{"Private":false,"Hidden":false},"NextChoiceId":1,"NextAnswerId":1}},{"SurveyID":"SV_cuy9GfJufgoVvJb","Element":"SQ","PrimaryAttribute":"QID82","SecondaryAttribute":"Timing","TertiaryAttribute":null,"Payload":{"QuestionText":"Timing","DefaultChoices":false,"DataExportTag":"Q69","QuestionType":"Timing","Selector":"PageTimer","Configuration":{"QuestionDescriptionOption":"UseText","MinSeconds":"0","MaxSeconds":"0"},"QuestionDescription":"Timing","Choices":{"1":{"Display":"First Click"},"2":{"Display":"Last Click"},"3":{"Display":"Page Submit"},"4":{"Display":"Click Count"}},"GradingData":[],"Language":[],"QuestionID":"QID82"}},{"SurveyID":"SV_cuy9GfJufgoVvJb","Element":"SQ","PrimaryAttribute":"QID90","SecondaryAttribute":"Timing","TertiaryAttribute":null,"Payload":{"QuestionText":"Timing","DefaultChoices":false,"DataExportTag":"Q78","QuestionID":"QID90","QuestionType":"Timing","Selector":"D","Configuration":{"QuestionDescriptionOption":"UseText","MinSeconds":"0","MaxSeconds":900,"ShowTimer":true,"CountDirection":"Decrementing","Seconds":900},"QuestionDescription":"Timing","Choices":{"1":{"Display":"First Click"},"2":{"Display":"Last Click"},"3":{"Display":"Page Submit"},"4":{"Display":"Click Count"}},"GradingData":[],"Language":[],"NextChoiceId":216,"NextAnswerId":1,"DataVisibility":{"Private":false,"Hidden":false}}},{"SurveyID":"SV_cuy9GfJufgoVvJb","Element":"SQ","PrimaryAttribute":"QID96","SecondaryAttribute":"What is your age?","TertiaryAttribute":null,"Payload":{"QuestionText":"<span style=\"font-size:16px;\">What is your age?<\/span>","DefaultChoices":false,"DataExportTag":"age","QuestionType":"TE","Selector":"SL","Configuration":{"QuestionDescriptionOption":"UseText","InputWidth":227,"InputHeight":29},"QuestionDescription":"What is your age?","Validation":{"Settings":{"ForceResponse":"RequestResponse","ForceResponseType":"RequestResponse","Type":"None"}},"GradingData":[],"Language":[],"NextChoiceId":4,"NextAnswerId":1,"QuestionID":"QID96"}},{"SurveyID":"SV_cuy9GfJufgoVvJb","Element":"SQ","PrimaryAttribute":"QID97","SecondaryAttribute":"What is your gender?","TertiaryAttribute":null,"Payload":{"QuestionText":"<span style=\"font-size:16px;\">What is your gender?<\/span>","DefaultChoices":false,"DataExportTag":"gender","QuestionType":"MC","Selector":"SAVR","SubSelector":"TX","DataVisibility":{"Private":false,"Hidden":false},"Configuration":{"QuestionDescriptionOption":"UseText"},"QuestionDescription":"What is your gender?","Choices":{"4":{"Display":"Male"},"5":{"Display":"Female"},"6":{"Display":"Other","TextEntry":"true"}},"ChoiceOrder":["4","5","6"],"Validation":{"Settings":{"ForceResponse":"OFF","ForceResponseType":"ON","Type":"None"}},"GradingData":[],"Language":[],"NextChoiceId":7,"NextAnswerId":1,"QuestionID":"QID97"}},{"SurveyID":"SV_cuy9GfJufgoVvJb","Element":"SQ","PrimaryAttribute":"QID91","SecondaryAttribute":"When trying to think of a creative idea people generate many ideas and then select the idea they...","TertiaryAttribute":null,"Payload":{"QuestionText":"<span style=\"font-size:16px;\">When trying to think of a creative idea people generate many ideas and then select the idea they think is the best among all the ideas generated.&nbsp;Please indicate how much you agree or disagree with each of the following statements.<\/span>","DefaultChoices":false,"DataExportTag":"creatcliff","QuestionType":"Matrix","Selector":"Likert","SubSelector":"SingleAnswer","Configuration":{"QuestionDescriptionOption":"UseText","TextPosition":"inline","ChoiceColumnWidth":25,"RepeatHeaders":"none","WhiteSpace":"OFF","MobileFirst":true},"QuestionDescription":"When trying to think of a creative idea people generate many ideas and then select the idea they...","Choices":{"1":{"Display":"People tend to generate their best ideas first."},"2":{"Display":"A person's best idea is usually among the first few ideas generated."},"3":{"Display":"Ideas generated earlier are often better than ideas generated later."}},"ChoiceOrder":["1","2","3"],"Validation":{"Settings":{"ForceResponse":"ON","ForceResponseType":"ON","Type":"None"}},"GradingData":[],"Language":[],"NextChoiceId":7,"NextAnswerId":7,"Answers":{"1":{"Display":"Strongly Disagree <br> (1)"},"2":{"Display":"Moderately Disagree <br> (2)"},"3":{"Display":"Slightly Disagree <br> (3)"},"4":{"Display":"Slightly Agree <br> (4)"},"5":{"Display":"Moderately Agree <br> (5)"},"6":{"Display":"Strongly Agree <br> (6)"}},"AnswerOrder":["1","2","3","4","5","6"],"ChoiceDataExportTags":false,"QuestionID":"QID91","DataVisibility":{"Private":false,"Hidden":false}}},{"SurveyID":"SV_cuy9GfJufgoVvJb","Element":"TR","PrimaryAttribute":"OC_6Sd5lTrBfAFvC85","SecondaryAttribute":null,"TertiaryAttribute":"OnSurveyResponse","Payload":{"Name":"New Action","EventType":"OnSurveyResponse","Type":"OnSurveyComplete","LogicV2":{"type":"always","children":[]},"TriggerAction":"Outcome"}}]}