{"SurveyEntry":{"SurveyID":"SV_4Vnvz8FyLLZKNsp","SurveyName":"Timecourse_SurveyFile_CharityBookstoreTasks","SurveyDescription":null,"SurveyOwnerID":"UR_4YlVUf3eHEcfz01","SurveyBrandID":"cornell","DivisionID":null,"SurveyLanguage":"EN","SurveyActiveResponseSet":"RS_6gJNrdmgaC9AemF","SurveyStatus":"Inactive","SurveyStartDate":"0000-00-00 00:00:00","SurveyExpirationDate":"0000-00-00 00:00:00","SurveyCreationDate":"2020-04-03 09:04:55","CreatorID":"UR_4YlVUf3eHEcfz01","LastModified":"2020-04-03 09:14:43","LastAccessed":"0000-00-00 00:00:00","LastActivated":"0000-00-00 00:00:00","Deleted":null},"SurveyElements":[{"SurveyID":"SV_4Vnvz8FyLLZKNsp","Element":"BL","PrimaryAttribute":"Survey Blocks","SecondaryAttribute":null,"TertiaryAttribute":null,"Payload":{"1":{"Type":"Trash","Description":"Trash \/ Unused Questions","ID":"BL_9tzLz0JnIVagLzK","BlockElements":[]},"4":{"Type":"Standard","Description":"predictions - task 1","ID":"BL_0kMQvxAf3rmsf9X","BlockElements":[{"Type":"Question","QuestionID":"QID271"},{"Type":"Question","QuestionID":"QID347"}],"Options":{"BlockLocking":"false","RandomizeQuestions":"false","BlockVisibility":"Expanded"}},"9":{"Type":"Standard","Description":"task inst - Charity","ID":"BL_bDVt9LFdglSbZOt","BlockElements":[{"Type":"Question","QuestionID":"QID228"},{"Type":"Question","QuestionID":"QID227"}],"Options":{"BlockLocking":"false","RandomizeQuestions":"false","BlockVisibility":"Expanded"}},"18":{"Type":"Standard","SubType":"","Description":"CCI intervention1","ID":"BL_6nfXxuFbRVWDLgx","Options":{"BlockLocking":"false","RandomizeQuestions":"false","BlockVisibility":"Expanded"},"BlockElements":[{"Type":"Question","QuestionID":"QID297"},{"Type":"Question","QuestionID":"QID294"},{"Type":"Question","QuestionID":"QID295","SkipLogic":[{"SkipLogicID":10,"ChoiceLocator":"q:\/\/QID295\/SelectableChoice\/1","Condition":"Selected","SkipToDestination":"ENDOFBLOCK","Locator":"q:\/\/QID295\/SelectableChoice\/1","SkipToDescription":"<span style=\"font-size:16px... <strong>People&#39;s ideas became m...<\/strong>  <strong>Is Selected<\/strong>","Description":"Condition: <strong title=\"People&#39;s ideas became more creative over time\">People&#39;s ideas became m...<\/strong> <strong>Is Selected<\/strong>. Skip To: <strong>End of Block<\/strong>.","QuestionID":"QID295"}]},{"Type":"Question","QuestionID":"QID349"},{"Type":"Page Break"},{"Type":"Question","QuestionID":"QID320"},{"Type":"Question","QuestionID":"QID345"},{"Type":"Question","QuestionID":"QID322"},{"Type":"Question","QuestionID":"QID350"}]},"20":{"Type":"Standard","SubType":"","Description":"task 1","ID":"BL_cLMISmMsX5HQdi5","BlockElements":[{"Type":"Question","QuestionID":"QID234"},{"Type":"Page Break"},{"Type":"Question","QuestionID":"QID298"},{"Type":"Question","QuestionID":"QID299"},{"Type":"Page Break"},{"Type":"Question","QuestionID":"QID300"},{"Type":"Question","QuestionID":"QID301"},{"Type":"Page Break"},{"Type":"Question","QuestionID":"QID302"},{"Type":"Question","QuestionID":"QID303"},{"Type":"Page Break"},{"Type":"Question","QuestionID":"QID304"},{"Type":"Question","QuestionID":"QID305"},{"Type":"Page Break"},{"Type":"Question","QuestionID":"QID306"},{"Type":"Question","QuestionID":"QID307"},{"Type":"Page Break"}],"Options":{"BlockLocking":false,"RandomizeQuestions":"false","BlockVisibility":"Expanded"}},"22":{"Type":"Standard","Description":"task inst - bookstore","ID":"BL_exkJHS7UywJ5xNX","BlockElements":[{"Type":"Question","QuestionID":"QID323"},{"Type":"Question","QuestionID":"QID324"}],"Options":{"BlockLocking":false,"RandomizeQuestions":"false","BlockVisibility":"Collapsed"}},"23":{"Type":"Standard","Description":"predictions - task 2","ID":"BL_0JNPM28UEqlbfbD","BlockElements":[{"Type":"Question","QuestionID":"QID325"},{"Type":"Question","QuestionID":"QID348"}],"Options":{"BlockLocking":false,"RandomizeQuestions":"false","BlockVisibility":"Expanded"}},"24":{"Type":"Standard","SubType":"","Description":"task 2","ID":"BL_b4xult7CjVYzSrr","BlockElements":[{"Type":"Question","QuestionID":"QID326"},{"Type":"Page Break"},{"Type":"Question","QuestionID":"QID327"},{"Type":"Question","QuestionID":"QID328"},{"Type":"Page Break"},{"Type":"Question","QuestionID":"QID329"},{"Type":"Question","QuestionID":"QID330"},{"Type":"Page Break"},{"Type":"Question","QuestionID":"QID331"},{"Type":"Question","QuestionID":"QID332"},{"Type":"Page Break"},{"Type":"Question","QuestionID":"QID333"},{"Type":"Question","QuestionID":"QID334"},{"Type":"Page Break"},{"Type":"Question","QuestionID":"QID335"},{"Type":"Question","QuestionID":"QID336"},{"Type":"Page Break"}],"Options":{"BlockLocking":false,"RandomizeQuestions":"false","BlockVisibility":"Expanded"}},"25":{"Type":"Standard","SubType":"","Description":"main instructions","ID":"BL_0dLG8zgAS7F5HRX","BlockElements":[{"Type":"Question","QuestionID":"QID337"}],"Options":{"BlockLocking":"false","RandomizeQuestions":"false","BlockVisibility":"Expanded"}},"27":{"Type":"Standard","SubType":"","Description":"task transition","ID":"BL_ehzMFr13dkywuJ7","BlockElements":[{"Type":"Question","QuestionID":"QID344"}],"Options":{"BlockLocking":"false","RandomizeQuestions":"false","BlockVisibility":"Collapsed"}}}},{"SurveyID":"SV_4Vnvz8FyLLZKNsp","Element":"FL","PrimaryAttribute":"Survey Flow","SecondaryAttribute":null,"TertiaryAttribute":null,"Payload":{"Type":"Root","FlowID":"FL_1","Flow":[{"Type":"Standard","ID":"BL_0dLG8zgAS7F5HRX","FlowID":"FL_104"},{"Type":"Branch","FlowID":"FL_87","Description":"New Branch","BranchLogic":{"0":{"0":{"LogicType":"Question","QuestionID":"QID293","QuestionIsInLoop":"no","ChoiceLocator":"q:\/\/QID293\/ChoiceTextEntryValue","Operator":"NotEqualTo","QuestionIDFromLocator":"QID293","LeftOperand":"q:\/\/QID293\/ChoiceTextEntryValue","RightOperand":"startnow","Type":"Expression","Description":"<span class=\"ConjDesc\">If<\/span> <span class=\"QuestionDesc\">To let us know that you are not a robot, please type the purple letters you see in the following...<\/span> <span class=\"LeftOpDesc\">Text Response<\/span> <span class=\"OpDesc\">Is Not Equal to<\/span> <span class=\"RightOpDesc\"> startnow <\/span>"},"Type":"If"},"Type":"BooleanExpression"},"Flow":[{"Type":"EndSurvey","FlowID":"FL_88","EndingType":"Advanced","Options":{"Advanced":"true","SurveyTermination":"DisplayMessage","EOSMessageLibrary":"UR_4YlVUf3eHEcfz01","EOSMessage":"MS_eLoETNLm9sluZDv"}}]},{"Type":"BlockRandomizer","FlowID":"FL_69","SubSet":1,"EvenPresentation":true,"Flow":[{"Type":"EmbeddedData","FlowID":"FL_76","EmbeddedData":[{"Description":"cond_all","Type":"Custom","Field":"cond_all","VariableType":"Nominal","DataVisibility":[],"Value":"1"},{"Description":"cond_int","Type":"Custom","Field":"cond_int","VariableType":"Nominal","DataVisibility":[],"Value":"0"},{"Description":"int","Type":"Custom","Field":"int","VariableType":"String","DataVisibility":[],"AnalyzeText":false,"Value":"none"},{"Description":"cond_order","Type":"Custom","Field":"cond_order","VariableType":"String","DataVisibility":[],"AnalyzeText":false,"Value":"1"},{"Description":"order","Type":"Custom","Field":"order","VariableType":"String","DataVisibility":[],"AnalyzeText":false,"Value":"charity first"},{"Description":"numchar","Type":"Custom","Field":"numchar","VariableType":"String","DataVisibility":[],"AnalyzeText":false,"Value":"1"},{"Description":"numbook","Type":"Custom","Field":"numbook","VariableType":"String","DataVisibility":[],"AnalyzeText":false,"Value":"2"},{"Description":"task1","Type":"Custom","Field":"task1","VariableType":"String","DataVisibility":[],"AnalyzeText":false,"Value":"how your anti-cancer organization can\u00a0increase charitable donations from members of the surrounding community"},{"Description":"task2","Type":"Custom","Field":"task2","VariableType":"String","DataVisibility":[],"AnalyzeText":false,"Value":"products that the university bookstore can sell that will help roommates to get along better"}]},{"Type":"EmbeddedData","FlowID":"FL_106","EmbeddedData":[{"Description":"cond_all","Type":"Custom","Field":"cond_all","VariableType":"Nominal","DataVisibility":[],"Value":"2"},{"Description":"cond_int","Type":"Custom","Field":"cond_int","VariableType":"Nominal","DataVisibility":[],"Value":"0"},{"Description":"int","Type":"Custom","Field":"int","VariableType":"String","DataVisibility":[],"AnalyzeText":false,"Value":"none"},{"Description":"cond_order","Type":"Custom","Field":"cond_order","VariableType":"String","DataVisibility":[],"AnalyzeText":false,"Value":"2"},{"Description":"order","Type":"Custom","Field":"order","VariableType":"String","DataVisibility":[],"AnalyzeText":false,"Value":"bookstore first"},{"Description":"numchar","Type":"Custom","Field":"numchar","VariableType":"String","DataVisibility":[],"AnalyzeText":false,"Value":"2"},{"Description":"numbook","Type":"Custom","Field":"numbook","VariableType":"String","DataVisibility":[],"AnalyzeText":false,"Value":"1"},{"Description":"task2","Type":"Custom","Field":"task2","VariableType":"String","DataVisibility":[],"AnalyzeText":false,"Value":"how your anti-cancer organization can\u00a0increase charitable donations from members of the surrounding community"},{"Description":"task1","Type":"Custom","Field":"task1","VariableType":"String","DataVisibility":[],"AnalyzeText":false,"Value":"products that the university bookstore can sell that will help roommates to get along better"}]},{"Type":"EmbeddedData","FlowID":"FL_147","EmbeddedData":[{"Description":"cond_all","Type":"Custom","Field":"cond_all","VariableType":"Nominal","DataVisibility":[],"Value":"3"},{"Description":"cond_int","Type":"Custom","Field":"cond_int","VariableType":"Nominal","DataVisibility":[],"Value":"2"},{"Description":"int","Type":"Custom","Field":"int","VariableType":"String","DataVisibility":[],"AnalyzeText":false,"Value":"second task"},{"Description":"cond_order","Type":"Custom","Field":"cond_order","VariableType":"String","DataVisibility":[],"AnalyzeText":false,"Value":"1"},{"Description":"order","Type":"Custom","Field":"order","VariableType":"String","DataVisibility":[],"AnalyzeText":false,"Value":"charity first"},{"Description":"numchar","Type":"Custom","Field":"numchar","VariableType":"String","DataVisibility":[],"AnalyzeText":false,"Value":"1"},{"Description":"numbook","Type":"Custom","Field":"numbook","VariableType":"String","DataVisibility":[],"AnalyzeText":false,"Value":"2"},{"Description":"task1","Type":"Custom","Field":"task1","VariableType":"String","DataVisibility":[],"AnalyzeText":false,"Value":"how your anti-cancer organization can\u00a0increase charitable donations from members of the surrounding community"},{"Description":"task2","Type":"Custom","Field":"task2","VariableType":"String","DataVisibility":[],"AnalyzeText":false,"Value":"products that the university bookstore can sell that will help roommates to get along better"}]},{"Type":"EmbeddedData","FlowID":"FL_148","EmbeddedData":[{"Description":"cond_all","Type":"Custom","Field":"cond_all","VariableType":"Nominal","DataVisibility":[],"Value":"4"},{"Description":"cond_int","Type":"Custom","Field":"cond_int","VariableType":"Nominal","DataVisibility":[],"Value":"2"},{"Description":"int","Type":"Custom","Field":"int","VariableType":"String","DataVisibility":[],"AnalyzeText":false,"Value":"second task"},{"Description":"cond_order","Type":"Custom","Field":"cond_order","VariableType":"String","DataVisibility":[],"AnalyzeText":false,"Value":"2"},{"Description":"order","Type":"Custom","Field":"order","VariableType":"String","DataVisibility":[],"AnalyzeText":false,"Value":"bookstore first"},{"Description":"numchar","Type":"Custom","Field":"numchar","VariableType":"String","DataVisibility":[],"AnalyzeText":false,"Value":"2"},{"Description":"numbook","Type":"Custom","Field":"numbook","VariableType":"String","DataVisibility":[],"AnalyzeText":false,"Value":"1"},{"Description":"task2","Type":"Custom","Field":"task2","VariableType":"String","DataVisibility":[],"AnalyzeText":false,"Value":"how your anti-cancer organization can\u00a0increase charitable donations from members of the surrounding community"},{"Description":"task1","Type":"Custom","Field":"task1","VariableType":"String","DataVisibility":[],"AnalyzeText":false,"Value":"products that the university bookstore can sell that will help roommates to get along better"}]}]},{"Type":"Branch","FlowID":"FL_96","Description":"New Branch","BranchLogic":{"0":{"0":{"LogicType":"EmbeddedField","LeftOperand":"cond_all","Operator":"EqualTo","RightOperand":"1","_HiddenExpression":false,"Type":"Expression","Description":"<span class=\"ConjDesc\">If<\/span>  <span class=\"LeftOpDesc\">cond_all<\/span> <span class=\"OpDesc\">Is Equal to<\/span> <span class=\"RightOpDesc\"> 1 <\/span>"},"Type":"If"},"Type":"BooleanExpression"},"Flow":[{"Type":"Standard","ID":"BL_bDVt9LFdglSbZOt","FlowID":"FL_45"},{"Type":"Block","ID":"BL_0kMQvxAf3rmsf9X","FlowID":"FL_64"},{"Type":"Standard","ID":"BL_cLMISmMsX5HQdi5","FlowID":"FL_84"},{"Type":"Standard","ID":"BL_ehzMFr13dkywuJ7","FlowID":"FL_123"},{"Type":"Standard","ID":"BL_exkJHS7UywJ5xNX","FlowID":"FL_93"},{"Type":"Standard","ID":"BL_0JNPM28UEqlbfbD","FlowID":"FL_94"},{"Type":"Standard","ID":"BL_b4xult7CjVYzSrr","FlowID":"FL_95"}]},{"Type":"Branch","FlowID":"FL_97","Description":"New Branch","BranchLogic":{"0":{"0":{"LogicType":"EmbeddedField","LeftOperand":"cond_all","Operator":"EqualTo","RightOperand":"2","_HiddenExpression":false,"Type":"Expression","Description":"<span class=\"ConjDesc\">If<\/span>  <span class=\"LeftOpDesc\">cond_all<\/span> <span class=\"OpDesc\">Is Equal to<\/span> <span class=\"RightOpDesc\"> 2 <\/span>"},"Type":"If"},"Type":"BooleanExpression"},"Flow":[{"Type":"Standard","ID":"BL_exkJHS7UywJ5xNX","FlowID":"FL_101"},{"Type":"Block","ID":"BL_0kMQvxAf3rmsf9X","FlowID":"FL_99"},{"Type":"Standard","ID":"BL_cLMISmMsX5HQdi5","FlowID":"FL_100"},{"Type":"Block","ID":"BL_ehzMFr13dkywuJ7","FlowID":"FL_124"},{"Type":"Standard","ID":"BL_bDVt9LFdglSbZOt","FlowID":"FL_98"},{"Type":"Standard","ID":"BL_0JNPM28UEqlbfbD","FlowID":"FL_102"},{"Type":"Standard","ID":"BL_b4xult7CjVYzSrr","FlowID":"FL_103"}]},{"Type":"Branch","FlowID":"FL_129","Description":"New Branch","BranchLogic":{"0":{"0":{"LogicType":"EmbeddedField","LeftOperand":"cond_all","Operator":"EqualTo","RightOperand":"3","_HiddenExpression":false,"Type":"Expression","Description":"<span class=\"ConjDesc\">If<\/span>  <span class=\"LeftOpDesc\">cond_all<\/span> <span class=\"OpDesc\">Is Equal to<\/span> <span class=\"RightOpDesc\"> 3 <\/span>"},"Type":"If"},"Type":"BooleanExpression"},"Flow":[{"Type":"Standard","ID":"BL_bDVt9LFdglSbZOt","FlowID":"FL_130"},{"Type":"Block","ID":"BL_0kMQvxAf3rmsf9X","FlowID":"FL_132"},{"Type":"Standard","ID":"BL_cLMISmMsX5HQdi5","FlowID":"FL_133"},{"Type":"Block","ID":"BL_ehzMFr13dkywuJ7","FlowID":"FL_134"},{"Type":"Standard","ID":"BL_exkJHS7UywJ5xNX","FlowID":"FL_135"},{"Type":"Block","ID":"BL_6nfXxuFbRVWDLgx","FlowID":"FL_131"},{"Type":"Standard","ID":"BL_0JNPM28UEqlbfbD","FlowID":"FL_136"},{"Type":"Standard","ID":"BL_b4xult7CjVYzSrr","FlowID":"FL_137"}]},{"Type":"Branch","FlowID":"FL_138","Description":"New Branch","BranchLogic":{"0":{"0":{"LogicType":"EmbeddedField","LeftOperand":"cond_all","Operator":"EqualTo","RightOperand":"4","_HiddenExpression":false,"Type":"Expression","Description":"<span class=\"ConjDesc\">If<\/span>  <span class=\"LeftOpDesc\">cond_all<\/span> <span class=\"OpDesc\">Is Equal to<\/span> <span class=\"RightOpDesc\"> 4 <\/span>"},"Type":"If"},"Type":"BooleanExpression"},"Flow":[{"Type":"Standard","ID":"BL_exkJHS7UywJ5xNX","FlowID":"FL_139"},{"Type":"Block","ID":"BL_0kMQvxAf3rmsf9X","FlowID":"FL_141"},{"Type":"Standard","ID":"BL_cLMISmMsX5HQdi5","FlowID":"FL_142"},{"Type":"Block","ID":"BL_ehzMFr13dkywuJ7","FlowID":"FL_143"},{"Type":"Standard","ID":"BL_bDVt9LFdglSbZOt","FlowID":"FL_144"},{"Type":"Block","ID":"BL_6nfXxuFbRVWDLgx","FlowID":"FL_140"},{"Type":"Standard","ID":"BL_0JNPM28UEqlbfbD","FlowID":"FL_145"},{"Type":"Standard","ID":"BL_b4xult7CjVYzSrr","FlowID":"FL_146"}]}],"Properties":{"Count":171,"RemovedFieldsets":[]}}},{"SurveyID":"SV_4Vnvz8FyLLZKNsp","Element":"SO","PrimaryAttribute":"Survey Options","SecondaryAttribute":null,"TertiaryAttribute":null,"Payload":{"BackButton":"false","SaveAndContinue":"true","SurveyProtection":"PublicSurvey","BallotBoxStuffingPrevention":"true","OneCompletePerIP":"false","SurveyExpiration":null,"SurveyTermination":"DisplayMessage","Header":"","Footer":"","ProgressBarDisplay":"None","PartialData":"+4 hour","ValidationMessage":null,"PreviousButton":"  <<  ","NextButton":"  >>  ","SkinLibrary":"cornell","SkinType":"MQ","Skin":"skin1_update","EOSMessage":"MS_4Ous4BEuhOomy57","ShowExportTags":"false","SurveyTitle":"Survey | Qualtrics Survey Software","SurveyMetaDescription":"Survey Software, Enterprise Survey software for enterprise feedback management and CRM solutions.  Enables high-quality data collection, panel management and results analysis. Perfect for market research or CRM solution (Customer Relationship Management) integration.  Free trial and consultation.","PasswordProtection":"No","AnonymizeResponse":"No","Password":"","RefererCheck":"No","NoIndex":"No","RefererURL":"http:\/\/","EOSMessageLibrary":"UR_4YlVUf3eHEcfz01","EOSRedirectURL":"https:\/\/","EmailThankYou":"false","ThankYouEmailMessageLibrary":null,"ThankYouEmailMessage":null,"ValidateMessage":"false","ValidationMessageLibrary":null,"InactiveSurvey":"DefaultMessage","InactiveMessageLibrary":"","InactiveMessage":"","AvailableLanguages":{"EN":[]},"ExternalCSS":null,"CustomStyles":{"errorStyles":{"selector":".Skin .ValidationError","styles":{"color":null,"backgroundColor":null,"borderColor":null}},"errorStylesBG":{"selector":".Skin .HeaderValidationError, .Skin .HeaderValidationError li a","styles":{"color":null,"backgroundColor":null}},"pageStyles":{"selector":"#SurveyEngineBody","styles":{"backgroundColor":null}},"textStyles":{"selector":".SkinInner","styles":{"fontFamily":null,"fontSize":null,"fontWeight":null,"fontStyle":null,"textDecoration":null,"color":null}},"questionStyles":{"selector":".Skin .QuestionText","styles":{"fontFamily":null,"fontSize":null,"fontWeight":null,"fontStyle":null,"textDecoration":null,"color":null}},"choiceStyles":{"selector":".Skin .horizontalbar th.ylabel, .Skin .Matrix table td, .Skin .Matrix table th, .Skin .Matrix table thead th, .Skin .Matrix table thead td, .Skin .PGR .DragAndDrop .Items label, .Skin .QuestionBody ul.ChoiceStructure, .Skin .PGR .DragAndDrop .Group ul, .Skin .PGR .DragAndDrop .Group h2, .Skin .PGR .DragAndDrop .Items ul, .Skin .PGR .DragAndDrop .Items h2, .Skin .DD .QuestionBody table.ChoiceStructure, .Skin .PGR .DragAndDrop .NoColumns td.groupsContainerTd div ul, .Skin .PGR .DragAndDrop .NoColumns td.groupsContainerTd div h2, .Skin .SBS thead th, .Skin .SBS td, .Skin .SBS .Answers td, .Skin .SBS .Answers th, .SBS table.ChoiceStructure, .Skin .horizontalbar thead table.LabelDescriptions tr td, .Skin .horizontalbar thead tr td.NotApplicable, .QuestionBody th, .Skin .QuestionBody .MC .MAVR label, .Skin .QuestionBody .MC .SAVR label, .Skin .SBS thead th, .Skin .SBS td, .Skin .RO .DND ul li, .Skin .reg, .SkinInner .ChoiceStructure, .Skin thead, .Skin .GAP .ChoiceStructure thead th, .Skin .GAP .ChoiceStructure .c4, .Skin .GAP .ChoiceStructure th, .Skin .GAP .ChoiceStructure .WhyText, .SkinInner .ChoiceStructure .LightBG, .Skin .QuestionOuter.Highlight .Inner .reg, .Skin .QuestionOuter.Highlight .Inner .alt, .Skin .QuestionOuter.Highlight .Inner .ReadableAlt       ","styles":{"fontFamily":null,"fontSize":null,"fontWeight":null,"fontStyle":null,"textDecoration":null,"color":null}},"headerStyles":{"selector":".Skin div#Header","styles":{"color":null}},"footerStyles":{"selector":".Skin #Footer","styles":{"color":null}},"questionSeparatorStyles":{"selector":".Skin .Separator","styles":{"backgroundColor":null,"display":null}},"highlightStyles":{"selector":".Skin .QuestionOuter.Highlight .Inner, .Skin .QuestionOuter.Highlight .Inner .reg, .Skin .QuestionOuter.Highlight .Inner .alt, .Skin .QuestionOuter.Highlight .Inner .ReadableAlt","styles":{"backgroundColor":null}},"highlightStylesAlt":{"selector":".Skin .QuestionOuter.Highlight .Inner .ReadableAlt, .Skin .QuestionOuter.Highlight .Inner .LightBG","styles":{"backgroundColor":null}},"textEntryStyles":{"selector":".Skin select, .Skin .InputText","styles":{"color":null}},"borderStyles":{"selector":".Skin .CS .horizontalbar table.sliderGrid tr.xlabel th, .Skin .CS .horizontalbar .ylabel, .Skin .CS .horizontalbar table.sliderGrid tr td.value, .Skin .Slider .horizontalbar table.sliderGrid tr.xlabel th, .Skin .BorderColor, .Skin .DarkBorderColor, .Skin .Slider .horizontalbar table.sliderGrid tr td.value, .Skin thead, .Skin .GAP .ChoiceStructure thead th  ","styles":{"borderColor":null}},"altRowStyles":{"selector":".Skin .ReadableAlt, .Skin .LightBG","styles":{"backgroundColor":null}},"customCSS":null},"libraryId":"","nextButtonMid":"","previousButtonMid":"","headerMid":"","footerMid":"","QuestionsPerPage":"","HighlightQuestions":"off","SkinQuestionWidth":700,"SurveyCreationDate":"2012-10-25 08:31:22","NewScoring":1,"CollectGeoLocation":"false","ProtectSelectionIds":true,"SecureResponseFiles":"false","PartialDataCloseAfter":"LastActivity","ActiveResponseSet":null,"PageTransition":"Fade"}},{"SurveyID":"SV_4Vnvz8FyLLZKNsp","Element":"SCO","PrimaryAttribute":"Scoring","SecondaryAttribute":null,"TertiaryAttribute":null,"Payload":{"ScoringCategories":[],"ScoringCategoryGroups":[],"ScoringSummaryCategory":null,"ScoringSummaryAfterQuestions":false,"ScoringSummaryAfterSurvey":false,"NextCategoryId":1,"NextGroupId":1,"DefaultScoringCategory":null,"ID":"Scoring"}},{"SurveyID":"SV_4Vnvz8FyLLZKNsp","Element":"PROJ","PrimaryAttribute":"CORE","SecondaryAttribute":null,"TertiaryAttribute":"1.1.0","Payload":{"ProjectCategory":"CORE","SchemaVersion":"1.1.0"}},{"SurveyID":"SV_4Vnvz8FyLLZKNsp","Element":"STAT","PrimaryAttribute":"Survey Statistics","SecondaryAttribute":null,"TertiaryAttribute":null,"Payload":{"MobileCompatible":true,"ID":"Survey Statistics"}},{"SurveyID":"SV_4Vnvz8FyLLZKNsp","Element":"SQ","PrimaryAttribute":"QID300","SecondaryAttribute":"1 minute has passed. Continue generating ideas for\u00a0${e:\/\/Field\/task1}.Important: Press \"return\" a..","TertiaryAttribute":null,"Payload":{"QuestionText":"<span style=\"font-size:16px;\"><span style=\"color: rgb(0, 0, 0); font-family: arial, helvetica, sans-serif; \">1 minute has passed. Continue generating ideas for&nbsp;${e:\/\/Field\/task1}<\/span><\/span><span style=\"font-size: 16px; color: rgb(0, 0, 0); font-family: arial, helvetica, sans-serif; \">.<\/span><br>\n<br>\n<span style=\"font-size:16px;\"><u><em><strong>Important<\/strong><\/em><\/u>: Press \"return\" after each solution so that each idea appears on a separate line.<\/span>&nbsp;<br>\n<br>\n<span style=\"font-size:16px;\"><span style=\"color: rgb(0, 0, 0); font-family: arial, helvetica, sans-serif; \">Your responses so far:<\/span><\/span><br>\n<span style=\"color: rgb(0, 0, 0); font-family: arial, helvetica, sans-serif; font-size: 12px; \">${q:\/\/QID298\/ChoiceTextEntryValue}<\/span>","DefaultChoices":false,"QuestionType":"TE","Selector":"ESTB","Configuration":{"QuestionDescriptionOption":"UseText","InputWidth":650,"InputHeight":260,"AllowFreeResponse":"false"},"QuestionDescription":"1 minute has passed. Continue generating ideas for\u00a0${e:\/\/Field\/task1}.Important: Press \"return\" a...","Validation":{"Settings":{"ForceResponse":"OFF","ForceResponseType":"ON","Type":"None"}},"GradingData":[],"Language":[],"DataVisibility":{"Private":false,"Hidden":false},"NextChoiceId":1,"NextAnswerId":1,"QuestionText_Unsafe":"<span style=\"font-size:16px;\"><span style=\"color: rgb(0, 0, 0); font-family: arial, helvetica, sans-serif; \">1 minute has passed. Continue generating solutions<\/span><\/span><span style=\"font-size: 16px; color: rgb(0, 0, 0); font-family: arial, helvetica, sans-serif; \">&nbsp;to the problem&nbsp;of how your anti-cancer organization can&nbsp;<\/span><u style=\"font-size: 16px; color: rgb(0, 0, 0); font-family: arial, helvetica, sans-serif; \">increa<\/u><u style=\"font-size: 16px; color: rgb(0, 0, 0); font-family: arial, helvetica, sans-serif; \">se charitable donations from members of the surrounding community<\/u><span style=\"font-size: 16px; color: rgb(0, 0, 0); font-family: arial, helvetica, sans-serif; \">.<\/span><br>\n<br>\n<span style=\"font-size:16px;\"><u><em><strong>Important<\/strong><\/em><\/u>: Press \"return\" after each solution so that each solution appears on a separate line.<\/span>&nbsp;<span style=\"font-size:16px;\"><br>\n<br><span style=\"color: rgb(0, 0, 0); font-family: arial, helvetica, sans-serif; \">Your responses so far:<\/span><\/span><br>\n<span style=\"color: rgb(0, 0, 0); font-family: arial, helvetica, sans-serif; font-size: 12px; \">${q:\/\/QID298\/ChoiceTextEntryValue}<\/span>","DataExportTag":"Q300","QuestionID":"QID300"}},{"SurveyID":"SV_4Vnvz8FyLLZKNsp","Element":"SQ","PrimaryAttribute":"QID329","SecondaryAttribute":"1 minute has passed. Continue generating ideas for\u00a0ideas for\u00a0${e:\/\/Field\/task2}.Important: Press..","TertiaryAttribute":null,"Payload":{"QuestionText":"<span style=\"font-size:16px;\"><span style=\"color: rgb(0, 0, 0); font-family: arial, helvetica, sans-serif; \">1 minute has passed. Continue generating ideas for&nbsp;ideas for&nbsp;${e:\/\/Field\/task2}<\/span><\/span><span style=\"font-size: 16px; color: rgb(0, 0, 0); font-family: arial, helvetica, sans-serif; \">.<\/span><br \/>\n<br \/>\n<span style=\"font-size:16px;\"><u><em><strong>Important<\/strong><\/em><\/u>: Press &quot;return&quot; after each solution so that each idea appears on a separate line.<\/span>&nbsp;<br \/>\n<br \/>\n<span style=\"font-size:16px;\"><span style=\"color: rgb(0, 0, 0); font-family: arial, helvetica, sans-serif; \">Your responses so far:<\/span><\/span><br \/>\n<span style=\"color: rgb(0, 0, 0); font-family: arial, helvetica, sans-serif; font-size: 12px; \">${q:\/\/QID327\/ChoiceTextEntryValue}<\/span>","DefaultChoices":false,"QuestionType":"TE","Selector":"ESTB","Configuration":{"QuestionDescriptionOption":"UseText","InputWidth":650,"InputHeight":260,"AllowFreeResponse":"false"},"QuestionDescription":"1 minute has passed. Continue generating ideas for\u00a0ideas for\u00a0${e:\/\/Field\/task2}.Important: Press...","Validation":{"Settings":{"ForceResponse":"OFF","ForceResponseType":"ON","Type":"None"}},"GradingData":[],"Language":[],"DataVisibility":{"Private":false,"Hidden":false},"NextChoiceId":1,"NextAnswerId":1,"QuestionText_Unsafe":"<span style=\"font-size:16px;\"><span style=\"color: rgb(0, 0, 0); font-family: arial, helvetica, sans-serif; \">1 minute has passed. Continue generating solutions<\/span><\/span><span style=\"font-size: 16px; color: rgb(0, 0, 0); font-family: arial, helvetica, sans-serif; \">&nbsp;to the problem&nbsp;of how your anti-cancer organization can&nbsp;<\/span><u style=\"font-size: 16px; color: rgb(0, 0, 0); font-family: arial, helvetica, sans-serif; \">increa<\/u><u style=\"font-size: 16px; color: rgb(0, 0, 0); font-family: arial, helvetica, sans-serif; \">se charitable donations from members of the surrounding community<\/u><span style=\"font-size: 16px; color: rgb(0, 0, 0); font-family: arial, helvetica, sans-serif; \">.<\/span><br>\n<br>\n<span style=\"font-size:16px;\"><u><em><strong>Important<\/strong><\/em><\/u>: Press \"return\" after each solution so that each solution appears on a separate line.<\/span>&nbsp;<span style=\"font-size:16px;\"><br>\n<br><span style=\"color: rgb(0, 0, 0); font-family: arial, helvetica, sans-serif; \">Your responses so far:<\/span><\/span><br>\n<span style=\"color: rgb(0, 0, 0); font-family: arial, helvetica, sans-serif; font-size: 12px; \">${q:\/\/QID327\/ChoiceTextEntryValue}<\/span>","DataExportTag":"Q329","QuestionID":"QID329"}},{"SurveyID":"SV_4Vnvz8FyLLZKNsp","Element":"SQ","PrimaryAttribute":"QID302","SecondaryAttribute":"2 minutes have passed. Continue generating ideas for\u00a0${e:\/\/Field\/task1}.Important: Press \"return\"..","TertiaryAttribute":null,"Payload":{"QuestionText":"<span style=\"font-size:16px;\"><span style=\"color: rgb(0, 0, 0); font-family: arial, helvetica, sans-serif; \">2 minutes have passed. Continue generating ideas for&nbsp;${e:\/\/Field\/task1}<\/span><\/span><span style=\"font-size: 16px; color: rgb(0, 0, 0); font-family: arial, helvetica, sans-serif; \">.<\/span><br>\n<br>\n<span style=\"font-size:16px;\"><u><em><strong>Important<\/strong><\/em><\/u>: Press \"return\" after each solution so that each idea appears on a separate line.<\/span>&nbsp;<br>\n<br>\n<span style=\"font-size:16px;\"><span style=\"color: rgb(0, 0, 0); font-family: arial, helvetica, sans-serif; \">Your responses so far:<\/span><\/span><br>\n<span style=\"color: rgb(0, 0, 0); font-family: arial, helvetica, sans-serif; font-size: 12px; \">${q:\/\/QID298\/ChoiceTextEntryValue}<\/span><br>\n<span style=\"color: rgb(0, 0, 0); font-family: arial, helvetica, sans-serif; font-size: 12px; \">${q:\/\/QID300\/ChoiceTextEntryValue}<\/span>","DefaultChoices":false,"QuestionType":"TE","Selector":"ESTB","Configuration":{"QuestionDescriptionOption":"UseText","InputWidth":650,"InputHeight":260,"AllowFreeResponse":"false"},"QuestionDescription":"2 minutes have passed. Continue generating ideas for\u00a0${e:\/\/Field\/task1}.Important: Press \"return\"...","Validation":{"Settings":{"ForceResponse":"OFF","ForceResponseType":"ON","Type":"None"}},"GradingData":[],"Language":[],"DataVisibility":{"Private":false,"Hidden":false},"NextChoiceId":1,"NextAnswerId":1,"QuestionText_Unsafe":"<span style=\"font-size:16px;\"><span style=\"color: rgb(0, 0, 0); font-family: arial, helvetica, sans-serif; \">2 minutes have passed. Continue generating solutions to<\/span><\/span><span style=\"font-size: 16px; color: rgb(0, 0, 0); font-family: arial, helvetica, sans-serif; \">&nbsp;the problem&nbsp;of how your anti-cancer organization can&nbsp;<\/span><u style=\"font-size: 16px; color: rgb(0, 0, 0); font-family: arial, helvetica, sans-serif; \">increa<\/u><u style=\"font-size: 16px; color: rgb(0, 0, 0); font-family: arial, helvetica, sans-serif; \">se charitable donations from members of the surrounding community.<\/u><br>\n<br>\n<span style=\"font-size:16px;\"><u><em><strong>Important<\/strong><\/em><\/u>: Press \"return\" after each solution so that each solution appears on a separate line.<\/span>&nbsp;<span style=\"font-size:16px;\"><br>\n<br><span style=\"color: rgb(0, 0, 0); font-family: arial, helvetica, sans-serif; \">Your responses so far:<\/span><\/span><br>\n<span style=\"color: rgb(0, 0, 0); font-family: arial, helvetica, sans-serif; font-size: 12px; \">${q:\/\/QID298\/ChoiceTextEntryValue}<\/span><br>\n<span style=\"color: rgb(0, 0, 0); font-family: arial, helvetica, sans-serif; font-size: 12px; \">${q:\/\/QID300\/ChoiceTextEntryValue}<\/span>","DataExportTag":"Q302","QuestionID":"QID302"}},{"SurveyID":"SV_4Vnvz8FyLLZKNsp","Element":"SQ","PrimaryAttribute":"QID331","SecondaryAttribute":"2 minutes have passed. Continue generating ideas for\u00a0ideas for\u00a0${e:\/\/Field\/task2}.Important: Pres.","TertiaryAttribute":null,"Payload":{"QuestionText":"<span style=\"font-size:16px;\"><span style=\"color: rgb(0, 0, 0); font-family: arial, helvetica, sans-serif; \">2 minutes have passed. Continue generating ideas for&nbsp;ideas for&nbsp;${e:\/\/Field\/task2}<\/span><\/span><span style=\"font-size: 16px; color: rgb(0, 0, 0); font-family: arial, helvetica, sans-serif; \">.<\/span><br \/>\n<br \/>\n<span style=\"font-size:16px;\"><u><em><strong>Important<\/strong><\/em><\/u>: Press &quot;return&quot; after each solution so that each idea appears on a separate line.<\/span>&nbsp;<br \/>\n<br \/>\n<span style=\"font-size:16px;\"><span style=\"color: rgb(0, 0, 0); font-family: arial, helvetica, sans-serif; \">Your responses so far:<\/span><\/span><br \/>\n<span style=\"color: rgb(0, 0, 0); font-family: arial, helvetica, sans-serif; font-size: 12px; \">${q:\/\/QID327\/ChoiceTextEntryValue}<\/span><br \/>\n<span style=\"color: rgb(0, 0, 0); font-family: arial, helvetica, sans-serif; font-size: 12px; \">${q:\/\/QID329\/ChoiceTextEntryValue}<\/span>","DefaultChoices":false,"QuestionType":"TE","Selector":"ESTB","Configuration":{"QuestionDescriptionOption":"UseText","InputWidth":650,"InputHeight":260,"AllowFreeResponse":"false"},"QuestionDescription":"2 minutes have passed. Continue generating ideas for\u00a0ideas for\u00a0${e:\/\/Field\/task2}.Important: Pres...","Validation":{"Settings":{"ForceResponse":"OFF","ForceResponseType":"ON","Type":"None"}},"GradingData":[],"Language":[],"DataVisibility":{"Private":false,"Hidden":false},"NextChoiceId":1,"NextAnswerId":1,"QuestionText_Unsafe":"<span style=\"font-size:16px;\"><span style=\"color: rgb(0, 0, 0); font-family: arial, helvetica, sans-serif; \">2 minutes have passed. Continue generating solutions to<\/span><\/span><span style=\"font-size: 16px; color: rgb(0, 0, 0); font-family: arial, helvetica, sans-serif; \">&nbsp;the problem&nbsp;of how your anti-cancer organization can&nbsp;<\/span><u style=\"font-size: 16px; color: rgb(0, 0, 0); font-family: arial, helvetica, sans-serif; \">increa<\/u><u style=\"font-size: 16px; color: rgb(0, 0, 0); font-family: arial, helvetica, sans-serif; \">se charitable donations from members of the surrounding community.<\/u><br>\n<br>\n<span style=\"font-size:16px;\"><u><em><strong>Important<\/strong><\/em><\/u>: Press \"return\" after each solution so that each solution appears on a separate line.<\/span>&nbsp;<span style=\"font-size:16px;\"><br>\n<br><span style=\"color: rgb(0, 0, 0); font-family: arial, helvetica, sans-serif; \">Your responses so far:<\/span><\/span><br>\n<span style=\"color: rgb(0, 0, 0); font-family: arial, helvetica, sans-serif; font-size: 12px; \">${q:\/\/QID327\/ChoiceTextEntryValue}<\/span><br>\n<span style=\"color: rgb(0, 0, 0); font-family: arial, helvetica, sans-serif; font-size: 12px; \">${q:\/\/QID329\/ChoiceTextEntryValue}<\/span>","DataExportTag":"Q331","QuestionID":"QID331"}},{"SurveyID":"SV_4Vnvz8FyLLZKNsp","Element":"SQ","PrimaryAttribute":"QID304","SecondaryAttribute":"3 minutes have passed. Continue generating ideas for\u00a0${e:\/\/Field\/task1}.Important: Press \"return\"..","TertiaryAttribute":null,"Payload":{"QuestionText":"<span style=\"font-size:16px;\"><span style=\"color: rgb(0, 0, 0); font-family: arial, helvetica, sans-serif; \">3 minutes have passed. Continue generating ideas for&nbsp;${e:\/\/Field\/task1}<\/span><\/span><span style=\"font-size: 16px; color: rgb(0, 0, 0); font-family: arial, helvetica, sans-serif; \">.<\/span><br>\n<br>\n<span style=\"font-size:16px;\"><u><em><strong>Important<\/strong><\/em><\/u>: Press \"return\" after each solution so that each idea appears on a separate line.<\/span>&nbsp;<br>\n<br>\n<span style=\"font-size:16px;\"><span style=\"color: rgb(0, 0, 0); font-family: arial, helvetica, sans-serif; \">Your responses so far:<\/span><\/span><br>\n<span style=\"color: rgb(0, 0, 0); font-family: arial, helvetica, sans-serif; font-size: 12px; \">${q:\/\/QID298\/ChoiceTextEntryValue}<\/span><br>\n<span style=\"color: rgb(0, 0, 0); font-family: arial, helvetica, sans-serif; font-size: 12px; \">${q:\/\/QID300\/ChoiceTextEntryValue}<\/span><br>\n<span style=\"color: rgb(0, 0, 0); font-family: arial, helvetica, sans-serif; font-size: 12px; \">${q:\/\/QID302\/ChoiceTextEntryValue}<\/span>","DefaultChoices":false,"QuestionType":"TE","Selector":"ESTB","Configuration":{"QuestionDescriptionOption":"UseText","InputWidth":650,"InputHeight":260,"AllowFreeResponse":"false"},"QuestionDescription":"3 minutes have passed. Continue generating ideas for\u00a0${e:\/\/Field\/task1}.Important: Press \"return\"...","Validation":{"Settings":{"ForceResponse":"OFF","ForceResponseType":"ON","Type":"None"}},"GradingData":[],"Language":[],"DataVisibility":{"Private":false,"Hidden":false},"NextChoiceId":1,"NextAnswerId":1,"QuestionText_Unsafe":"<span style=\"font-size:16px;\"><span style=\"color: rgb(0, 0, 0); font-family: arial, helvetica, sans-serif; \">3 minutes have passed. Continue generating solutions <\/span><\/span><span style=\"font-size: 16px; color: rgb(0, 0, 0); font-family: arial, helvetica, sans-serif; \">to the problem&nbsp;of how your anti-cancer organization can&nbsp;<\/span><u style=\"font-size: 16px; color: rgb(0, 0, 0); font-family: arial, helvetica, sans-serif; \">increa<\/u><u style=\"font-size: 16px; color: rgb(0, 0, 0); font-family: arial, helvetica, sans-serif; \">se charitable donations from members of the surrounding community<\/u><span style=\"font-size: 16px; color: rgb(0, 0, 0); font-family: arial, helvetica, sans-serif; \">.<\/span><br>\n<br>\n<span style=\"font-size:16px;\"><u><em><strong>Important<\/strong><\/em><\/u>: Press \"return\" after each solution so that each solution appears on a separate line.<\/span>&nbsp;<span style=\"font-size:16px;\"><br>\n<br><span style=\"color: rgb(0, 0, 0); font-family: arial, helvetica, sans-serif; \">Your responses so far:<\/span><\/span><br>\n<span style=\"color: rgb(0, 0, 0); font-family: arial, helvetica, sans-serif; font-size: 12px; \">${q:\/\/QID298\/ChoiceTextEntryValue}<\/span><br>\n<span style=\"color: rgb(0, 0, 0); font-family: arial, helvetica, sans-serif; font-size: 12px; \">${q:\/\/QID300\/ChoiceTextEntryValue}<\/span><br>\n<span style=\"color: rgb(0, 0, 0); font-family: arial, helvetica, sans-serif; font-size: 12px; \">${q:\/\/QID302\/ChoiceTextEntryValue}<\/span>","DataExportTag":"Q304","QuestionID":"QID304"}},{"SurveyID":"SV_4Vnvz8FyLLZKNsp","Element":"SQ","PrimaryAttribute":"QID333","SecondaryAttribute":"3 minutes have passed. Continue generating ideas for\u00a0ideas for\u00a0${e:\/\/Field\/task2}.Important: Pres.","TertiaryAttribute":null,"Payload":{"QuestionText":"<span style=\"font-size:16px;\"><span style=\"color: rgb(0, 0, 0); font-family: arial, helvetica, sans-serif; \">3 minutes have passed. Continue generating ideas for&nbsp;ideas for&nbsp;${e:\/\/Field\/task2}<\/span><\/span><span style=\"font-size: 16px; color: rgb(0, 0, 0); font-family: arial, helvetica, sans-serif; \">.<\/span><br \/>\n<br \/>\n<span style=\"font-size:16px;\"><u><em><strong>Important<\/strong><\/em><\/u>: Press &quot;return&quot; after each solution so that each idea appears on a separate line.<\/span>&nbsp;<br \/>\n<br \/>\n<span style=\"font-size:16px;\"><span style=\"color: rgb(0, 0, 0); font-family: arial, helvetica, sans-serif; \">Your responses so far:<\/span><\/span><br \/>\n<span style=\"color: rgb(0, 0, 0); font-family: arial, helvetica, sans-serif; font-size: 12px; \">${q:\/\/QID327\/ChoiceTextEntryValue}<\/span><br \/>\n<span style=\"color: rgb(0, 0, 0); font-family: arial, helvetica, sans-serif; font-size: 12px; \">${q:\/\/QID329\/ChoiceTextEntryValue}<\/span><br \/>\n<span style=\"color: rgb(0, 0, 0); font-family: arial, helvetica, sans-serif; font-size: 12px; \">${q:\/\/QID331\/ChoiceTextEntryValue}<\/span>","DefaultChoices":false,"QuestionType":"TE","Selector":"ESTB","Configuration":{"QuestionDescriptionOption":"UseText","InputWidth":650,"InputHeight":260,"AllowFreeResponse":"false"},"QuestionDescription":"3 minutes have passed. Continue generating ideas for\u00a0ideas for\u00a0${e:\/\/Field\/task2}.Important: Pres...","Validation":{"Settings":{"ForceResponse":"OFF","ForceResponseType":"ON","Type":"None"}},"GradingData":[],"Language":[],"DataVisibility":{"Private":false,"Hidden":false},"NextChoiceId":1,"NextAnswerId":1,"QuestionText_Unsafe":"<span style=\"font-size:16px;\"><span style=\"color: rgb(0, 0, 0); font-family: arial, helvetica, sans-serif; \">3 minutes have passed. Continue generating solutions <\/span><\/span><span style=\"font-size: 16px; color: rgb(0, 0, 0); font-family: arial, helvetica, sans-serif; \">to the problem&nbsp;of how your anti-cancer organization can&nbsp;<\/span><u style=\"font-size: 16px; color: rgb(0, 0, 0); font-family: arial, helvetica, sans-serif; \">increa<\/u><u style=\"font-size: 16px; color: rgb(0, 0, 0); font-family: arial, helvetica, sans-serif; \">se charitable donations from members of the surrounding community<\/u><span style=\"font-size: 16px; color: rgb(0, 0, 0); font-family: arial, helvetica, sans-serif; \">.<\/span><br>\n<br>\n<span style=\"font-size:16px;\"><u><em><strong>Important<\/strong><\/em><\/u>: Press \"return\" after each solution so that each solution appears on a separate line.<\/span>&nbsp;<span style=\"font-size:16px;\"><br>\n<br><span style=\"color: rgb(0, 0, 0); font-family: arial, helvetica, sans-serif; \">Your responses so far:<\/span><\/span><br>\n<span style=\"color: rgb(0, 0, 0); font-family: arial, helvetica, sans-serif; font-size: 12px; \">${q:\/\/QID327\/ChoiceTextEntryValue}<\/span><br>\n<span style=\"color: rgb(0, 0, 0); font-family: arial, helvetica, sans-serif; font-size: 12px; \">${q:\/\/QID329\/ChoiceTextEntryValue}<\/span><br>\n<span style=\"color: rgb(0, 0, 0); font-family: arial, helvetica, sans-serif; font-size: 12px; \">${q:\/\/QID331\/ChoiceTextEntryValue}<\/span>","DataExportTag":"Q333","QuestionID":"QID333"}},{"SurveyID":"SV_4Vnvz8FyLLZKNsp","Element":"QC","PrimaryAttribute":"Survey Question Count","SecondaryAttribute":"352","TertiaryAttribute":null,"Payload":null},{"SurveyID":"SV_4Vnvz8FyLLZKNsp","Element":"SQ","PrimaryAttribute":"QID306","SecondaryAttribute":"4 minutes have passed. Continue generating ideas for\u00a0${e:\/\/Field\/task1}.Important: Press \"return\"..","TertiaryAttribute":null,"Payload":{"QuestionText":"<span style=\"font-size:16px;\"><span style=\"color: rgb(0, 0, 0); font-family: arial, helvetica, sans-serif; \">4 minutes have passed. Continue generating ideas for&nbsp;${e:\/\/Field\/task1}<\/span><\/span><span style=\"font-size: 16px; color: rgb(0, 0, 0); font-family: arial, helvetica, sans-serif; \">.<\/span><br>\n<br>\n<span style=\"font-size:16px;\"><u><em><strong>Important<\/strong><\/em><\/u>: Press \"return\" after each solution so that each idea appears on a separate line.<\/span>&nbsp;<br>\n<br>\n<span style=\"font-size:16px;\"><span style=\"color: rgb(0, 0, 0); font-family: arial, helvetica, sans-serif; \">Your responses so far:<\/span><\/span><br>\n<span style=\"color: rgb(0, 0, 0); font-family: arial, helvetica, sans-serif; font-size: 12px; \">${q:\/\/QID298\/ChoiceTextEntryValue}<\/span><br>\n<span style=\"color: rgb(0, 0, 0); font-family: arial, helvetica, sans-serif; font-size: 12px; \">${q:\/\/QID300\/ChoiceTextEntryValue}<\/span><br>\n<span style=\"color: rgb(0, 0, 0); font-family: arial, helvetica, sans-serif; font-size: 12px; \">${q:\/\/QID302\/ChoiceTextEntryValue}<br>\n${q:\/\/QID304\/ChoiceTextEntryValue}<\/span>","DefaultChoices":false,"QuestionType":"TE","Selector":"ESTB","Configuration":{"QuestionDescriptionOption":"UseText","InputWidth":650,"InputHeight":260,"AllowFreeResponse":"false"},"QuestionDescription":"4 minutes have passed. Continue generating ideas for\u00a0${e:\/\/Field\/task1}.Important: Press \"return\"...","Validation":{"Settings":{"ForceResponse":"OFF","ForceResponseType":"ON","Type":"None"}},"GradingData":[],"Language":[],"DataVisibility":{"Private":false,"Hidden":false},"NextChoiceId":1,"NextAnswerId":1,"QuestionText_Unsafe":"<span style=\"font-size:16px;\"><span style=\"color: rgb(0, 0, 0); font-family: arial, helvetica, sans-serif; \">4 minutes have passed. Continue generating solutions <\/span><\/span><span style=\"font-size: 16px; color: rgb(0, 0, 0); font-family: arial, helvetica, sans-serif; \">to the problem&nbsp;of how your anti-cancer organization can&nbsp;<\/span><u style=\"font-size: 16px; color: rgb(0, 0, 0); font-family: arial, helvetica, sans-serif; \">increa<\/u><u style=\"font-size: 16px; color: rgb(0, 0, 0); font-family: arial, helvetica, sans-serif; \">se charitable donations from members of the surrounding community<\/u><span style=\"font-size: 16px; color: rgb(0, 0, 0); font-family: arial, helvetica, sans-serif; \">.<\/span><br>\n<br>\n<span style=\"font-size:16px;\"><u><em><strong>Important<\/strong><\/em><\/u>: Press \"return\" after each solution so that each solution appears on a separate line.<\/span>&nbsp;<span style=\"font-size:16px;\"><br>\n<br><span style=\"color: rgb(0, 0, 0); font-family: arial, helvetica, sans-serif; \">Your responses so far:<\/span><\/span><br>\n<span style=\"color: rgb(0, 0, 0); font-family: arial, helvetica, sans-serif; font-size: 12px; \">${q:\/\/QID298\/ChoiceTextEntryValue}<\/span><br>\n<span style=\"color: rgb(0, 0, 0); font-family: arial, helvetica, sans-serif; font-size: 12px; \">${q:\/\/QID300\/ChoiceTextEntryValue}<\/span><br>\n<span style=\"color: rgb(0, 0, 0); font-family: arial, helvetica, sans-serif; font-size: 12px; \">${q:\/\/QID302\/ChoiceTextEntryValue}<br>\n${q:\/\/QID304\/ChoiceTextEntryValue}<\/span>","DataExportTag":"Q306","QuestionID":"QID306"}},{"SurveyID":"SV_4Vnvz8FyLLZKNsp","Element":"SQ","PrimaryAttribute":"QID335","SecondaryAttribute":"4 minutes have passed. Continue generating ideas for\u00a0ideas for\u00a0${e:\/\/Field\/task2}.Important: Pres.","TertiaryAttribute":null,"Payload":{"QuestionText":"<span style=\"font-size:16px;\"><span style=\"color: rgb(0, 0, 0); font-family: arial, helvetica, sans-serif; \">4 minutes have passed. Continue generating ideas for&nbsp;ideas for&nbsp;${e:\/\/Field\/task2}<\/span><\/span><span style=\"font-size: 16px; color: rgb(0, 0, 0); font-family: arial, helvetica, sans-serif; \">.<\/span><br \/>\n<br \/>\n<span style=\"font-size:16px;\"><u><em><strong>Important<\/strong><\/em><\/u>: Press &quot;return&quot; after each solution so that each idea appears on a separate line.<\/span>&nbsp;<br \/>\n<br \/>\n<span style=\"font-size:16px;\"><span style=\"color: rgb(0, 0, 0); font-family: arial, helvetica, sans-serif; \">Your responses so far:<\/span><\/span><br \/>\n<span style=\"color: rgb(0, 0, 0); font-family: arial, helvetica, sans-serif; font-size: 12px; \">${q:\/\/QID327\/ChoiceTextEntryValue}<\/span><br \/>\n<span style=\"color: rgb(0, 0, 0); font-family: arial, helvetica, sans-serif; font-size: 12px; \">${q:\/\/QID329\/ChoiceTextEntryValue}<\/span><br \/>\n<span style=\"color: rgb(0, 0, 0); font-family: arial, helvetica, sans-serif; font-size: 12px; \">${q:\/\/QID331\/ChoiceTextEntryValue}<br \/>\n${q:\/\/QID333\/ChoiceTextEntryValue}<\/span>","DefaultChoices":false,"QuestionType":"TE","Selector":"ESTB","Configuration":{"QuestionDescriptionOption":"UseText","InputWidth":650,"InputHeight":260,"AllowFreeResponse":"false"},"QuestionDescription":"4 minutes have passed. Continue generating ideas for\u00a0ideas for\u00a0${e:\/\/Field\/task2}.Important: Pres...","Validation":{"Settings":{"ForceResponse":"OFF","ForceResponseType":"ON","Type":"None"}},"GradingData":[],"Language":[],"DataVisibility":{"Private":false,"Hidden":false},"NextChoiceId":1,"NextAnswerId":1,"QuestionText_Unsafe":"<span style=\"font-size:16px;\"><span style=\"color: rgb(0, 0, 0); font-family: arial, helvetica, sans-serif; \">4 minutes have passed. Continue generating solutions <\/span><\/span><span style=\"font-size: 16px; color: rgb(0, 0, 0); font-family: arial, helvetica, sans-serif; \">to the problem&nbsp;of how your anti-cancer organization can&nbsp;<\/span><u style=\"font-size: 16px; color: rgb(0, 0, 0); font-family: arial, helvetica, sans-serif; \">increa<\/u><u style=\"font-size: 16px; color: rgb(0, 0, 0); font-family: arial, helvetica, sans-serif; \">se charitable donations from members of the surrounding community<\/u><span style=\"font-size: 16px; color: rgb(0, 0, 0); font-family: arial, helvetica, sans-serif; \">.<\/span><br>\n<br>\n<span style=\"font-size:16px;\"><u><em><strong>Important<\/strong><\/em><\/u>: Press \"return\" after each solution so that each solution appears on a separate line.<\/span>&nbsp;<span style=\"font-size:16px;\"><br>\n<br><span style=\"color: rgb(0, 0, 0); font-family: arial, helvetica, sans-serif; \">Your responses so far:<\/span><\/span><br>\n<span style=\"color: rgb(0, 0, 0); font-family: arial, helvetica, sans-serif; font-size: 12px; \">${q:\/\/QID327\/ChoiceTextEntryValue}<\/span><br>\n<span style=\"color: rgb(0, 0, 0); font-family: arial, helvetica, sans-serif; font-size: 12px; \">${q:\/\/QID329\/ChoiceTextEntryValue}<\/span><br>\n<span style=\"color: rgb(0, 0, 0); font-family: arial, helvetica, sans-serif; font-size: 12px; \">${q:\/\/QID331\/ChoiceTextEntryValue}<br>\n${q:\/\/QID333\/ChoiceTextEntryValue}<\/span>","DataExportTag":"Q335","QuestionID":"QID335"}},{"SurveyID":"SV_4Vnvz8FyLLZKNsp","Element":"SQ","PrimaryAttribute":"QID295","SecondaryAttribute":"According to the past participants' data, what happened to people's actual creativity across the...","TertiaryAttribute":null,"Payload":{"QuestionText":"<span style=\"font-size:16px;\">According to the past participants&#39; data, what happened to people&#39;s <u><strong>actual creativity<\/strong><\/u> across the task?&nbsp;<\/span>","DataExportTag":"ck_mod","QuestionType":"MC","Selector":"SAVR","SubSelector":"TX","Configuration":{"QuestionDescriptionOption":"UseText"},"QuestionDescription":"According to the past participants' data, what happened to people's actual creativity across the...","Choices":{"1":{"Display":"People&#39;s ideas became <u><strong>more<\/strong><\/u> creative over time"},"2":{"Display":"People&#39;s ideas became <u><strong>less<\/strong><\/u> creative over time"},"3":{"Display":"The creativity of people&#39;s ideas <u><strong>did not change<\/strong><\/u>&nbsp;at all over time"}},"ChoiceOrder":["1","2","3"],"Validation":{"Settings":{"ForceResponse":"ON","ForceResponseType":"ON","Type":"None"}},"Language":[],"NextChoiceId":4,"NextAnswerId":1,"QuestionID":"QID295","DataVisibility":{"Private":false,"Hidden":false}}},{"SurveyID":"SV_4Vnvz8FyLLZKNsp","Element":"SQ","PrimaryAttribute":"QID322","SecondaryAttribute":"According to the past participants' data, what happened to people's actual creativity across the...","TertiaryAttribute":null,"Payload":{"QuestionText":"<span style=\"font-size:16px;\">According to the past participants&#39; data, what happened to people&#39;s <u><strong>actual creativity<\/strong><\/u> across the task?&nbsp;<\/span>","DataExportTag":"Q149","QuestionType":"MC","Selector":"SAVR","SubSelector":"TX","DataVisibility":{"Private":false,"Hidden":false},"Configuration":{"QuestionDescriptionOption":"UseText"},"QuestionDescription":"According to the past participants' data, what happened to people's actual creativity across the...","Choices":{"1":{"Display":"People&#39;s ideas became <u><strong>more<\/strong><\/u> creative over time"},"2":{"Display":"People&#39;s ideas became <u><strong>less<\/strong><\/u> creative over time"},"3":{"Display":"The creativity of people&#39;s ideas <u><strong>did not change<\/strong><\/u>&nbsp;at all over time"}},"ChoiceOrder":["1","2","3"],"Validation":{"Settings":{"ForceResponse":"ON","ForceResponseType":"ON","Type":"CustomValidation","CustomValidation":{"Logic":{"0":{"0":{"QuestionID":"QID322","QuestionIsInLoop":"no","ChoiceLocator":"q:\/\/QID322\/SelectableChoice\/2","Operator":"NotSelected","QuestionIDFromLocator":"QID322","LeftOperand":"q:\/\/QID322\/SelectableChoice\/2","Type":"Expression","LogicType":"Question","Description":"<span class=\"ConjDesc\">If<\/span> <span class=\"QuestionDesc\">According to the past participants' data, what happened to people's actual creativity across the...<\/span> <span class=\"LeftOpDesc\">People&amp;#39;s ideas became &lt;u&gt;&lt;strong&gt;less&lt;\/strong&gt;&lt;\/u&gt; creative over time<\/span> <span class=\"OpDesc\">Is Not Selected<\/span> "},"1":{"QuestionID":"QID322","QuestionIsInLoop":"no","ChoiceLocator":"q:\/\/QID322\/SelectableChoice\/3","Operator":"NotSelected","QuestionIDFromLocator":"QID322","LeftOperand":"q:\/\/QID322\/SelectableChoice\/3","Type":"Expression","LogicType":"Question","Description":"<span class=\"ConjDesc\">And<\/span> <span class=\"QuestionDesc\">According to the past participants' data, what happened to people's actual creativity across the...<\/span> <span class=\"LeftOpDesc\">The creativity of people&amp;#39;s ideas &lt;u&gt;&lt;strong&gt;did not change&lt;\/strong&gt;&lt;\/u&gt;&amp;nbsp;at all over time<\/span> <span class=\"OpDesc\">Is Not Selected<\/span> ","Conjuction":"And"},"Type":"If"},"Type":"BooleanExpression"},"Message":{"messageID":null,"subMessageID":"VE_VALIDATION_FAILED","libraryID":null,"description":"Validation Failed"}}}},"Language":[],"NextChoiceId":4,"NextAnswerId":1,"QuestionID":"QID322"}},{"SurveyID":"SV_4Vnvz8FyLLZKNsp","Element":"SQ","PrimaryAttribute":"QID228","SecondaryAttribute":"\u00a0 Idea Generation Task ${e:\/\/Field\/numchar}: Charitable Giving Imagine you work for a charity org..","TertiaryAttribute":null,"Payload":{"QuestionText":"<div style=\"text-align: center;\">&nbsp; <span style=\"font-size:19px;\">Idea Generation Task ${e:\/\/Field\/numchar}: Charitable Giving<\/span><\/div>\n<br \/>\n<br \/>\n<span style=\"font-size:16px;\">Imagine you work for a charity organization whose goal is to prevent and cure cancer. The organization is located in a suburb near a major city. Your organization&#39;s current goal is to think of ways to increase charitable donations from members of the surrounding community.<br \/>\n<br \/>\nYour task is to&nbsp;<u>generate solutions<\/u> to the problem of <u>how to increase charitable donations from members of the surrounding community<\/u>.<br \/>\n<br \/>\nYou will have <u>5 minutes<\/u> to work on this task. Please click the arrow to continue.&nbsp;<\/span>","DataExportTag":"Q231","QuestionType":"MC","Selector":"SAVR","SubSelector":"TX","Configuration":{"QuestionDescriptionOption":"UseText"},"QuestionDescription":"\u00a0 Idea Generation Task ${e:\/\/Field\/numchar}: Charitable Giving Imagine you work for a charity org...","Choices":[],"ChoiceOrder":[],"Validation":{"Settings":{"ForceResponse":"OFF","ForceResponseType":"ON","Type":"None"}},"Language":[],"QuestionID":"QID228","DataVisibility":{"Private":false,"Hidden":false},"NextChoiceId":1,"NextAnswerId":1}},{"SurveyID":"SV_4Vnvz8FyLLZKNsp","Element":"SQ","PrimaryAttribute":"QID297","SecondaryAttribute":"Before you begin the task, please read the below information about how past participants performe...","TertiaryAttribute":null,"Payload":{"QuestionText":"<span style=\"font-size:16px;\">Before you begin the task, please read the below information about how past participants performed on this type of task in a previous study. Then answer the question below.&nbsp;<\/span>","DefaultChoices":false,"DataExportTag":"Q125","QuestionType":"DB","Selector":"TB","Configuration":{"QuestionDescriptionOption":"UseText"},"QuestionDescription":"Before you begin the task, please read the below information about how past participants performe...","ChoiceOrder":[],"Validation":{"Settings":{"Type":"None"}},"GradingData":[],"Language":[],"NextChoiceId":4,"NextAnswerId":1,"QuestionID":"QID297","DataVisibility":{"Private":false,"Hidden":false}}},{"SurveyID":"SV_4Vnvz8FyLLZKNsp","Element":"RS","PrimaryAttribute":"RS_6gJNrdmgaC9AemF","SecondaryAttribute":"Default Response Set","TertiaryAttribute":null,"Payload":null},{"SurveyID":"SV_4Vnvz8FyLLZKNsp","Element":"SQ","PrimaryAttribute":"QID298","SecondaryAttribute":"Generate ideas for\u00a0${e:\/\/Field\/task1}.Important: Press \"return\" after each solution so that each...","TertiaryAttribute":null,"Payload":{"QuestionText":"<span style=\"font-size:16px;\"><span style=\"color: rgb(0, 0, 0); font-family: arial, helvetica, sans-serif; \">Generate ideas for&nbsp;${e:\/\/Field\/task1}.<\/span><\/span><br>\n<br>\n<span style=\"font-size:16px;\"><u><em><strong>Important<\/strong><\/em><\/u>: Press \"return\" after each solution so that each idea appears on a separate line.<\/span>&nbsp;","DefaultChoices":false,"QuestionType":"TE","Selector":"ESTB","Configuration":{"QuestionDescriptionOption":"UseText","InputWidth":650,"InputHeight":260,"AllowFreeResponse":"false"},"QuestionDescription":"Generate ideas for\u00a0${e:\/\/Field\/task1}.Important: Press \"return\" after each solution so that each...","Validation":{"Settings":{"ForceResponse":"OFF","ForceResponseType":"ON","Type":"None"}},"GradingData":[],"Language":[],"DataVisibility":{"Private":false,"Hidden":false},"NextChoiceId":1,"NextAnswerId":1,"QuestionText_Unsafe":"<span style=\"font-size:16px;\"><span style=\"color: rgb(0, 0, 0); font-family: arial, helvetica, sans-serif; \">Generate solutions to the problem of how your anti-cancer organization can&nbsp;<\/span><u style=\"color: rgb(0, 0, 0); font-family: arial, helvetica, sans-serif; \">increa<\/u><u style=\"color: rgb(0, 0, 0); font-family: arial, helvetica, sans-serif; \">se charitable donations from members of the surrounding community<\/u><span style=\"color: rgb(0, 0, 0); font-family: arial, helvetica, sans-serif; \">.<\/span><\/span><br>\n<br>\n<span style=\"font-size:16px;\"><u><em><strong>Important<\/strong><\/em><\/u>: Press \"return\" after each solution so that each solution appears on a separate line.<\/span>&nbsp;","DataExportTag":"Q298","QuestionID":"QID298"}},{"SurveyID":"SV_4Vnvz8FyLLZKNsp","Element":"SQ","PrimaryAttribute":"QID327","SecondaryAttribute":"Generate ideas for\u00a0ideas for\u00a0${e:\/\/Field\/task2}.Important: Press \"return\" after each solution so..","TertiaryAttribute":null,"Payload":{"QuestionText":"<span style=\"font-size:16px;\"><span style=\"color: rgb(0, 0, 0); font-family: arial, helvetica, sans-serif; \">Generate ideas for&nbsp;ideas for&nbsp;${e:\/\/Field\/task2}<\/span><\/span><span style=\"font-size: 16px; color: rgb(0, 0, 0); font-family: arial, helvetica, sans-serif; \">.<\/span><br>\n<br>\n<span style=\"font-size:16px;\"><u><em><strong>Important<\/strong><\/em><\/u>: Press \"return\" after each solution so that each idea appears on a separate line.<\/span>&nbsp;","DefaultChoices":false,"QuestionType":"TE","Selector":"ESTB","Configuration":{"QuestionDescriptionOption":"UseText","InputWidth":650,"InputHeight":260,"AllowFreeResponse":"false"},"QuestionDescription":"Generate ideas for\u00a0ideas for\u00a0${e:\/\/Field\/task2}.Important: Press \"return\" after each solution so...","Validation":{"Settings":{"ForceResponse":"OFF","ForceResponseType":"ON","Type":"None"}},"GradingData":[],"Language":[],"DataVisibility":{"Private":false,"Hidden":false},"NextChoiceId":1,"NextAnswerId":1,"QuestionText_Unsafe":"<span style=\"font-size:16px;\"><span style=\"color: rgb(0, 0, 0); font-family: arial, helvetica, sans-serif; \">Generate solutions to the problem of how your anti-cancer organization can&nbsp;<\/span><u style=\"color: rgb(0, 0, 0); font-family: arial, helvetica, sans-serif; \">increa<\/u><u style=\"color: rgb(0, 0, 0); font-family: arial, helvetica, sans-serif; \">se charitable donations from members of the surrounding community<\/u><span style=\"color: rgb(0, 0, 0); font-family: arial, helvetica, sans-serif; \">.<\/span><\/span><br \/>\n<br \/>\n<span style=\"font-size:16px;\"><u><em><strong>Important<\/strong><\/em><\/u>: Press &quot;return&quot; after each solution so that each solution appears on a separate line.<\/span>&nbsp;","DataExportTag":"Q327","QuestionID":"QID327"}},{"SurveyID":"SV_4Vnvz8FyLLZKNsp","Element":"SQ","PrimaryAttribute":"QID337","SecondaryAttribute":"Idea Generation & Creativity Study In this study you will complete two idea generation tasks, in...","TertiaryAttribute":null,"Payload":{"QuestionText":"<div style=\"text-align: center;\"><span style=\"font-size:19px;\">Idea Generation &amp; Creativity Study<\/span><\/div>\n<br \/>\n<span style=\"font-size:16px;\">In this study you will complete <u>two<\/u> idea generation tasks, in which you will generate creative ideas to help solve a workplace problem. The idea generation tasks are verys similar to one another, but each task will be about a different workplace problem. You will answer a few questions about each task.&nbsp;<br \/>\n<br \/>\nPlease click the arrow to begin the first idea generation task.<\/span><br \/>\n<br \/>\n&nbsp;","DefaultChoices":false,"DataExportTag":"Q164","QuestionType":"DB","Selector":"TB","Configuration":{"QuestionDescriptionOption":"UseText"},"QuestionDescription":"Idea Generation & Creativity Study In this study you will complete two idea generation tasks, in...","ChoiceOrder":[],"Validation":{"Settings":{"Type":"None"}},"GradingData":[],"Language":[],"NextChoiceId":4,"NextAnswerId":1,"QuestionID":"QID337","DataVisibility":{"Private":false,"Hidden":false}}},{"SurveyID":"SV_4Vnvz8FyLLZKNsp","Element":"SQ","PrimaryAttribute":"QID323","SecondaryAttribute":"Idea Generation Task ${e:\/\/Field\/numbook}: University Bookstore Imagine that a university booksto...","TertiaryAttribute":null,"Payload":{"QuestionText":"<div style=\"text-align: center;\"><span style=\"font-size:19px;\">Idea Generation Task ${e:\/\/Field\/numbook}: University Bookstore<\/span><\/div>\n<br \/>\n<br \/>\n<span style=\"font-size:16px;\">Imagine that a university bookstore is looking for creative ideas for an innovative product that it can sell to students on campus. Specifically, the bookstore is looking for ideas for products that will help roommates to get along better.&nbsp;<br \/>\n<br \/>\nYour task is to&nbsp;<u>generate ideas<\/u>&nbsp;for products that the university bookstore can sell that will <u>help roommates to get along better<\/u>.<br \/>\n<br \/>\nYou will have <u>5 minutes<\/u> to work on this task. Please click the arrow to continue.&nbsp;<\/span>","QuestionType":"MC","Selector":"SAVR","SubSelector":"TX","Configuration":{"QuestionDescriptionOption":"UseText"},"QuestionDescription":"Idea Generation Task ${e:\/\/Field\/numbook}: University Bookstore Imagine that a university booksto...","Choices":[],"ChoiceOrder":[],"Validation":{"Settings":{"ForceResponse":"OFF","ForceResponseType":"ON","Type":"None"}},"Language":[],"DataVisibility":{"Private":false,"Hidden":false},"NextChoiceId":1,"NextAnswerId":1,"QuestionText_Unsafe":"<div style=\"text-align: center;\">&nbsp; <span style=\"font-size:19px;\">Task: Charitable Giving Task<\/span><\/div>\n<br \/>\n<br \/>\n<span style=\"font-size:16px;\">Imagine you work for a charity organization whose goal is to prevent and cure cancer. The organization is located in a suburb near a major city. Your organization&#39;s current goal is to think of ways to increase charitable donations from members of the surrounding community.<br \/>\n<br \/>\nYour task is to&nbsp;<u>generate solutions<\/u> to the problem of <u>how to increase charitable donations from members of the surrounding community<\/u>.<br \/>\n<br \/>\nYou will have <u>5 minutes<\/u> to work on this task. Please click the arrow to continue.&nbsp;<\/span>","DataExportTag":"Q323","QuestionID":"QID323"}},{"SurveyID":"SV_4Vnvz8FyLLZKNsp","Element":"SQ","PrimaryAttribute":"QID234","SecondaryAttribute":"On the next page you will begin the\ntask. You will generate ideas for 5 minutes and there will be...","TertiaryAttribute":null,"Payload":{"QuestionText":"<span style=\"font-size:16px;\">On the next page you will begin the task. You will generate ideas for 5 minutes and there will be a textbox in which you can type your answers. The page will refresh each minute and it will automatically advance after the full 5 minutes.&nbsp;<\/span>\n<div>&nbsp;<\/div>\n\n<div><span style=\"font-size:16px;\">Click the arrow when you are ready to begin the task.<\/span><br>\n<\/div>","DefaultChoices":false,"DataExportTag":"Q61","QuestionID":"QID234","QuestionType":"DB","Selector":"TB","Configuration":{"QuestionDescriptionOption":"UseText"},"QuestionDescription":"On the next page you will begin the\ntask. You will generate ideas for 5 minutes and there will be...","ChoiceOrder":[],"Validation":{"Settings":{"Type":"None"}},"GradingData":[],"Language":[]}},{"SurveyID":"SV_4Vnvz8FyLLZKNsp","Element":"SQ","PrimaryAttribute":"QID326","SecondaryAttribute":"On the next page you will begin the\ntask. You will generate ideas for 5 minutes and there will be...","TertiaryAttribute":null,"Payload":{"QuestionText":"<span style=\"font-size:16px;\">On the next page you will begin the task. You will generate ideas for 5 minutes and there will be a textbox in which you can type your answers. The page will refresh each minute and it will automatically advance after the full 5 minutes.&nbsp;<\/span>\n<div>&nbsp;<\/div>\n\n<div><span style=\"font-size:16px;\">Click the arrow when you are ready to begin the task.<\/span><br>\n<\/div>","DefaultChoices":false,"QuestionType":"DB","Selector":"TB","Configuration":{"QuestionDescriptionOption":"UseText"},"QuestionDescription":"On the next page you will begin the\ntask. You will generate ideas for 5 minutes and there will be...","ChoiceOrder":[],"Validation":{"Settings":{"Type":"None"}},"GradingData":[],"Language":[],"QuestionText_Unsafe":"<span style=\"font-size:16px;\">On the next page you will begin the task. You will generate ideas for 5 minutes and there will be a textbox in which you can type your answers. The page will refresh each minute and it will automatically advance after the full 5 minutes.&nbsp;<\/span>\n<div>&nbsp;<\/div>\n\n<div><span style=\"font-size:16px;\">Click the arrow when you are ready to begin the task.<\/span><br>\n<\/div>","DataExportTag":"Q326","QuestionID":"QID326"}},{"SurveyID":"SV_4Vnvz8FyLLZKNsp","Element":"SQ","PrimaryAttribute":"QID227","SecondaryAttribute":"Timing","TertiaryAttribute":null,"Payload":{"QuestionText":"Timing","DefaultChoices":false,"DataExportTag":"Q229","QuestionType":"Timing","Selector":"PageTimer","Configuration":{"QuestionDescriptionOption":"UseText","MinSeconds":8,"MaxSeconds":"0"},"QuestionDescription":"Timing","Choices":{"1":{"Display":"First Click"},"2":{"Display":"Last Click"},"3":{"Display":"Page Submit"},"4":{"Display":"Click Count"}},"GradingData":[],"Language":[],"QuestionID":"QID227","DataVisibility":{"Private":false,"Hidden":false},"NextChoiceId":25,"NextAnswerId":1}},{"SurveyID":"SV_4Vnvz8FyLLZKNsp","Element":"SQ","PrimaryAttribute":"QID299","SecondaryAttribute":"Timing","TertiaryAttribute":null,"Payload":{"QuestionText":"Timing","DefaultChoices":false,"QuestionType":"Timing","Selector":"D","Configuration":{"QuestionDescriptionOption":"UseText","MaxSeconds":60,"CountDirection":"Decrementing","Seconds":240,"MinSeconds":60},"QuestionDescription":"Timing","Choices":{"1":{"Display":"First Click"},"2":{"Display":"Last Click"},"3":{"Display":"Page Submit"},"4":{"Display":"Click Count"}},"GradingData":[],"Language":[],"DataVisibility":{"Private":false,"Hidden":false},"NextChoiceId":501,"NextAnswerId":1,"QuestionText_Unsafe":"Timing","DataExportTag":"Q299","QuestionID":"QID299"}},{"SurveyID":"SV_4Vnvz8FyLLZKNsp","Element":"SQ","PrimaryAttribute":"QID301","SecondaryAttribute":"Timing","TertiaryAttribute":null,"Payload":{"QuestionText":"Timing","DefaultChoices":false,"QuestionType":"Timing","Selector":"D","Configuration":{"QuestionDescriptionOption":"UseText","MaxSeconds":60,"CountDirection":"Decrementing","Seconds":240,"MinSeconds":60},"QuestionDescription":"Timing","Choices":{"1":{"Display":"First Click"},"2":{"Display":"Last Click"},"3":{"Display":"Page Submit"},"4":{"Display":"Click Count"}},"GradingData":[],"Language":[],"DataVisibility":{"Private":false,"Hidden":false},"NextChoiceId":197,"NextAnswerId":1,"QuestionText_Unsafe":"Timing","DataExportTag":"Q301","QuestionID":"QID301"}},{"SurveyID":"SV_4Vnvz8FyLLZKNsp","Element":"SQ","PrimaryAttribute":"QID303","SecondaryAttribute":"Timing","TertiaryAttribute":null,"Payload":{"QuestionText":"Timing","DefaultChoices":false,"QuestionType":"Timing","Selector":"D","Configuration":{"QuestionDescriptionOption":"UseText","MaxSeconds":60,"CountDirection":"Decrementing","Seconds":240,"MinSeconds":60},"QuestionDescription":"Timing","Choices":{"1":{"Display":"First Click"},"2":{"Display":"Last Click"},"3":{"Display":"Page Submit"},"4":{"Display":"Click Count"}},"GradingData":[],"Language":[],"DataVisibility":{"Private":false,"Hidden":false},"NextChoiceId":221,"NextAnswerId":1,"QuestionText_Unsafe":"Timing","DataExportTag":"Q303","QuestionID":"QID303"}},{"SurveyID":"SV_4Vnvz8FyLLZKNsp","Element":"SQ","PrimaryAttribute":"QID305","SecondaryAttribute":"Timing","TertiaryAttribute":null,"Payload":{"QuestionText":"Timing","DefaultChoices":false,"QuestionType":"Timing","Selector":"D","Configuration":{"QuestionDescriptionOption":"UseText","MaxSeconds":60,"CountDirection":"Decrementing","Seconds":240,"MinSeconds":60},"QuestionDescription":"Timing","Choices":{"1":{"Display":"First Click"},"2":{"Display":"Last Click"},"3":{"Display":"Page Submit"},"4":{"Display":"Click Count"}},"GradingData":[],"Language":[],"DataVisibility":{"Private":false,"Hidden":false},"NextChoiceId":205,"NextAnswerId":1,"QuestionText_Unsafe":"Timing","DataExportTag":"Q305","QuestionID":"QID305"}},{"SurveyID":"SV_4Vnvz8FyLLZKNsp","Element":"SQ","PrimaryAttribute":"QID307","SecondaryAttribute":"Timing","TertiaryAttribute":null,"Payload":{"QuestionText":"Timing","DefaultChoices":false,"QuestionType":"Timing","Selector":"D","Configuration":{"QuestionDescriptionOption":"UseText","MaxSeconds":60,"CountDirection":"Decrementing","Seconds":240,"MinSeconds":60},"QuestionDescription":"Timing","Choices":{"1":{"Display":"First Click"},"2":{"Display":"Last Click"},"3":{"Display":"Page Submit"},"4":{"Display":"Click Count"}},"GradingData":[],"Language":[],"DataVisibility":{"Private":false,"Hidden":false},"NextChoiceId":293,"NextAnswerId":1,"QuestionText_Unsafe":"Timing","DataExportTag":"Q307","QuestionID":"QID307"}},{"SurveyID":"SV_4Vnvz8FyLLZKNsp","Element":"SQ","PrimaryAttribute":"QID324","SecondaryAttribute":"Timing","TertiaryAttribute":null,"Payload":{"QuestionText":"Timing","DefaultChoices":false,"QuestionType":"Timing","Selector":"PageTimer","Configuration":{"QuestionDescriptionOption":"UseText","MinSeconds":8,"MaxSeconds":"0"},"QuestionDescription":"Timing","Choices":{"1":{"Display":"First Click"},"2":{"Display":"Last Click"},"3":{"Display":"Page Submit"},"4":{"Display":"Click Count"}},"GradingData":[],"Language":[],"DataVisibility":{"Private":false,"Hidden":false},"NextChoiceId":25,"NextAnswerId":1,"QuestionText_Unsafe":"Timing","DataExportTag":"Q324","QuestionID":"QID324"}},{"SurveyID":"SV_4Vnvz8FyLLZKNsp","Element":"SQ","PrimaryAttribute":"QID328","SecondaryAttribute":"Timing","TertiaryAttribute":null,"Payload":{"QuestionText":"Timing","DefaultChoices":false,"QuestionType":"Timing","Selector":"D","Configuration":{"QuestionDescriptionOption":"UseText","MaxSeconds":60,"CountDirection":"Decrementing","Seconds":240,"MinSeconds":60},"QuestionDescription":"Timing","Choices":{"1":{"Display":"First Click"},"2":{"Display":"Last Click"},"3":{"Display":"Page Submit"},"4":{"Display":"Click Count"}},"GradingData":[],"Language":[],"DataVisibility":{"Private":false,"Hidden":false},"NextChoiceId":405,"NextAnswerId":1,"QuestionText_Unsafe":"Timing","DataExportTag":"Q328","QuestionID":"QID328"}},{"SurveyID":"SV_4Vnvz8FyLLZKNsp","Element":"SQ","PrimaryAttribute":"QID330","SecondaryAttribute":"Timing","TertiaryAttribute":null,"Payload":{"QuestionText":"Timing","DefaultChoices":false,"QuestionType":"Timing","Selector":"D","Configuration":{"QuestionDescriptionOption":"UseText","MaxSeconds":60,"CountDirection":"Decrementing","Seconds":240,"MinSeconds":60},"QuestionDescription":"Timing","Choices":{"1":{"Display":"First Click"},"2":{"Display":"Last Click"},"3":{"Display":"Page Submit"},"4":{"Display":"Click Count"}},"GradingData":[],"Language":[],"DataVisibility":{"Private":false,"Hidden":false},"NextChoiceId":197,"NextAnswerId":1,"QuestionText_Unsafe":"Timing","DataExportTag":"Q330","QuestionID":"QID330"}},{"SurveyID":"SV_4Vnvz8FyLLZKNsp","Element":"SQ","PrimaryAttribute":"QID332","SecondaryAttribute":"Timing","TertiaryAttribute":null,"Payload":{"QuestionText":"Timing","DefaultChoices":false,"QuestionType":"Timing","Selector":"D","Configuration":{"QuestionDescriptionOption":"UseText","MaxSeconds":60,"CountDirection":"Decrementing","Seconds":240,"MinSeconds":60},"QuestionDescription":"Timing","Choices":{"1":{"Display":"First Click"},"2":{"Display":"Last Click"},"3":{"Display":"Page Submit"},"4":{"Display":"Click Count"}},"GradingData":[],"Language":[],"DataVisibility":{"Private":false,"Hidden":false},"NextChoiceId":221,"NextAnswerId":1,"QuestionText_Unsafe":"Timing","DataExportTag":"Q332","QuestionID":"QID332"}},{"SurveyID":"SV_4Vnvz8FyLLZKNsp","Element":"SQ","PrimaryAttribute":"QID334","SecondaryAttribute":"Timing","TertiaryAttribute":null,"Payload":{"QuestionText":"Timing","DefaultChoices":false,"QuestionType":"Timing","Selector":"D","Configuration":{"QuestionDescriptionOption":"UseText","MaxSeconds":60,"CountDirection":"Decrementing","Seconds":240,"MinSeconds":60},"QuestionDescription":"Timing","Choices":{"1":{"Display":"First Click"},"2":{"Display":"Last Click"},"3":{"Display":"Page Submit"},"4":{"Display":"Click Count"}},"GradingData":[],"Language":[],"DataVisibility":{"Private":false,"Hidden":false},"NextChoiceId":205,"NextAnswerId":1,"QuestionText_Unsafe":"Timing","DataExportTag":"Q334","QuestionID":"QID334"}},{"SurveyID":"SV_4Vnvz8FyLLZKNsp","Element":"SQ","PrimaryAttribute":"QID336","SecondaryAttribute":"Timing","TertiaryAttribute":null,"Payload":{"QuestionText":"Timing","DefaultChoices":false,"QuestionType":"Timing","Selector":"D","Configuration":{"QuestionDescriptionOption":"UseText","MaxSeconds":60,"CountDirection":"Decrementing","Seconds":240,"MinSeconds":60},"QuestionDescription":"Timing","Choices":{"1":{"Display":"First Click"},"2":{"Display":"Last Click"},"3":{"Display":"Page Submit"},"4":{"Display":"Click Count"}},"GradingData":[],"Language":[],"DataVisibility":{"Private":false,"Hidden":false},"NextChoiceId":293,"NextAnswerId":1,"QuestionText_Unsafe":"Timing","DataExportTag":"Q336","QuestionID":"QID336"}},{"SurveyID":"SV_4Vnvz8FyLLZKNsp","Element":"SQ","PrimaryAttribute":"QID347","SecondaryAttribute":"Timing","TertiaryAttribute":null,"Payload":{"QuestionText":"Timing","DefaultChoices":false,"DataExportTag":"Q174","QuestionType":"Timing","Selector":"PageTimer","Configuration":{"QuestionDescriptionOption":"UseText","MinSeconds":"0","MaxSeconds":"0"},"QuestionDescription":"Timing","Choices":{"1":{"Display":"First Click"},"2":{"Display":"Last Click"},"3":{"Display":"Page Submit"},"4":{"Display":"Click Count"}},"GradingData":[],"Language":[],"NextChoiceId":16,"NextAnswerId":1,"QuestionID":"QID347"}},{"SurveyID":"SV_4Vnvz8FyLLZKNsp","Element":"SQ","PrimaryAttribute":"QID348","SecondaryAttribute":"Timing","TertiaryAttribute":null,"Payload":{"QuestionText":"Timing","DefaultChoices":false,"DataExportTag":"Q175","QuestionType":"Timing","Selector":"PageTimer","Configuration":{"QuestionDescriptionOption":"UseText","MinSeconds":"0","MaxSeconds":"0"},"QuestionDescription":"Timing","Choices":{"1":{"Display":"First Click"},"2":{"Display":"Last Click"},"3":{"Display":"Page Submit"},"4":{"Display":"Click Count"}},"GradingData":[],"Language":[],"NextChoiceId":16,"NextAnswerId":1,"QuestionID":"QID348"}},{"SurveyID":"SV_4Vnvz8FyLLZKNsp","Element":"SQ","PrimaryAttribute":"QID349","SecondaryAttribute":"Timing","TertiaryAttribute":null,"Payload":{"QuestionText":"Timing","DefaultChoices":false,"DataExportTag":"Q176","QuestionType":"Timing","Selector":"PageTimer","Configuration":{"QuestionDescriptionOption":"UseText","MinSeconds":"0","MaxSeconds":"0"},"QuestionDescription":"Timing","Choices":{"1":{"Display":"First Click"},"2":{"Display":"Last Click"},"3":{"Display":"Page Submit"},"4":{"Display":"Click Count"}},"GradingData":[],"Language":[],"NextChoiceId":16,"NextAnswerId":1,"QuestionID":"QID349"}},{"SurveyID":"SV_4Vnvz8FyLLZKNsp","Element":"SQ","PrimaryAttribute":"QID350","SecondaryAttribute":"Timing","TertiaryAttribute":null,"Payload":{"QuestionText":"Timing","DefaultChoices":false,"DataExportTag":"Q177","QuestionType":"Timing","Selector":"PageTimer","Configuration":{"QuestionDescriptionOption":"UseText","MinSeconds":"0","MaxSeconds":"0"},"QuestionDescription":"Timing","Choices":{"1":{"Display":"First Click"},"2":{"Display":"Last Click"},"3":{"Display":"Page Submit"},"4":{"Display":"Click Count"}},"GradingData":[],"Language":[],"NextChoiceId":16,"NextAnswerId":1,"QuestionID":"QID350"}},{"SurveyID":"SV_4Vnvz8FyLLZKNsp","Element":"SQ","PrimaryAttribute":"QID294","SecondaryAttribute":"When are people the most creative?\u00a0 The below graph shows the aggregated results of about 100 peo..","TertiaryAttribute":null,"Payload":{"QuestionText":"<div style=\"text-align: center;\"><strong><span style=\"font-size: 16px;\">When are people the most creative?&nbsp;<\/span><\/strong><\/div>\n<br>\n<span style=\"font-size:16px;\">The below graph shows the aggregated results of about 100 people who completed this type of task in an earlier study. Creativity was defined as the generation of ideas that are both novel and useful.&nbsp;<br>\n&nbsp; &nbsp;<\/span>\n\n<div style=\"text-align: center;\"><img height=\"295\" src=\"https:\/\/cornell.qualtrics.com\/CP\/Graphic.php?IM=IM_3xw04GUlHBAyjjf\" style=\"width: 450px; height: 295px;\" width=\"450\"><\/div>\n\n<div style=\"text-align: center;\">&nbsp;<\/div>\n\n<div style=\"text-align: left;\"><span style=\"font-size:16px;\">The <u><strong>black line<\/strong><\/u> shows people's <u><strong>actual creativity<\/strong><\/u>. The positive, upward&nbsp;sloping line shows that, on average, people's ideas became more creative over time. That is, the ideas they generated at the end were more creative than the ideas they generated at the beginning.<br>\n<br>\nThe <span style=\"color:#7f8c8d;\"><u><strong>gray line<\/strong><\/u><\/span> shows how creative people <span style=\"color:#7f8c8d;\"><u><strong>predicted<\/strong><\/u><\/span> they would be before they started the task. The negative, downward&nbsp;sloping line shows that, on average, people thought their ideas would become less creative over time.<br>\n<br>\nIn other words, <span style=\"color:#0000cc;\"><u><strong>people mispredicted their own creativity<\/strong><\/u><\/span>! On average, they predicted the ideas they&nbsp;generated at the end would be the least creative, but, in fact, those ideas were the most creative.&nbsp; &nbsp; &nbsp; <\/span><\/div>","DefaultChoices":false,"DataExportTag":"Q122","QuestionType":"DB","Selector":"TB","Configuration":{"QuestionDescriptionOption":"UseText"},"QuestionDescription":"When are people the most creative?\u00a0 The below graph shows the aggregated results of about 100 peo...","ChoiceOrder":[],"Validation":{"Settings":{"Type":"None"}},"GradingData":[],"Language":[],"NextChoiceId":4,"NextAnswerId":1,"QuestionID":"QID294","DataVisibility":{"Private":false,"Hidden":false}}},{"SurveyID":"SV_4Vnvz8FyLLZKNsp","Element":"SQ","PrimaryAttribute":"QID345","SecondaryAttribute":"When are people the most creative?\u00a0 The below graph shows the aggregated results of about 100 peo..","TertiaryAttribute":null,"Payload":{"QuestionText":"<div style=\"text-align: center;\"><strong><span style=\"font-size: 16px;\">When are people the most creative?&nbsp;<\/span><\/strong><\/div>\n<br>\n<span style=\"font-size:16px;\">The below graph shows the aggregated results of about 100 people who completed this type of task in an earlier study. Creativity was defined as the generation of ideas that are both novel and useful.&nbsp;<br>\n&nbsp; &nbsp;<\/span>\n\n<div style=\"text-align: center;\"><img height=\"295\" src=\"https:\/\/cornell.qualtrics.com\/CP\/Graphic.php?IM=IM_3xw04GUlHBAyjjf\" style=\"width: 450px; height: 295px;\" width=\"450\"><\/div>\n\n<div style=\"text-align: center;\">&nbsp;<\/div>\n\n<div style=\"text-align: left;\"><span style=\"font-size:16px;\">The <u><strong>black line<\/strong><\/u> shows people's <u><strong>actual creativity<\/strong><\/u>. The positive, upward&nbsp;sloping line shows that, on average, people's ideas became more creative over time. That is, the ideas they generated at the end were more creative than the ideas they generated at the beginning.<br>\n<br>\nThe <span style=\"color:#7f8c8d;\"><u><strong>gray line<\/strong><\/u><\/span> shows how creative people <span style=\"color:#7f8c8d;\"><u><strong>predicted<\/strong><\/u><\/span> they would be before they started the task. The negative, downward&nbsp;sloping line shows that, on average, people thought their ideas would become less creative over time.<br>\n<br>\nIn other words, <span style=\"color:#0000cc;\"><u><strong>people mispredicted their own creativity<\/strong><\/u><\/span>! On average, they predicted the ideas they&nbsp;generated at the end would be the least creative, but, in fact, those ideas were the most creative.&nbsp; &nbsp; &nbsp; <\/span><\/div>","DefaultChoices":false,"DataExportTag":"Q172","QuestionType":"DB","Selector":"TB","DataVisibility":{"Private":false,"Hidden":false},"Configuration":{"QuestionDescriptionOption":"UseText"},"QuestionDescription":"When are people the most creative?\u00a0 The below graph shows the aggregated results of about 100 peo...","ChoiceOrder":[],"Validation":{"Settings":{"Type":"None"}},"GradingData":[],"Language":[],"NextChoiceId":4,"NextAnswerId":1,"QuestionID":"QID345"}},{"SurveyID":"SV_4Vnvz8FyLLZKNsp","Element":"SQ","PrimaryAttribute":"QID344","SecondaryAttribute":"You have completed the first idea generation task. Please click the arrow to continue on to the s...","TertiaryAttribute":null,"Payload":{"QuestionText":"<span style=\"font-size:16px;\">You have completed the first idea generation task. Please click the arrow to continue on to the second task.&nbsp;<\/span>","DefaultChoices":false,"DataExportTag":"Q171","QuestionType":"DB","Selector":"TB","Configuration":{"QuestionDescriptionOption":"UseText"},"QuestionDescription":"You have completed the first idea generation task. Please click the arrow to continue on to the s...","ChoiceOrder":[],"Validation":{"Settings":{"Type":"None"}},"GradingData":[],"Language":[],"NextChoiceId":4,"NextAnswerId":1,"QuestionID":"QID344"}},{"SurveyID":"SV_4Vnvz8FyLLZKNsp","Element":"SQ","PrimaryAttribute":"QID271","SecondaryAttribute":"Your Creativity Over Time \u00a0 We want to know how creative you think your ideas will be throughout...","TertiaryAttribute":null,"Payload":{"QuestionText":"<div style=\"text-align: center;\"><span style=\"color: rgb(64, 64, 64); font-family: &quot;Qualtrics Grotesque&quot;, &quot;Helvetica Neue&quot;, Helvetica, Arial, sans-serif; font-size: medium;\">Your Creativity Over Time<\/span><\/div>\n\n<div>&nbsp;<\/div>\n\n<div><span style=\"color: rgb(64, 64, 64); font-family: &quot;Qualtrics Grotesque&quot;, &quot;Helvetica Neue&quot;, Helvetica, Arial, sans-serif; font-size: medium;\">We want to know how creative you think your ideas will be throughout the task. Will the creativity of your ideas increase, decrease, or stay the same across the task? By creative ideas, we mean ideas that are both novel and useful.&nbsp;<\/span><br>\n<br>\n<span style=\"font-size: medium;\">The diagram below depicts the&nbsp;time-course&nbsp;of this task in five 1-minute periods.&nbsp;<\/span><\/div>\n\n<div>\n<div><img src=\"https:\/\/kellogg.qualtrics.com\/CP\/Graphic.php?IM=IM_eKdVilOZKTgunbf\" style=\"width: 600px; height: 131px; \"><br>\n<br>\n<font size=\"3\">Below is a slider bar to represent each Period of the task. Move each slider bar to indicate how creative you think your ideas will be during each period.&nbsp;<\/font>\n\n<div>&nbsp;<\/div>\n\n<div><font size=\"3\">&nbsp;(-)50 = Not at all Creative<\/font><\/div>\n\n<div><font size=\"3\">&nbsp; &nbsp; &nbsp; &nbsp;0 = Moderately Creative<\/font><\/div>\n\n<div><font size=\"3\">(+)50 = Extremely Creative<\/font><\/div>\n\n<div><font size=\"3\">&nbsp;<\/font><\/div>\n<span style=\"font-size:16px;\">For example, if you think the creativity of your ideas will increase between Period 1 and Period 2, then your response on the Period 2 slider bar should be a value greater than your response on the Period 1 slider bar. Alternatively, if you think the creativity of your ideas will decrease between the same period, then your response on the Period 2 slider bar should be a value less than your response on the Period 1 slider bar. &nbsp;<\/span><br>\n<br>\n<span style=\"font-size:16px;\">Please use the slider bars to indicate how creative you think your responses will be across the task.<\/span><br>\n&nbsp;<\/div>\n<\/div>","DefaultChoices":false,"DataExportTag":"p_creat","QuestionType":"Slider","Selector":"HSLIDER","Configuration":{"QuestionDescriptionOption":"UseText","CSSliderMin":-50,"CSSliderMax":50,"GridLines":10,"SnapToGrid":false,"NumDecimals":"0","ShowValue":true,"CustomStart":true,"SliderStartPositions":{"1":0.5025773195876299670459275148459710180759429931640625,"2":0.5025773195876299670459275148459710180759429931640625,"3":0.494845360824740010396993739050230942666530609130859375,"4":0.497422680412369977442921253896201960742473602294921875,"5":0.5025773195876299670459275148459710180759429931640625},"NotApplicable":false,"CenterLabels":true,"MobileFirst":false},"QuestionDescription":"Your Creativity Over Time \u00a0 We want to know how creative you think your ideas will be throughout...","Choices":{"1":{"Display":"<strong>Period 1<\/strong> (start - 1 min)"},"2":{"Display":"<strong>Period 2<\/strong> (1 min - 2 mins)"},"3":{"Display":"<strong>Period 3<\/strong> (2 mins - 3 mins)"},"4":{"Display":"<strong>Period 4 <\/strong>(3 mins - 4 mins)"},"5":{"Display":"<strong>Period 5<\/strong> (4 mins - 5 mins)"}},"ChoiceOrder":["1","2","3","4","5"],"Validation":{"Settings":{"ForceResponse":"ON","ForceResponseType":"ON","Type":"None"}},"GradingData":[],"Language":[],"Labels":{"1":{"Display":"Not at all Creative"},"2":{"Display":"Moderately Creative"},"3":{"Display":"Extremely Creative"}},"QuestionID":"QID271","DataVisibility":{"Private":false,"Hidden":false},"NextChoiceId":6,"NextAnswerId":4}},{"SurveyID":"SV_4Vnvz8FyLLZKNsp","Element":"SQ","PrimaryAttribute":"QID325","SecondaryAttribute":"Your Idea Creativity Over Time \u00a0 We want to know how creative you think your ideas will be throug..","TertiaryAttribute":null,"Payload":{"QuestionText":"<div style=\"text-align: center;\"><span style=\"color: rgb(64, 64, 64); font-family: &quot;Qualtrics Grotesque&quot;, &quot;Helvetica Neue&quot;, Helvetica, Arial, sans-serif; font-size: medium;\">Your Idea Creativity Over Time<\/span><\/div>\n\n<div>&nbsp;<\/div>\n\n<div><span style=\"color: rgb(64, 64, 64); font-family: &quot;Qualtrics Grotesque&quot;, &quot;Helvetica Neue&quot;, Helvetica, Arial, sans-serif; font-size: medium;\">We want to know how creative you think your ideas will be throughout the task. Will the creativity of your ideas increase, decrease, or stay the same across the task? By creative ideas, we mean ideas that are both novel and useful.&nbsp;<\/span><br>\n<br>\n<span style=\"font-size: medium;\">The diagram below depicts the&nbsp;time-course&nbsp;of this task in five 1-minute periods.&nbsp;<\/span><\/div>\n\n<div>\n<div><img src=\"https:\/\/kellogg.qualtrics.com\/CP\/Graphic.php?IM=IM_eKdVilOZKTgunbf\" style=\"width: 600px; height: 131px; \"><br>\n<br>\n<font size=\"3\">Below is a slider bar to represent each Period of the task. Move each slider bar to indicate how creative you think your ideas will be during each period.&nbsp;<\/font>\n\n<div>&nbsp;<\/div>\n\n<div><font size=\"3\">&nbsp;(-)50 = Not at all Creative<\/font><\/div>\n\n<div><font size=\"3\">&nbsp; &nbsp; &nbsp; &nbsp;0 = Moderately Creative<\/font><\/div>\n\n<div><font size=\"3\">(+)50 = Extremely Creative<\/font><\/div>\n\n<div><font size=\"3\">&nbsp;<\/font><\/div>\n<span style=\"font-size:16px;\">For example, if you think the creativity of your ideas will increase between Period 1 and Period 2, then your response on the Period 2 slider bar should be a value greater than your response on the Period 1 slider bar. Alternatively, if you think the creativity of your ideas will decrease between the same period, then your response on the Period 2 slider bar should be a value less than your response on the Period 1 slider bar. &nbsp;<\/span><br>\n<br>\n<span style=\"font-size:16px;\">Please use the slider bars to indicate how creative you think your responses will be across the task.<\/span><br>\n&nbsp;<\/div>\n<\/div>","DefaultChoices":false,"QuestionType":"Slider","Selector":"HSLIDER","Configuration":{"QuestionDescriptionOption":"UseText","CSSliderMin":-50,"CSSliderMax":50,"GridLines":10,"SnapToGrid":false,"NumDecimals":"0","ShowValue":true,"CustomStart":true,"SliderStartPositions":{"1":0.5025773195876299670459275148459710180759429931640625,"2":0.5025773195876299670459275148459710180759429931640625,"3":0.494845360824740010396993739050230942666530609130859375,"4":0.497422680412369977442921253896201960742473602294921875,"5":0.5025773195876299670459275148459710180759429931640625},"NotApplicable":false,"CenterLabels":true,"MobileFirst":false},"QuestionDescription":"Your Idea Creativity Over Time \u00a0 We want to know how creative you think your ideas will be throug...","Choices":{"1":{"Display":"<strong>Period 1<\/strong> (start - 1 min)"},"2":{"Display":"<strong>Period 2<\/strong> (1 min - 2 mins)"},"3":{"Display":"<strong>Period 3<\/strong> (2 mins - 3 mins)"},"4":{"Display":"<strong>Period 4 <\/strong>(3 mins - 4 mins)"},"5":{"Display":"<strong>Period 5<\/strong> (4 mins - 5 mins)"}},"ChoiceOrder":["1","2","3","4","5"],"Validation":{"Settings":{"ForceResponse":"ON","ForceResponseType":"ON","Type":"None"}},"GradingData":[],"Language":[],"Labels":{"1":{"Display":"Not at all Creative"},"2":{"Display":"Moderately Creative"},"3":{"Display":"Extremely Creative"}},"DataVisibility":{"Private":false,"Hidden":false},"NextChoiceId":6,"NextAnswerId":4,"QuestionText_Unsafe":"<div style=\"text-align: center;\"><span style=\"color: rgb(64, 64, 64); font-family: &quot;Qualtrics Grotesque&quot;, &quot;Helvetica Neue&quot;, Helvetica, Arial, sans-serif; font-size: medium;\">Your Idea Creativity Over Time<\/span><\/div>\n\n<div>&nbsp;<\/div>\n\n<div><span style=\"color: rgb(64, 64, 64); font-family: &quot;Qualtrics Grotesque&quot;, &quot;Helvetica Neue&quot;, Helvetica, Arial, sans-serif; font-size: medium;\">We want to know how creative you think your ideas will be throughout the task. Will the creativity of your ideas increase, decrease, or stay the same across the task? By creative ideas, we mean ideas that are both novel and useful.&nbsp;<\/span><br>\n<br>\n<span style=\"font-size: medium;\">The diagram below depicts the&nbsp;time-course&nbsp;of this task in five 1-minute periods.&nbsp;<\/span><\/div>\n\n<div>\n<div><img src=\"https:\/\/kellogg.qualtrics.com\/CP\/Graphic.php?IM=IM_eKdVilOZKTgunbf\" style=\"width: 600px; height: 131px; \"><br>\n<br>\n<font size=\"3\">Below is a slider bar to represent each Period of the task. Move each slider bar to indicate how creative you think your ideas will be during each period.&nbsp;<\/font>\n\n<div>&nbsp;<\/div>\n\n<div><font size=\"3\">&nbsp;(-)50 = Not at all Creative<\/font><\/div>\n\n<div><font size=\"3\">&nbsp; &nbsp; &nbsp; &nbsp;0 = Moderately Creative<\/font><\/div>\n\n<div><font size=\"3\">(+)50 = Extremely Creative<\/font><\/div>\n\n<div><font size=\"3\">&nbsp;<\/font><\/div>\n<span style=\"font-size:16px;\">For example, if you think the creativity of your ideas will increase between Period 1 and Period 2, then your response on the Period 2 slider bar should be a value greater than your response on the Period 1 slider bar. Alternatively, if you think the creativity of your ideas will decrease between the same period, then your response on the Period 2 slider bar should be a value less than your response on the Period 1 slider bar. &nbsp;<\/span><br>\n<br>\n<span style=\"font-size:16px;\">Please use the slider bars to indicate how creative you think your responses will be across the task.<\/span><br>\n&nbsp;<\/div>\n<\/div>","DataExportTag":"Q325","QuestionID":"QID325"}},{"SurveyID":"SV_4Vnvz8FyLLZKNsp","Element":"SQ","PrimaryAttribute":"QID320","SecondaryAttribute":"Your response to the previous question was incorrect. Please re-read the information about past p...","TertiaryAttribute":null,"Payload":{"QuestionText":"<span style=\"font-size:16px;\">Your response to the previous question was incorrect. Please re-read the information about past participants&#39; performance and try again.&nbsp;<\/span>","DefaultChoices":false,"DataExportTag":"Q147","QuestionType":"DB","Selector":"TB","Configuration":{"QuestionDescriptionOption":"UseText"},"QuestionDescription":"Your response to the previous question was incorrect. Please re-read the information about past p...","ChoiceOrder":[],"Validation":{"Settings":{"Type":"None"}},"GradingData":[],"Language":[],"NextChoiceId":4,"NextAnswerId":1,"QuestionID":"QID320"}}]}